
Microsoft Visual Studio Solution File, Format Version 12.00
# Visual Studio Version 17
VisualStudioVersion = 17.11.0.0
MinimumVisualStudioVersion = 10.0.0.0
Project("{2150E333-8FDC-42A3-9474-1A3956D46DE8}") = "src", "src", "{06AA721C-94DC-41BA-BE8B-B56F20FEDF07}"
EndProject
Project("{FAE04EC0-301F-11D3-BF4B-00C04F79EFBC}") = "Foundgine.Core", "src\Foundgine.Core\Foundgine.Core.csproj", "{E9743C6B-6A2B-4084-B322-28938E0D610B}"
EndProject
Project("{FAE04EC0-301F-11D3-BF4B-00C04F79EFBC}") = "Foundgine.Providers.Aot.Generator", "src\Foundgine.Providers\Foundgine.Providers.Aot.Generator\Foundgine.Providers.Aot.Generator.csproj", "{719E698B-4227-4611-879E-A26D4C49214B}"
EndProject
Project("{FAE04EC0-301F-11D3-BF4B-00C04F79EFBC}") = "Foundgine.Extensions", "src\Foundgine.Extensions\Foundgine.Extensions.csproj", "{2449ECDD-6F8D-4649-8A71-0EEC9D751C78}"
EndProject
Project("{FAE04EC0-301F-11D3-BF4B-00C04F79EFBC}") = "Foundgine.Providers", "src\Foundgine.Providers\Foundgine.Providers.csproj", "{7B6FB220-0E53-4412-BF42-6B4E405FB9FB}"
EndProject
Project("{FAE04EC0-301F-11D3-BF4B-00C04F79EFBC}") = "Foundgine.Runtime", "src\Foundgine.Runtime\Foundgine.Runtime.csproj", "{5A6F6A4B-A7C5-4894-979C-EF4BE60D232B}"
EndProject
Project("{2150E333-8FDC-42A3-9474-1A3956D46DE8}") = "tests", "tests", "{E4A7251F-836E-4A2D-B5AC-92D4466758CE}"
EndProject
Project("{FAE04EC0-301F-11D3-BF4B-00C04F79EFBC}") = "Foundgine.Aot.Tests", "tests\Foundgine.Aot.Tests\Foundgine.Aot.Tests.csproj", "{739C9CE8-599D-4CF9-AF8D-0D7EF6A6ACF0}"
EndProject
Project("{FAE04EC0-301F-11D3-BF4B-00C04F79EFBC}") = "Foundgine.E2E.Tests", "tests\Foundgine.E2E.Tests\Foundgine.E2E.Tests.csproj", "{987E7645-8691-425A-9743-F282E27E53A1}"
EndProject
Project("{FAE04EC0-301F-11D3-BF4B-00C04F79EFBC}") = "Foundgine.GraphQL.HotChocolate.Tests", "tests\Foundgine.GraphQL.HotChocolate.Tests\Foundgine.GraphQL.HotChocolate.Tests.csproj", "{9B2EB65C-740E-42D2-9485-EBA196E0DB81}"
EndProject
Project("{FAE04EC0-301F-11D3-BF4B-00C04F79EFBC}") = "Foundgine.HighAssurance.Tests", "tests\Foundgine.HighAssurance.Tests\Foundgine.HighAssurance.Tests.csproj", "{4A4D276B-DB1C-4E3D-B06E-49D401E2170A}"
EndProject
Project("{FAE04EC0-301F-11D3-BF4B-00C04F79EFBC}") = "Foundgine.InMemory.Tests", "tests\Foundgine.InMemory.Tests\Foundgine.InMemory.Tests.csproj", "{F42F0B17-B71C-411C-A9BB-99F43EE4AAFF}"
EndProject
Project("{FAE04EC0-301F-11D3-BF4B-00C04F79EFBC}") = "Foundgine.Intent.Json.Tests", "tests\Foundgine.Intent.Json.Tests\Foundgine.Intent.Json.Tests.csproj", "{FDC6C81D-1917-476E-AA7E-2057BB5C9A90}"
EndProject
Project("{FAE04EC0-301F-11D3-BF4B-00C04F79EFBC}") = "Foundgine.MCP.Tests", "tests\Foundgine.MCP.Tests\Foundgine.MCP.Tests.csproj", "{4B8042BE-2E6E-45D6-85A9-562B6647CC0E}"
EndProject
Project("{FAE04EC0-301F-11D3-BF4B-00C04F79EFBC}") = "Foundgine.Planning.Tests", "tests\Foundgine.Planning.Tests\Foundgine.Planning.Tests.csproj", "{6309AFD4-2264-491D-BEC8-99EFBB4FC0A8}"
EndProject
Project("{FAE04EC0-301F-11D3-BF4B-00C04F79EFBC}") = "Foundgine.Postgres.Vector.Tests", "tests\Foundgine.Postgres.Vector.Tests\Foundgine.Postgres.Vector.Tests.csproj", "{D01D9B61-132D-403D-8AE3-E3E9702CA5E4}"
EndProject
Project("{FAE04EC0-301F-11D3-BF4B-00C04F79EFBC}") = "Foundgine.Security.Authority.Tests", "tests\Foundgine.Security.Authority.Tests\Foundgine.Security.Authority.Tests.csproj", "{A666BDB6-90F5-41E2-8E1C-9E3E5656CB00}"
EndProject
Project("{FAE04EC0-301F-11D3-BF4B-00C04F79EFBC}") = "Foundgine.Security.Tests", "tests\Foundgine.Security.Tests\Foundgine.Security.Tests.csproj", "{D82026FF-E46C-4735-BDAA-2EBE07D068A7}"
EndProject
Project("{FAE04EC0-301F-11D3-BF4B-00C04F79EFBC}") = "Foundgine.Semantics.Tests", "tests\Foundgine.Semantics.Tests\Foundgine.Semantics.Tests.csproj", "{6EC87502-122F-408D-B0E0-4E62C0D05EDE}"
EndProject
Project("{FAE04EC0-301F-11D3-BF4B-00C04F79EFBC}") = "Foundgine.Sql.Tests", "tests\Foundgine.Sql.Tests\Foundgine.Sql.Tests.csproj", "{FAC0C335-B260-4E38-919C-917949DBBA60}"
EndProject
Project("{2150E333-8FDC-42A3-9474-1A3956D46DE8}") = "samples", "samples", "{FD041907-FB9F-46D8-A6CA-2962A1237720}"
EndProject
Project("{FAE04EC0-301F-11D3-BF4B-00C04F79EFBC}") = "Foundgine.Agent.OpenAI", "samples\Foundgine.Agent.OpenAI\Foundgine.Agent.OpenAI.csproj", "{BD8E82D9-AB7F-4692-BEEA-5DD24C2451BA}"
EndProject
Project("{FAE04EC0-301F-11D3-BF4B-00C04F79EFBC}") = "Foundgine.CoffeeBeanery.ProductComposite", "samples\Foundgine.CoffeeBeanery.ProductComposite\Foundgine.CoffeeBeanery.ProductComposite.csproj", "{05E72DCC-479A-447F-9BFF-610C8FE6FFCE}"
EndProject
Project("{FAE04EC0-301F-11D3-BF4B-00C04F79EFBC}") = "Foundgine.HighAssurance.Banking", "samples\Foundgine.HighAssurance.Banking\Foundgine.HighAssurance.Banking.csproj", "{83178CAC-D72E-4B7F-B950-700067DEC866}"
EndProject
Project("{FAE04EC0-301F-11D3-BF4B-00C04F79EFBC}") = "Foundgine.HighAssurance.Postgres", "samples\Foundgine.HighAssurance.Postgres\Foundgine.HighAssurance.Postgres.csproj", "{44ACCC25-3883-4EBC-8735-249F758721C4}"
EndProject
Project("{FAE04EC0-301F-11D3-BF4B-00C04F79EFBC}") = "Agent", "samples\Foundgine.SupplyChain.EndToEnd\Agent\Agent.csproj", "{87B02FED-35CF-4EF0-9676-F9CB60EE6EAD}"
EndProject
Project("{FAE04EC0-301F-11D3-BF4B-00C04F79EFBC}") = "Database.Database", "samples\Foundgine.SupplyChain.EndToEnd\Database\Database.csproj", "{A716C721-36A5-43C9-9D71-936546981E89}"
EndProject
Project("{FAE04EC0-301F-11D3-BF4B-00C04F79EFBC}") = "MCP.Foundgine.MCP.Foundgine", "samples\Foundgine.SupplyChain.EndToEnd\MCP.Foundgine\MCP.Foundgine.csproj", "{74B7EC15-70B2-4F35-A8AB-5C0C301D71FA}"
EndProject
Project("{FAE04EC0-301F-11D3-BF4B-00C04F79EFBC}") = "Foundgine.SupplyChain.Semantic.Mcp.Api", "samples\Foundgine.SupplyChain.EndToEnd\Semantic\Api\Mcp\Foundgine.SupplyChain.Semantic.Mcp.Api.csproj", "{D6ED2309-D7F0-4A53-8673-864AA03843E0}"
EndProject
Project("{FAE04EC0-301F-11D3-BF4B-00C04F79EFBC}") = "Foundgine.SupplyChain.Semantic.Benchmarks", "samples\Foundgine.SupplyChain.EndToEnd\Semantic\Benchmarks\Foundgine.SupplyChain.Semantic.Benchmarks.csproj", "{E2E30C38-E98D-4078-8C20-CD4EE9F95D18}"
EndProject
Project("{FAE04EC0-301F-11D3-BF4B-00C04F79EFBC}") = "Foundgine.SupplyChain.Semantic", "samples\Foundgine.SupplyChain.EndToEnd\Semantic\Foundgine.SupplyChain.Semantic.csproj", "{E9D8B35B-FC2F-4ADB-8FD1-A2470369E835}"
EndProject
Project("{FAE04EC0-301F-11D3-BF4B-00C04F79EFBC}") = "Foundgine.SupplyChain.Semantic.Mcp.Client", "samples\Foundgine.SupplyChain.EndToEnd\Semantic\McpClient\Foundgine.SupplyChain.Semantic.Mcp.Client.csproj", "{B9162842-33D9-42ED-A606-4F4122D3D2F2}"
EndProject
Project("{FAE04EC0-301F-11D3-BF4B-00C04F79EFBC}") = "Foundgine.SupplyChain.Semantic.Tests", "samples\Foundgine.SupplyChain.EndToEnd\Semantic\Tests\Foundgine.SupplyChain.Semantic.Tests.csproj", "{63F69B8F-A4AD-4CA6-B79C-1E2D134161D4}"
EndProject
Project("{FAE04EC0-301F-11D3-BF4B-00C04F79EFBC}") = "Foundgine.SupplyChain.PenTest.Graph.Api", "samples\Foundgine.SupplyChain.PenTest\Api\GraphQL\Foundgine.SupplyChain.PenTest.Graph.Api.csproj", "{C0375928-44E4-450D-A449-A173A96C8BA8}"
EndProject
Project("{FAE04EC0-301F-11D3-BF4B-00C04F79EFBC}") = "Foundgine.SupplyChain.PenTest.Mcp.Api", "samples\Foundgine.SupplyChain.PenTest\Api\Mcp\Foundgine.SupplyChain.PenTest.Mcp.Api.csproj", "{DF153851-96BA-426B-B899-93B3C07DBC69}"
EndProject
Project("{FAE04EC0-301F-11D3-BF4B-00C04F79EFBC}") = "Foundgine.SupplyChain.PenTest.Tests", "samples\Foundgine.SupplyChain.PenTest\Tests\Foundgine.SupplyChain.PenTest.Tests.csproj", "{C211F9D6-2D37-4C86-A2A2-63BA982207E5}"
EndProject
Project("{FAE04EC0-301F-11D3-BF4B-00C04F79EFBC}") = "Foundgine.SupplyChain.Simple", "samples\Foundgine.SupplyChain.Simple\Foundgine.SupplyChain.Simple.csproj", "{AF6EB38A-2870-4840-A5D2-0ABFE00F5F61}"
EndProject
Project("{FAE04EC0-301F-11D3-BF4B-00C04F79EFBC}") = "Foundgine.SupplyChain.Api", "samples\Foundgine.SupplyChain\Api\Foundgine.SupplyChain.Api.csproj", "{65EDC354-B83A-4BE6-B81F-1A0C27B1BF95}"
EndProject
Project("{FAE04EC0-301F-11D3-BF4B-00C04F79EFBC}") = "Foundgine.SupplyChain.Application", "samples\Foundgine.SupplyChain\Application\Foundgine.SupplyChain.Application.csproj", "{5EC73AA4-B242-46AF-AE03-A808BAAE0039}"
EndProject
Project("{FAE04EC0-301F-11D3-BF4B-00C04F79EFBC}") = "Foundgine.SupplyChain.Domain", "samples\Foundgine.SupplyChain\Domain\Foundgine.SupplyChain.Domain.csproj", "{38844594-61CF-4283-AA74-7F17DCE8DDE6}"
EndProject
Project("{FAE04EC0-301F-11D3-BF4B-00C04F79EFBC}") = "Foundgine.SupplyChain.Infrastructure", "samples\Foundgine.SupplyChain\Infrastructure\Foundgine.SupplyChain.Infrastructure.csproj", "{B717278A-70FB-4248-99DA-387DA3A0E5ED}"
EndProject
Project("{FAE04EC0-301F-11D3-BF4B-00C04F79EFBC}") = "Foundgine.SupplyChain.Tests", "samples\Foundgine.SupplyChain\Tests\Foundgine.SupplyChain.Tests.csproj", "{A9B8785D-6206-4399-A320-BA9525DD8D63}"
EndProject
Project("{2150E333-8FDC-42A3-9474-1A3956D46DE8}") = "benchmarks", "benchmarks", "{C27C676F-4004-4B8B-8090-34DFBE24AB6F}"
EndProject
Project("{FAE04EC0-301F-11D3-BF4B-00C04F79EFBC}") = "Foundgine.AgentEndToEnd.Benchmark", "benchmarks\AgentEndToEnd\Foundgine.AgentEndToEnd.Benchmark.csproj", "{893EE637-E16B-451C-8A46-5BD43096101F}"
EndProject
Project("{FAE04EC0-301F-11D3-BF4B-00C04F79EFBC}") = "Foundgine.AgentEndToEnd.Run1", "benchmarks\AgentEndToEnd\Run1\Foundgine.AgentEndToEnd.Run1.csproj", "{E60A77A1-C4BB-497D-8031-A357099A4897}"
EndProject
Project("{FAE04EC0-301F-11D3-BF4B-00C04F79EFBC}") = "Foundgine.AgentEndToEnd", "benchmarks\AgentEndToEnd\Run2\Foundgine.AgentEndToEnd.csproj", "{628EBE36-B513-4F4B-9095-5188ABA5A287}"
EndProject
Project("{FAE04EC0-301F-11D3-BF4B-00C04F79EFBC}") = "Foundgine.AgentEndToEnd.Run3", "benchmarks\AgentEndToEnd\Run3\Foundgine.AgentEndToEnd.Run3.csproj", "{ACD6B15B-8AA9-4D34-9C12-7D2C2F8E002D}"
EndProject
Project("{FAE04EC0-301F-11D3-BF4B-00C04F79EFBC}") = "GraphQL.EF", "benchmarks\AgentEndToEnd\Run4\GraphQL.EF\GraphQL.EF.csproj", "{B92F13A0-7163-445F-BB9D-9C5273E5A366}"
EndProject
Project("{FAE04EC0-301F-11D3-BF4B-00C04F79EFBC}") = "MCP.Foundgine.Run4", "benchmarks\AgentEndToEnd\Run4\MCP.Foundgine\MCP.Foundgine.csproj", "{1AFC6A8F-2BA8-461B-A86C-185C210AB6CF}"
EndProject
Project("{FAE04EC0-301F-11D3-BF4B-00C04F79EFBC}") = "Runner.Runner", "benchmarks\AgentEndToEnd\Run4\Runner\Runner.csproj", "{60263B2F-C088-4044-9851-33B9E7260529}"
EndProject
Project("{FAE04EC0-301F-11D3-BF4B-00C04F79EFBC}") = "Database.Run5", "benchmarks\AgentEndToEnd\Run5\Database\Database.csproj", "{36F0F637-0460-410A-880E-E2045DE0C514}"
EndProject
Project("{FAE04EC0-301F-11D3-BF4B-00C04F79EFBC}") = "Foundgine.HighAssurance.EfCore.Run5", "benchmarks\AgentEndToEnd\Run5\EfCore\Foundgine.HighAssurance.EfCore.csproj", "{EB63F4C9-578D-4BBF-BCB3-1608EC6E6688}"
EndProject
Project("{FAE04EC0-301F-11D3-BF4B-00C04F79EFBC}") = "MCP.EfCore.Run5", "benchmarks\AgentEndToEnd\Run5\MCP.EfCore\MCP.EfCore.csproj", "{A07428F4-17BE-45A3-9948-85A19530AE09}"
EndProject
Project("{FAE04EC0-301F-11D3-BF4B-00C04F79EFBC}") = "MCP.Foundgine.Run5", "benchmarks\AgentEndToEnd\Run5\MCP.Foundgine\MCP.Foundgine.csproj", "{5A4DFC81-E15A-47B8-8C6E-3F505926994A}"
EndProject
Project("{FAE04EC0-301F-11D3-BF4B-00C04F79EFBC}") = "Runner.Run5", "benchmarks\AgentEndToEnd\Run5\Runner\Runner.csproj", "{BA83212D-017B-4DC7-97B2-D91AF9CE0282}"
EndProject
Project("{FAE04EC0-301F-11D3-BF4B-00C04F79EFBC}") = "Database.Run5SameClient", "benchmarks\AgentEndToEnd\Run5SameClient\Database\Database.csproj", "{E224C094-5AD5-425A-BF4A-276265F42166}"
EndProject
Project("{FAE04EC0-301F-11D3-BF4B-00C04F79EFBC}") = "Foundgine.HighAssurance.EfCore.Run5SameClient", "benchmarks\AgentEndToEnd\Run5SameClient\EfCore\Foundgine.HighAssurance.EfCore.csproj", "{15CC64FB-A2F7-4713-B274-2FE55B9AD692}"
EndProject
Project("{FAE04EC0-301F-11D3-BF4B-00C04F79EFBC}") = "MCP.EfCore.Run5SameClient", "benchmarks\AgentEndToEnd\Run5SameClient\MCP.EfCore\MCP.EfCore.csproj", "{772D12AF-A00E-4077-9130-6E955BCD4167}"
EndProject
Project("{FAE04EC0-301F-11D3-BF4B-00C04F79EFBC}") = "MCP.Foundgine.Run5SameClient", "benchmarks\AgentEndToEnd\Run5SameClient\MCP.Foundgine\MCP.Foundgine.csproj", "{BA15697B-4198-42AF-9F72-8F419427E71D}"
EndProject
Project("{FAE04EC0-301F-11D3-BF4B-00C04F79EFBC}") = "Runner.Run5SameClient", "benchmarks\AgentEndToEnd\Run5SameClient\Runner\Runner.csproj", "{508B8606-0CCE-4A8E-B6DB-4B8E51680CFB}"
EndProject
Project("{FAE04EC0-301F-11D3-BF4B-00C04F79EFBC}") = "CoffeeBeanery.Database", "benchmarks\CoffeeBeanery.Performance\CoffeeBeanery.Database\CoffeeBeanery.Database.csproj", "{B7A15B82-74A1-473D-948B-849756B066CD}"
EndProject
Project("{FAE04EC0-301F-11D3-BF4B-00C04F79EFBC}") = "CoffeeBeanery.LoadTest", "benchmarks\CoffeeBeanery.Performance\CoffeeBeanery.LoadTest\CoffeeBeanery.LoadTest.csproj", "{004B7FC1-E96E-474E-A7A5-F1A5959CA3D8}"
EndProject
Project("{FAE04EC0-301F-11D3-BF4B-00C04F79EFBC}") = "Foundgine.CoffeeBeanery.BenchmarkApi", "benchmarks\CoffeeBeanery.Performance\Foundgine.CoffeeBeanery.BenchmarkApi\Foundgine.CoffeeBeanery.BenchmarkApi.csproj", "{68A2C523-4F11-481D-9DB3-25B6DB984904}"
EndProject
Project("{FAE04EC0-301F-11D3-BF4B-00C04F79EFBC}") = "HotChocolate.CoffeeBeanery.BenchmarkApi", "benchmarks\CoffeeBeanery.Performance\HotChocolate.CoffeeBeanery.BenchmarkApi\HotChocolate.CoffeeBeanery.BenchmarkApi.csproj", "{D4A626EA-799B-4821-896E-0C41D2C1464F}"
EndProject
Global
	GlobalSection(SolutionConfigurationPlatforms) = preSolution
		Debug|Any CPU = Debug|Any CPU
		Release|Any CPU = Release|Any CPU
	EndGlobalSection
	GlobalSection(ProjectConfigurationPlatforms) = postSolution
		{E9743C6B-6A2B-4084-B322-28938E0D610B}.Debug|Any CPU.ActiveCfg = Debug|Any CPU
		{E9743C6B-6A2B-4084-B322-28938E0D610B}.Debug|Any CPU.Build.0 = Debug|Any CPU
		{E9743C6B-6A2B-4084-B322-28938E0D610B}.Release|Any CPU.ActiveCfg = Release|Any CPU
		{E9743C6B-6A2B-4084-B322-28938E0D610B}.Release|Any CPU.Build.0 = Release|Any CPU
		{719E698B-4227-4611-879E-A26D4C49214B}.Debug|Any CPU.ActiveCfg = Debug|Any CPU
		{719E698B-4227-4611-879E-A26D4C49214B}.Debug|Any CPU.Build.0 = Debug|Any CPU
		{719E698B-4227-4611-879E-A26D4C49214B}.Release|Any CPU.ActiveCfg = Release|Any CPU
		{719E698B-4227-4611-879E-A26D4C49214B}.Release|Any CPU.Build.0 = Release|Any CPU
		{2449ECDD-6F8D-4649-8A71-0EEC9D751C78}.Debug|Any CPU.ActiveCfg = Debug|Any CPU
		{2449ECDD-6F8D-4649-8A71-0EEC9D751C78}.Debug|Any CPU.Build.0 = Debug|Any CPU
		{2449ECDD-6F8D-4649-8A71-0EEC9D751C78}.Release|Any CPU.ActiveCfg = Release|Any CPU
		{2449ECDD-6F8D-4649-8A71-0EEC9D751C78}.Release|Any CPU.Build.0 = Release|Any CPU
		{7B6FB220-0E53-4412-BF42-6B4E405FB9FB}.Debug|Any CPU.ActiveCfg = Debug|Any CPU
		{7B6FB220-0E53-4412-BF42-6B4E405FB9FB}.Debug|Any CPU.Build.0 = Debug|Any CPU
		{7B6FB220-0E53-4412-BF42-6B4E405FB9FB}.Release|Any CPU.ActiveCfg = Release|Any CPU
		{7B6FB220-0E53-4412-BF42-6B4E405FB9FB}.Release|Any CPU.Build.0 = Release|Any CPU
		{5A6F6A4B-A7C5-4894-979C-EF4BE60D232B}.Debug|Any CPU.ActiveCfg = Debug|Any CPU
		{5A6F6A4B-A7C5-4894-979C-EF4BE60D232B}.Debug|Any CPU.Build.0 = Debug|Any CPU
		{5A6F6A4B-A7C5-4894-979C-EF4BE60D232B}.Release|Any CPU.ActiveCfg = Release|Any CPU
		{5A6F6A4B-A7C5-4894-979C-EF4BE60D232B}.Release|Any CPU.Build.0 = Release|Any CPU
		{739C9CE8-599D-4CF9-AF8D-0D7EF6A6ACF0}.Debug|Any CPU.ActiveCfg = Debug|Any CPU
		{739C9CE8-599D-4CF9-AF8D-0D7EF6A6ACF0}.Debug|Any CPU.Build.0 = Debug|Any CPU
		{739C9CE8-599D-4CF9-AF8D-0D7EF6A6ACF0}.Release|Any CPU.ActiveCfg = Release|Any CPU
		{739C9CE8-599D-4CF9-AF8D-0D7EF6A6ACF0}.Release|Any CPU.Build.0 = Release|Any CPU
		{987E7645-8691-425A-9743-F282E27E53A1}.Debug|Any CPU.ActiveCfg = Debug|Any CPU
		{987E7645-8691-425A-9743-F282E27E53A1}.Debug|Any CPU.Build.0 = Debug|Any CPU
		{987E7645-8691-425A-9743-F282E27E53A1}.Release|Any CPU.ActiveCfg = Release|Any CPU
		{987E7645-8691-425A-9743-F282E27E53A1}.Release|Any CPU.Build.0 = Release|Any CPU
		{9B2EB65C-740E-42D2-9485-EBA196E0DB81}.Debug|Any CPU.ActiveCfg = Debug|Any CPU
		{9B2EB65C-740E-42D2-9485-EBA196E0DB81}.Debug|Any CPU.Build.0 = Debug|Any CPU
		{9B2EB65C-740E-42D2-9485-EBA196E0DB81}.Release|Any CPU.ActiveCfg = Release|Any CPU
		{9B2EB65C-740E-42D2-9485-EBA196E0DB81}.Release|Any CPU.Build.0 = Release|Any CPU
		{4A4D276B-DB1C-4E3D-B06E-49D401E2170A}.Debug|Any CPU.ActiveCfg = Debug|Any CPU
		{4A4D276B-DB1C-4E3D-B06E-49D401E2170A}.Debug|Any CPU.Build.0 = Debug|Any CPU
		{4A4D276B-DB1C-4E3D-B06E-49D401E2170A}.Release|Any CPU.ActiveCfg = Release|Any CPU
		{4A4D276B-DB1C-4E3D-B06E-49D401E2170A}.Release|Any CPU.Build.0 = Release|Any CPU
		{F42F0B17-B71C-411C-A9BB-99F43EE4AAFF}.Debug|Any CPU.ActiveCfg = Debug|Any CPU
		{F42F0B17-B71C-411C-A9BB-99F43EE4AAFF}.Debug|Any CPU.Build.0 = Debug|Any CPU
		{F42F0B17-B71C-411C-A9BB-99F43EE4AAFF}.Release|Any CPU.ActiveCfg = Release|Any CPU
		{F42F0B17-B71C-411C-A9BB-99F43EE4AAFF}.Release|Any CPU.Build.0 = Release|Any CPU
		{FDC6C81D-1917-476E-AA7E-2057BB5C9A90}.Debug|Any CPU.ActiveCfg = Debug|Any CPU
		{FDC6C81D-1917-476E-AA7E-2057BB5C9A90}.Debug|Any CPU.Build.0 = Debug|Any CPU
		{FDC6C81D-1917-476E-AA7E-2057BB5C9A90}.Release|Any CPU.ActiveCfg = Release|Any CPU
		{FDC6C81D-1917-476E-AA7E-2057BB5C9A90}.Release|Any CPU.Build.0 = Release|Any CPU
		{4B8042BE-2E6E-45D6-85A9-562B6647CC0E}.Debug|Any CPU.ActiveCfg = Debug|Any CPU
		{4B8042BE-2E6E-45D6-85A9-562B6647CC0E}.Debug|Any CPU.Build.0 = Debug|Any CPU
		{4B8042BE-2E6E-45D6-85A9-562B6647CC0E}.Release|Any CPU.ActiveCfg = Release|Any CPU
		{4B8042BE-2E6E-45D6-85A9-562B6647CC0E}.Release|Any CPU.Build.0 = Release|Any CPU
		{6309AFD4-2264-491D-BEC8-99EFBB4FC0A8}.Debug|Any CPU.ActiveCfg = Debug|Any CPU
		{6309AFD4-2264-491D-BEC8-99EFBB4FC0A8}.Debug|Any CPU.Build.0 = Debug|Any CPU
		{6309AFD4-2264-491D-BEC8-99EFBB4FC0A8}.Release|Any CPU.ActiveCfg = Release|Any CPU
		{6309AFD4-2264-491D-BEC8-99EFBB4FC0A8}.Release|Any CPU.Build.0 = Release|Any CPU
		{D01D9B61-132D-403D-8AE3-E3E9702CA5E4}.Debug|Any CPU.ActiveCfg = Debug|Any CPU
		{D01D9B61-132D-403D-8AE3-E3E9702CA5E4}.Debug|Any CPU.Build.0 = Debug|Any CPU
		{D01D9B61-132D-403D-8AE3-E3E9702CA5E4}.Release|Any CPU.ActiveCfg = Release|Any CPU
		{D01D9B61-132D-403D-8AE3-E3E9702CA5E4}.Release|Any CPU.Build.0 = Release|Any CPU
		{A666BDB6-90F5-41E2-8E1C-9E3E5656CB00}.Debug|Any CPU.ActiveCfg = Debug|Any CPU
		{A666BDB6-90F5-41E2-8E1C-9E3E5656CB00}.Debug|Any CPU.Build.0 = Debug|Any CPU
		{A666BDB6-90F5-41E2-8E1C-9E3E5656CB00}.Release|Any CPU.ActiveCfg = Release|Any CPU
		{A666BDB6-90F5-41E2-8E1C-9E3E5656CB00}.Release|Any CPU.Build.0 = Release|Any CPU
		{D82026FF-E46C-4735-BDAA-2EBE07D068A7}.Debug|Any CPU.ActiveCfg = Debug|Any CPU
		{D82026FF-E46C-4735-BDAA-2EBE07D068A7}.Debug|Any CPU.Build.0 = Debug|Any CPU
		{D82026FF-E46C-4735-BDAA-2EBE07D068A7}.Release|Any CPU.ActiveCfg = Release|Any CPU
		{D82026FF-E46C-4735-BDAA-2EBE07D068A7}.Release|Any CPU.Build.0 = Release|Any CPU
		{6EC87502-122F-408D-B0E0-4E62C0D05EDE}.Debug|Any CPU.ActiveCfg = Debug|Any CPU
		{6EC87502-122F-408D-B0E0-4E62C0D05EDE}.Debug|Any CPU.Build.0 = Debug|Any CPU
		{6EC87502-122F-408D-B0E0-4E62C0D05EDE}.Release|Any CPU.ActiveCfg = Release|Any CPU
		{6EC87502-122F-408D-B0E0-4E62C0D05EDE}.Release|Any CPU.Build.0 = Release|Any CPU
		{FAC0C335-B260-4E38-919C-917949DBBA60}.Debug|Any CPU.ActiveCfg = Debug|Any CPU
		{FAC0C335-B260-4E38-919C-917949DBBA60}.Debug|Any CPU.Build.0 = Debug|Any CPU
		{FAC0C335-B260-4E38-919C-917949DBBA60}.Release|Any CPU.ActiveCfg = Release|Any CPU
		{FAC0C335-B260-4E38-919C-917949DBBA60}.Release|Any CPU.Build.0 = Release|Any CPU
		{BD8E82D9-AB7F-4692-BEEA-5DD24C2451BA}.Debug|Any CPU.ActiveCfg = Debug|Any CPU
		{BD8E82D9-AB7F-4692-BEEA-5DD24C2451BA}.Debug|Any CPU.Build.0 = Debug|Any CPU
		{BD8E82D9-AB7F-4692-BEEA-5DD24C2451BA}.Release|Any CPU.ActiveCfg = Release|Any CPU
		{BD8E82D9-AB7F-4692-BEEA-5DD24C2451BA}.Release|Any CPU.Build.0 = Release|Any CPU
		{05E72DCC-479A-447F-9BFF-610C8FE6FFCE}.Debug|Any CPU.ActiveCfg = Debug|Any CPU
		{05E72DCC-479A-447F-9BFF-610C8FE6FFCE}.Debug|Any CPU.Build.0 = Debug|Any CPU
		{05E72DCC-479A-447F-9BFF-610C8FE6FFCE}.Release|Any CPU.ActiveCfg = Release|Any CPU
		{05E72DCC-479A-447F-9BFF-610C8FE6FFCE}.Release|Any CPU.Build.0 = Release|Any CPU
		{83178CAC-D72E-4B7F-B950-700067DEC866}.Debug|Any CPU.ActiveCfg = Debug|Any CPU
		{83178CAC-D72E-4B7F-B950-700067DEC866}.Debug|Any CPU.Build.0 = Debug|Any CPU
		{83178CAC-D72E-4B7F-B950-700067DEC866}.Release|Any CPU.ActiveCfg = Release|Any CPU
		{83178CAC-D72E-4B7F-B950-700067DEC866}.Release|Any CPU.Build.0 = Release|Any CPU
		{44ACCC25-3883-4EBC-8735-249F758721C4}.Debug|Any CPU.ActiveCfg = Debug|Any CPU
		{44ACCC25-3883-4EBC-8735-249F758721C4}.Debug|Any CPU.Build.0 = Debug|Any CPU
		{44ACCC25-3883-4EBC-8735-249F758721C4}.Release|Any CPU.ActiveCfg = Release|Any CPU
		{44ACCC25-3883-4EBC-8735-249F758721C4}.Release|Any CPU.Build.0 = Release|Any CPU
		{87B02FED-35CF-4EF0-9676-F9CB60EE6EAD}.Debug|Any CPU.ActiveCfg = Debug|Any CPU
		{87B02FED-35CF-4EF0-9676-F9CB60EE6EAD}.Debug|Any CPU.Build.0 = Debug|Any CPU
		{87B02FED-35CF-4EF0-9676-F9CB60EE6EAD}.Release|Any CPU.ActiveCfg = Release|Any CPU
		{87B02FED-35CF-4EF0-9676-F9CB60EE6EAD}.Release|Any CPU.Build.0 = Release|Any CPU
		{A716C721-36A5-43C9-9D71-936546981E89}.Debug|Any CPU.ActiveCfg = Debug|Any CPU
		{A716C721-36A5-43C9-9D71-936546981E89}.Debug|Any CPU.Build.0 = Debug|Any CPU
		{A716C721-36A5-43C9-9D71-936546981E89}.Release|Any CPU.ActiveCfg = Release|Any CPU
		{A716C721-36A5-43C9-9D71-936546981E89}.Release|Any CPU.Build.0 = Release|Any CPU
		{74B7EC15-70B2-4F35-A8AB-5C0C301D71FA}.Debug|Any CPU.ActiveCfg = Debug|Any CPU
		{74B7EC15-70B2-4F35-A8AB-5C0C301D71FA}.Debug|Any CPU.Build.0 = Debug|Any CPU
		{74B7EC15-70B2-4F35-A8AB-5C0C301D71FA}.Release|Any CPU.ActiveCfg = Release|Any CPU
		{74B7EC15-70B2-4F35-A8AB-5C0C301D71FA}.Release|Any CPU.Build.0 = Release|Any CPU
		{D6ED2309-D7F0-4A53-8673-864AA03843E0}.Debug|Any CPU.ActiveCfg = Debug|Any CPU
		{D6ED2309-D7F0-4A53-8673-864AA03843E0}.Debug|Any CPU.Build.0 = Debug|Any CPU
		{D6ED2309-D7F0-4A53-8673-864AA03843E0}.Release|Any CPU.ActiveCfg = Release|Any CPU
		{D6ED2309-D7F0-4A53-8673-864AA03843E0}.Release|Any CPU.Build.0 = Release|Any CPU
		{E2E30C38-E98D-4078-8C20-CD4EE9F95D18}.Debug|Any CPU.ActiveCfg = Debug|Any CPU
		{E2E30C38-E98D-4078-8C20-CD4EE9F95D18}.Debug|Any CPU.Build.0 = Debug|Any CPU
		{E2E30C38-E98D-4078-8C20-CD4EE9F95D18}.Release|Any CPU.ActiveCfg = Release|Any CPU
		{E2E30C38-E98D-4078-8C20-CD4EE9F95D18}.Release|Any CPU.Build.0 = Release|Any CPU
		{E9D8B35B-FC2F-4ADB-8FD1-A2470369E835}.Debug|Any CPU.ActiveCfg = Debug|Any CPU
		{E9D8B35B-FC2F-4ADB-8FD1-A2470369E835}.Debug|Any CPU.Build.0 = Debug|Any CPU
		{E9D8B35B-FC2F-4ADB-8FD1-A2470369E835}.Release|Any CPU.ActiveCfg = Release|Any CPU
		{E9D8B35B-FC2F-4ADB-8FD1-A2470369E835}.Release|Any CPU.Build.0 = Release|Any CPU
		{B9162842-33D9-42ED-A606-4F4122D3D2F2}.Debug|Any CPU.ActiveCfg = Debug|Any CPU
		{B9162842-33D9-42ED-A606-4F4122D3D2F2}.Debug|Any CPU.Build.0 = Debug|Any CPU
		{B9162842-33D9-42ED-A606-4F4122D3D2F2}.Release|Any CPU.ActiveCfg = Release|Any CPU
		{B9162842-33D9-42ED-A606-4F4122D3D2F2}.Release|Any CPU.Build.0 = Release|Any CPU
		{63F69B8F-A4AD-4CA6-B79C-1E2D134161D4}.Debug|Any CPU.ActiveCfg = Debug|Any CPU
		{63F69B8F-A4AD-4CA6-B79C-1E2D134161D4}.Debug|Any CPU.Build.0 = Debug|Any CPU
		{63F69B8F-A4AD-4CA6-B79C-1E2D134161D4}.Release|Any CPU.ActiveCfg = Release|Any CPU
		{63F69B8F-A4AD-4CA6-B79C-1E2D134161D4}.Release|Any CPU.Build.0 = Release|Any CPU
		{C0375928-44E4-450D-A449-A173A96C8BA8}.Debug|Any CPU.ActiveCfg = Debug|Any CPU
		{C0375928-44E4-450D-A449-A173A96C8BA8}.Debug|Any CPU.Build.0 = Debug|Any CPU
		{C0375928-44E4-450D-A449-A173A96C8BA8}.Release|Any CPU.ActiveCfg = Release|Any CPU
		{C0375928-44E4-450D-A449-A173A96C8BA8}.Release|Any CPU.Build.0 = Release|Any CPU
		{DF153851-96BA-426B-B899-93B3C07DBC69}.Debug|Any CPU.ActiveCfg = Debug|Any CPU
		{DF153851-96BA-426B-B899-93B3C07DBC69}.Debug|Any CPU.Build.0 = Debug|Any CPU
		{DF153851-96BA-426B-B899-93B3C07DBC69}.Release|Any CPU.ActiveCfg = Release|Any CPU
		{DF153851-96BA-426B-B899-93B3C07DBC69}.Release|Any CPU.Build.0 = Release|Any CPU
		{C211F9D6-2D37-4C86-A2A2-63BA982207E5}.Debug|Any CPU.ActiveCfg = Debug|Any CPU
		{C211F9D6-2D37-4C86-A2A2-63BA982207E5}.Debug|Any CPU.Build.0 = Debug|Any CPU
		{C211F9D6-2D37-4C86-A2A2-63BA982207E5}.Release|Any CPU.ActiveCfg = Release|Any CPU
		{C211F9D6-2D37-4C86-A2A2-63BA982207E5}.Release|Any CPU.Build.0 = Release|Any CPU
		{AF6EB38A-2870-4840-A5D2-0ABFE00F5F61}.Debug|Any CPU.ActiveCfg = Debug|Any CPU
		{AF6EB38A-2870-4840-A5D2-0ABFE00F5F61}.Debug|Any CPU.Build.0 = Debug|Any CPU
		{AF6EB38A-2870-4840-A5D2-0ABFE00F5F61}.Release|Any CPU.ActiveCfg = Release|Any CPU
		{AF6EB38A-2870-4840-A5D2-0ABFE00F5F61}.Release|Any CPU.Build.0 = Release|Any CPU
		{65EDC354-B83A-4BE6-B81F-1A0C27B1BF95}.Debug|Any CPU.ActiveCfg = Debug|Any CPU
		{65EDC354-B83A-4BE6-B81F-1A0C27B1BF95}.Debug|Any CPU.Build.0 = Debug|Any CPU
		{65EDC354-B83A-4BE6-B81F-1A0C27B1BF95}.Release|Any CPU.ActiveCfg = Release|Any CPU
		{65EDC354-B83A-4BE6-B81F-1A0C27B1BF95}.Release|Any CPU.Build.0 = Release|Any CPU
		{5EC73AA4-B242-46AF-AE03-A808BAAE0039}.Debug|Any CPU.ActiveCfg = Debug|Any CPU
		{5EC73AA4-B242-46AF-AE03-A808BAAE0039}.Debug|Any CPU.Build.0 = Debug|Any CPU
		{5EC73AA4-B242-46AF-AE03-A808BAAE0039}.Release|Any CPU.ActiveCfg = Release|Any CPU
		{5EC73AA4-B242-46AF-AE03-A808BAAE0039}.Release|Any CPU.Build.0 = Release|Any CPU
		{38844594-61CF-4283-AA74-7F17DCE8DDE6}.Debug|Any CPU.ActiveCfg = Debug|Any CPU
		{38844594-61CF-4283-AA74-7F17DCE8DDE6}.Debug|Any CPU.Build.0 = Debug|Any CPU
		{38844594-61CF-4283-AA74-7F17DCE8DDE6}.Release|Any CPU.ActiveCfg = Release|Any CPU
		{38844594-61CF-4283-AA74-7F17DCE8DDE6}.Release|Any CPU.Build.0 = Release|Any CPU
		{B717278A-70FB-4248-99DA-387DA3A0E5ED}.Debug|Any CPU.ActiveCfg = Debug|Any CPU
		{B717278A-70FB-4248-99DA-387DA3A0E5ED}.Debug|Any CPU.Build.0 = Debug|Any CPU
		{B717278A-70FB-4248-99DA-387DA3A0E5ED}.Release|Any CPU.ActiveCfg = Release|Any CPU
		{B717278A-70FB-4248-99DA-387DA3A0E5ED}.Release|Any CPU.Build.0 = Release|Any CPU
		{A9B8785D-6206-4399-A320-BA9525DD8D63}.Debug|Any CPU.ActiveCfg = Debug|Any CPU
		{A9B8785D-6206-4399-A320-BA9525DD8D63}.Debug|Any CPU.Build.0 = Debug|Any CPU
		{A9B8785D-6206-4399-A320-BA9525DD8D63}.Release|Any CPU.ActiveCfg = Release|Any CPU
		{A9B8785D-6206-4399-A320-BA9525DD8D63}.Release|Any CPU.Build.0 = Release|Any CPU
		{893EE637-E16B-451C-8A46-5BD43096101F}.Debug|Any CPU.ActiveCfg = Debug|Any CPU
		{893EE637-E16B-451C-8A46-5BD43096101F}.Debug|Any CPU.Build.0 = Debug|Any CPU
		{893EE637-E16B-451C-8A46-5BD43096101F}.Release|Any CPU.ActiveCfg = Release|Any CPU
		{893EE637-E16B-451C-8A46-5BD43096101F}.Release|Any CPU.Build.0 = Release|Any CPU
		{E60A77A1-C4BB-497D-8031-A357099A4897}.Debug|Any CPU.ActiveCfg = Debug|Any CPU
		{E60A77A1-C4BB-497D-8031-A357099A4897}.Debug|Any CPU.Build.0 = Debug|Any CPU
		{E60A77A1-C4BB-497D-8031-A357099A4897}.Release|Any CPU.ActiveCfg = Release|Any CPU
		{E60A77A1-C4BB-497D-8031-A357099A4897}.Release|Any CPU.Build.0 = Release|Any CPU
		{628EBE36-B513-4F4B-9095-5188ABA5A287}.Debug|Any CPU.ActiveCfg = Debug|Any CPU
		{628EBE36-B513-4F4B-9095-5188ABA5A287}.Debug|Any CPU.Build.0 = Debug|Any CPU
		{628EBE36-B513-4F4B-9095-5188ABA5A287}.Release|Any CPU.ActiveCfg = Release|Any CPU
		{628EBE36-B513-4F4B-9095-5188ABA5A287}.Release|Any CPU.Build.0 = Release|Any CPU
		{ACD6B15B-8AA9-4D34-9C12-7D2C2F8E002D}.Debug|Any CPU.ActiveCfg = Debug|Any CPU
		{ACD6B15B-8AA9-4D34-9C12-7D2C2F8E002D}.Debug|Any CPU.Build.0 = Debug|Any CPU
		{ACD6B15B-8AA9-4D34-9C12-7D2C2F8E002D}.Release|Any CPU.ActiveCfg = Release|Any CPU
		{ACD6B15B-8AA9-4D34-9C12-7D2C2F8E002D}.Release|Any CPU.Build.0 = Release|Any CPU
		{B92F13A0-7163-445F-BB9D-9C5273E5A366}.Debug|Any CPU.ActiveCfg = Debug|Any CPU
		{B92F13A0-7163-445F-BB9D-9C5273E5A366}.Debug|Any CPU.Build.0 = Debug|Any CPU
		{B92F13A0-7163-445F-BB9D-9C5273E5A366}.Release|Any CPU.ActiveCfg = Release|Any CPU
		{B92F13A0-7163-445F-BB9D-9C5273E5A366}.Release|Any CPU.Build.0 = Release|Any CPU
		{1AFC6A8F-2BA8-461B-A86C-185C210AB6CF}.Debug|Any CPU.ActiveCfg = Debug|Any CPU
		{1AFC6A8F-2BA8-461B-A86C-185C210AB6CF}.Debug|Any CPU.Build.0 = Debug|Any CPU
		{1AFC6A8F-2BA8-461B-A86C-185C210AB6CF}.Release|Any CPU.ActiveCfg = Release|Any CPU
		{1AFC6A8F-2BA8-461B-A86C-185C210AB6CF}.Release|Any CPU.Build.0 = Release|Any CPU
		{60263B2F-C088-4044-9851-33B9E7260529}.Debug|Any CPU.ActiveCfg = Debug|Any CPU
		{60263B2F-C088-4044-9851-33B9E7260529}.Debug|Any CPU.Build.0 = Debug|Any CPU
		{60263B2F-C088-4044-9851-33B9E7260529}.Release|Any CPU.ActiveCfg = Release|Any CPU
		{60263B2F-C088-4044-9851-33B9E7260529}.Release|Any CPU.Build.0 = Release|Any CPU
		{36F0F637-0460-410A-880E-E2045DE0C514}.Debug|Any CPU.ActiveCfg = Debug|Any CPU
		{36F0F637-0460-410A-880E-E2045DE0C514}.Debug|Any CPU.Build.0 = Debug|Any CPU
		{36F0F637-0460-410A-880E-E2045DE0C514}.Release|Any CPU.ActiveCfg = Release|Any CPU
		{36F0F637-0460-410A-880E-E2045DE0C514}.Release|Any CPU.Build.0 = Release|Any CPU
		{EB63F4C9-578D-4BBF-BCB3-1608EC6E6688}.Debug|Any CPU.ActiveCfg = Debug|Any CPU
		{EB63F4C9-578D-4BBF-BCB3-1608EC6E6688}.Debug|Any CPU.Build.0 = Debug|Any CPU
		{EB63F4C9-578D-4BBF-BCB3-1608EC6E6688}.Release|Any CPU.ActiveCfg = Release|Any CPU
		{EB63F4C9-578D-4BBF-BCB3-1608EC6E6688}.Release|Any CPU.Build.0 = Release|Any CPU
		{A07428F4-17BE-45A3-9948-85A19530AE09}.Debug|Any CPU.ActiveCfg = Debug|Any CPU
		{A07428F4-17BE-45A3-9948-85A19530AE09}.Debug|Any CPU.Build.0 = Debug|Any CPU
		{A07428F4-17BE-45A3-9948-85A19530AE09}.Release|Any CPU.ActiveCfg = Release|Any CPU
		{A07428F4-17BE-45A3-9948-85A19530AE09}.Release|Any CPU.Build.0 = Release|Any CPU
		{5A4DFC81-E15A-47B8-8C6E-3F505926994A}.Debug|Any CPU.ActiveCfg = Debug|Any CPU
		{5A4DFC81-E15A-47B8-8C6E-3F505926994A}.Debug|Any CPU.Build.0 = Debug|Any CPU
		{5A4DFC81-E15A-47B8-8C6E-3F505926994A}.Release|Any CPU.ActiveCfg = Release|Any CPU
		{5A4DFC81-E15A-47B8-8C6E-3F505926994A}.Release|Any CPU.Build.0 = Release|Any CPU
		{BA83212D-017B-4DC7-97B2-D91AF9CE0282}.Debug|Any CPU.ActiveCfg = Debug|Any CPU
		{BA83212D-017B-4DC7-97B2-D91AF9CE0282}.Debug|Any CPU.Build.0 = Debug|Any CPU
		{BA83212D-017B-4DC7-97B2-D91AF9CE0282}.Release|Any CPU.ActiveCfg = Release|Any CPU
		{BA83212D-017B-4DC7-97B2-D91AF9CE0282}.Release|Any CPU.Build.0 = Release|Any CPU
		{E224C094-5AD5-425A-BF4A-276265F42166}.Debug|Any CPU.ActiveCfg = Debug|Any CPU
		{E224C094-5AD5-425A-BF4A-276265F42166}.Debug|Any CPU.Build.0 = Debug|Any CPU
		{E224C094-5AD5-425A-BF4A-276265F42166}.Release|Any CPU.ActiveCfg = Release|Any CPU
		{E224C094-5AD5-425A-BF4A-276265F42166}.Release|Any CPU.Build.0 = Release|Any CPU
		{15CC64FB-A2F7-4713-B274-2FE55B9AD692}.Debug|Any CPU.ActiveCfg = Debug|Any CPU
		{15CC64FB-A2F7-4713-B274-2FE55B9AD692}.Debug|Any CPU.Build.0 = Debug|Any CPU
		{15CC64FB-A2F7-4713-B274-2FE55B9AD692}.Release|Any CPU.ActiveCfg = Release|Any CPU
		{15CC64FB-A2F7-4713-B274-2FE55B9AD692}.Release|Any CPU.Build.0 = Release|Any CPU
		{772D12AF-A00E-4077-9130-6E955BCD4167}.Debug|Any CPU.ActiveCfg = Debug|Any CPU
		{772D12AF-A00E-4077-9130-6E955BCD4167}.Debug|Any CPU.Build.0 = Debug|Any CPU
		{772D12AF-A00E-4077-9130-6E955BCD4167}.Release|Any CPU.ActiveCfg = Release|Any CPU
		{772D12AF-A00E-4077-9130-6E955BCD4167}.Release|Any CPU.Build.0 = Release|Any CPU
		{BA15697B-4198-42AF-9F72-8F419427E71D}.Debug|Any CPU.ActiveCfg = Debug|Any CPU
		{BA15697B-4198-42AF-9F72-8F419427E71D}.Debug|Any CPU.Build.0 = Debug|Any CPU
		{BA15697B-4198-42AF-9F72-8F419427E71D}.Release|Any CPU.ActiveCfg = Release|Any CPU
		{BA15697B-4198-42AF-9F72-8F419427E71D}.Release|Any CPU.Build.0 = Release|Any CPU
		{508B8606-0CCE-4A8E-B6DB-4B8E51680CFB}.Debug|Any CPU.ActiveCfg = Debug|Any CPU
		{508B8606-0CCE-4A8E-B6DB-4B8E51680CFB}.Debug|Any CPU.Build.0 = Debug|Any CPU
		{508B8606-0CCE-4A8E-B6DB-4B8E51680CFB}.Release|Any CPU.ActiveCfg = Release|Any CPU
		{508B8606-0CCE-4A8E-B6DB-4B8E51680CFB}.Release|Any CPU.Build.0 = Release|Any CPU
		{B7A15B82-74A1-473D-948B-849756B066CD}.Debug|Any CPU.ActiveCfg = Debug|Any CPU
		{B7A15B82-74A1-473D-948B-849756B066CD}.Debug|Any CPU.Build.0 = Debug|Any CPU
		{B7A15B82-74A1-473D-948B-849756B066CD}.Release|Any CPU.ActiveCfg = Release|Any CPU
		{B7A15B82-74A1-473D-948B-849756B066CD}.Release|Any CPU.Build.0 = Release|Any CPU
		{004B7FC1-E96E-474E-A7A5-F1A5959CA3D8}.Debug|Any CPU.ActiveCfg = Debug|Any CPU
		{004B7FC1-E96E-474E-A7A5-F1A5959CA3D8}.Debug|Any CPU.Build.0 = Debug|Any CPU
		{004B7FC1-E96E-474E-A7A5-F1A5959CA3D8}.Release|Any CPU.ActiveCfg = Release|Any CPU
		{004B7FC1-E96E-474E-A7A5-F1A5959CA3D8}.Release|Any CPU.Build.0 = Release|Any CPU
		{68A2C523-4F11-481D-9DB3-25B6DB984904}.Debug|Any CPU.ActiveCfg = Debug|Any CPU
		{68A2C523-4F11-481D-9DB3-25B6DB984904}.Debug|Any CPU.Build.0 = Debug|Any CPU
		{68A2C523-4F11-481D-9DB3-25B6DB984904}.Release|Any CPU.ActiveCfg = Release|Any CPU
		{68A2C523-4F11-481D-9DB3-25B6DB984904}.Release|Any CPU.Build.0 = Release|Any CPU
		{D4A626EA-799B-4821-896E-0C41D2C1464F}.Debug|Any CPU.ActiveCfg = Debug|Any CPU
		{D4A626EA-799B-4821-896E-0C41D2C1464F}.Debug|Any CPU.Build.0 = Debug|Any CPU
		{D4A626EA-799B-4821-896E-0C41D2C1464F}.Release|Any CPU.ActiveCfg = Release|Any CPU
		{D4A626EA-799B-4821-896E-0C41D2C1464F}.Release|Any CPU.Build.0 = Release|Any CPU
	EndGlobalSection
	GlobalSection(SolutionProperties) = preSolution
		HideSolutionNode = FALSE
	EndGlobalSection
	GlobalSection(NestedProjects) = preSolution
		{E9743C6B-6A2B-4084-B322-28938E0D610B} = {06AA721C-94DC-41BA-BE8B-B56F20FEDF07}
		{719E698B-4227-4611-879E-A26D4C49214B} = {06AA721C-94DC-41BA-BE8B-B56F20FEDF07}
		{2449ECDD-6F8D-4649-8A71-0EEC9D751C78} = {06AA721C-94DC-41BA-BE8B-B56F20FEDF07}
		{7B6FB220-0E53-4412-BF42-6B4E405FB9FB} = {06AA721C-94DC-41BA-BE8B-B56F20FEDF07}
		{5A6F6A4B-A7C5-4894-979C-EF4BE60D232B} = {06AA721C-94DC-41BA-BE8B-B56F20FEDF07}
		{739C9CE8-599D-4CF9-AF8D-0D7EF6A6ACF0} = {E4A7251F-836E-4A2D-B5AC-92D4466758CE}
		{987E7645-8691-425A-9743-F282E27E53A1} = {E4A7251F-836E-4A2D-B5AC-92D4466758CE}
		{9B2EB65C-740E-42D2-9485-EBA196E0DB81} = {E4A7251F-836E-4A2D-B5AC-92D4466758CE}
		{4A4D276B-DB1C-4E3D-B06E-49D401E2170A} = {E4A7251F-836E-4A2D-B5AC-92D4466758CE}
		{F42F0B17-B71C-411C-A9BB-99F43EE4AAFF} = {E4A7251F-836E-4A2D-B5AC-92D4466758CE}
		{FDC6C81D-1917-476E-AA7E-2057BB5C9A90} = {E4A7251F-836E-4A2D-B5AC-92D4466758CE}
		{4B8042BE-2E6E-45D6-85A9-562B6647CC0E} = {E4A7251F-836E-4A2D-B5AC-92D4466758CE}
		{6309AFD4-2264-491D-BEC8-99EFBB4FC0A8} = {E4A7251F-836E-4A2D-B5AC-92D4466758CE}
		{D01D9B61-132D-403D-8AE3-E3E9702CA5E4} = {E4A7251F-836E-4A2D-B5AC-92D4466758CE}
		{A666BDB6-90F5-41E2-8E1C-9E3E5656CB00} = {E4A7251F-836E-4A2D-B5AC-92D4466758CE}
		{D82026FF-E46C-4735-BDAA-2EBE07D068A7} = {E4A7251F-836E-4A2D-B5AC-92D4466758CE}
		{6EC87502-122F-408D-B0E0-4E62C0D05EDE} = {E4A7251F-836E-4A2D-B5AC-92D4466758CE}
		{FAC0C335-B260-4E38-919C-917949DBBA60} = {E4A7251F-836E-4A2D-B5AC-92D4466758CE}
		{BD8E82D9-AB7F-4692-BEEA-5DD24C2451BA} = {FD041907-FB9F-46D8-A6CA-2962A1237720}
		{05E72DCC-479A-447F-9BFF-610C8FE6FFCE} = {FD041907-FB9F-46D8-A6CA-2962A1237720}
		{83178CAC-D72E-4B7F-B950-700067DEC866} = {FD041907-FB9F-46D8-A6CA-2962A1237720}
		{44ACCC25-3883-4EBC-8735-249F758721C4} = {FD041907-FB9F-46D8-A6CA-2962A1237720}
		{87B02FED-35CF-4EF0-9676-F9CB60EE6EAD} = {FD041907-FB9F-46D8-A6CA-2962A1237720}
		{A716C721-36A5-43C9-9D71-936546981E89} = {FD041907-FB9F-46D8-A6CA-2962A1237720}
		{74B7EC15-70B2-4F35-A8AB-5C0C301D71FA} = {FD041907-FB9F-46D8-A6CA-2962A1237720}
		{D6ED2309-D7F0-4A53-8673-864AA03843E0} = {FD041907-FB9F-46D8-A6CA-2962A1237720}
		{E2E30C38-E98D-4078-8C20-CD4EE9F95D18} = {FD041907-FB9F-46D8-A6CA-2962A1237720}
		{E9D8B35B-FC2F-4ADB-8FD1-A2470369E835} = {FD041907-FB9F-46D8-A6CA-2962A1237720}
		{B9162842-33D9-42ED-A606-4F4122D3D2F2} = {FD041907-FB9F-46D8-A6CA-2962A1237720}
		{63F69B8F-A4AD-4CA6-B79C-1E2D134161D4} = {FD041907-FB9F-46D8-A6CA-2962A1237720}
		{C0375928-44E4-450D-A449-A173A96C8BA8} = {FD041907-FB9F-46D8-A6CA-2962A1237720}
		{DF153851-96BA-426B-B899-93B3C07DBC69} = {FD041907-FB9F-46D8-A6CA-2962A1237720}
		{C211F9D6-2D37-4C86-A2A2-63BA982207E5} = {FD041907-FB9F-46D8-A6CA-2962A1237720}
		{AF6EB38A-2870-4840-A5D2-0ABFE00F5F61} = {FD041907-FB9F-46D8-A6CA-2962A1237720}
		{65EDC354-B83A-4BE6-B81F-1A0C27B1BF95} = {FD041907-FB9F-46D8-A6CA-2962A1237720}
		{5EC73AA4-B242-46AF-AE03-A808BAAE0039} = {FD041907-FB9F-46D8-A6CA-2962A1237720}
		{38844594-61CF-4283-AA74-7F17DCE8DDE6} = {FD041907-FB9F-46D8-A6CA-2962A1237720}
		{B717278A-70FB-4248-99DA-387DA3A0E5ED} = {FD041907-FB9F-46D8-A6CA-2962A1237720}
		{A9B8785D-6206-4399-A320-BA9525DD8D63} = {FD041907-FB9F-46D8-A6CA-2962A1237720}
		{893EE637-E16B-451C-8A46-5BD43096101F} = {C27C676F-4004-4B8B-8090-34DFBE24AB6F}
		{E60A77A1-C4BB-497D-8031-A357099A4897} = {C27C676F-4004-4B8B-8090-34DFBE24AB6F}
		{628EBE36-B513-4F4B-9095-5188ABA5A287} = {C27C676F-4004-4B8B-8090-34DFBE24AB6F}
		{ACD6B15B-8AA9-4D34-9C12-7D2C2F8E002D} = {C27C676F-4004-4B8B-8090-34DFBE24AB6F}
		{B92F13A0-7163-445F-BB9D-9C5273E5A366} = {C27C676F-4004-4B8B-8090-34DFBE24AB6F}
		{1AFC6A8F-2BA8-461B-A86C-185C210AB6CF} = {C27C676F-4004-4B8B-8090-34DFBE24AB6F}
		{60263B2F-C088-4044-9851-33B9E7260529} = {C27C676F-4004-4B8B-8090-34DFBE24AB6F}
		{36F0F637-0460-410A-880E-E2045DE0C514} = {C27C676F-4004-4B8B-8090-34DFBE24AB6F}
		{EB63F4C9-578D-4BBF-BCB3-1608EC6E6688} = {C27C676F-4004-4B8B-8090-34DFBE24AB6F}
		{A07428F4-17BE-45A3-9948-85A19530AE09} = {C27C676F-4004-4B8B-8090-34DFBE24AB6F}
		{5A4DFC81-E15A-47B8-8C6E-3F505926994A} = {C27C676F-4004-4B8B-8090-34DFBE24AB6F}
		{BA83212D-017B-4DC7-97B2-D91AF9CE0282} = {C27C676F-4004-4B8B-8090-34DFBE24AB6F}
		{E224C094-5AD5-425A-BF4A-276265F42166} = {C27C676F-4004-4B8B-8090-34DFBE24AB6F}
		{15CC64FB-A2F7-4713-B274-2FE55B9AD692} = {C27C676F-4004-4B8B-8090-34DFBE24AB6F}
		{772D12AF-A00E-4077-9130-6E955BCD4167} = {C27C676F-4004-4B8B-8090-34DFBE24AB6F}
		{BA15697B-4198-42AF-9F72-8F419427E71D} = {C27C676F-4004-4B8B-8090-34DFBE24AB6F}
		{508B8606-0CCE-4A8E-B6DB-4B8E51680CFB} = {C27C676F-4004-4B8B-8090-34DFBE24AB6F}
		{B7A15B82-74A1-473D-948B-849756B066CD} = {C27C676F-4004-4B8B-8090-34DFBE24AB6F}
		{004B7FC1-E96E-474E-A7A5-F1A5959CA3D8} = {C27C676F-4004-4B8B-8090-34DFBE24AB6F}
		{68A2C523-4F11-481D-9DB3-25B6DB984904} = {C27C676F-4004-4B8B-8090-34DFBE24AB6F}
		{D4A626EA-799B-4821-896E-0C41D2C1464F} = {C27C676F-4004-4B8B-8090-34DFBE24AB6F}
	EndGlobalSection
EndGlobal
