Microsoft Visual Studio Solution File, Format Version 12.00
# Visual Studio Version 17
VisualStudioVersion = 17.11.35222.181
MinimumVisualStudioVersion = 10.0.40219.1
Project("{2150E333-8FDC-42A3-9474-1A3956D46DE8}") = "src", "src", "{FDEC56A4-AB22-4B9F-9C05-32C40068BAEE}"
EndProject
Project("{2150E333-8FDC-42A3-9474-1A3956D46DE8}") = "samples", "samples", "{37A71830-71B7-4D44-88E9-CD4890244515}"
EndProject
Project("{2150E333-8FDC-42A3-9474-1A3956D46DE8}") = "tests", "tests", "{B767F3D2-8CB7-45A6-A251-07C1D7C0E561}"
EndProject
Project("{2150E333-8FDC-42A3-9474-1A3956D46DE8}") = "benchmarks", "benchmarks", "{3600CDCE-59AB-4511-8445-7D39F760873D}"
EndProject
Project("{2150E333-8FDC-42A3-9474-1A3956D46DE8}") = "docs", "docs", "{BFE342F3-23A6-434C-8F98-17407A30C66A}"
EndProject
Project("{FAE04EC0-301F-11D3-BF4B-00C04F79EFBC}") = "Foundgine.Abstractions", "src\Foundgine.Abstractions\Foundgine.Abstractions.csproj", "{16F380B2-E3F7-4E01-8A28-1716666C987A}"
EndProject
Project("{FAE04EC0-301F-11D3-BF4B-00C04F79EFBC}") = "Foundgine.Foundation", "src\Foundgine.Foundation\Foundgine.Foundation.csproj", "{A9AC9178-C436-4CD9-BDE0-9DA560C7F59D}"
EndProject
Project("{FAE04EC0-301F-11D3-BF4B-00C04F79EFBC}") = "Foundgine.Metadata", "src\Foundgine.Metadata\Foundgine.Metadata.csproj", "{AEA2BD66-FFFF-4745-AC76-2A259267ED6C}"
EndProject
Project("{FAE04EC0-301F-11D3-BF4B-00C04F79EFBC}") = "Foundgine.Diagnostics", "src\Foundgine.Diagnostics\Foundgine.Diagnostics.csproj", "{9E0291B0-3C4F-4DA1-B945-D8D880B3447F}"
EndProject
Project("{FAE04EC0-301F-11D3-BF4B-00C04F79EFBC}") = "Foundgine.Execution.Contracts", "src\Foundgine.Execution.Contracts\Foundgine.Execution.Contracts.csproj", "{FDE9277F-C62C-4A78-B053-52EBC778B98B}"
EndProject
Project("{FAE04EC0-301F-11D3-BF4B-00C04F79EFBC}") = "Foundgine.Builders", "src\Foundgine.Builders\Foundgine.Builders.csproj", "{3E816388-A48A-4C7F-A66B-2211B5EAADAB}"
EndProject
Project("{FAE04EC0-301F-11D3-BF4B-00C04F79EFBC}") = "Foundgine.Core", "src\Foundgine.Core\Foundgine.Core.csproj", "{22BB7B6C-D8C4-44B8-B897-DB1D0105EFA1}"
EndProject
Project("{FAE04EC0-301F-11D3-BF4B-00C04F79EFBC}") = "Foundgine.Reflection", "src\Foundgine.Reflection\Foundgine.Reflection.csproj", "{AFE02F84-1AB6-43D7-9B13-25E889A80B42}"
EndProject
Project("{FAE04EC0-301F-11D3-BF4B-00C04F79EFBC}") = "Foundgine.Serialization", "src\Foundgine.Serialization\Foundgine.Serialization.csproj", "{754207DA-D5D0-4970-9165-C089E2D2DD1E}"
EndProject
Project("{FAE04EC0-301F-11D3-BF4B-00C04F79EFBC}") = "Graphgine", "src\Graphgine\Graphgine.csproj", "{B96BBD62-1A7C-4E81-918E-9D1B087D80B5}"
EndProject
Project("{FAE04EC0-301F-11D3-BF4B-00C04F79EFBC}") = "Graphgine.HotChocolate", "src\Graphgine.HotChocolate\Graphgine.HotChocolate.csproj", "{9936B795-0E13-4B8A-8703-8BDF65075950}"
EndProject
Project("{FAE04EC0-301F-11D3-BF4B-00C04F79EFBC}") = "Graphgine.AspNetCore", "src\Graphgine.AspNetCore\Graphgine.AspNetCore.csproj", "{08FA2590-761C-4BD0-A202-C04B02E46AB1}"
EndProject
Project("{FAE04EC0-301F-11D3-BF4B-00C04F79EFBC}") = "Graphgine.Analyzers", "src\Graphgine.Analyzers\Graphgine.Analyzers.csproj", "{D8FDF474-0B0B-4C64-82F3-F0B9FBCC76BB}"
EndProject
Project("{FAE04EC0-301F-11D3-BF4B-00C04F79EFBC}") = "Graphgine.SourceGenerators", "src\Graphgine.SourceGenerators\Graphgine.SourceGenerators.csproj", "{91CD6BFE-818D-446B-8968-83077B1F55F5}"
EndProject
Project("{FAE04EC0-301F-11D3-BF4B-00C04F79EFBC}") = "Foundgine.Foundation.Tests", "tests\Foundgine.Foundation.Tests\Foundgine.Foundation.Tests.csproj", "{DC9F5B50-AA85-4AB4-ABD0-0B0960C3441F}"
EndProject
Project("{FAE04EC0-301F-11D3-BF4B-00C04F79EFBC}") = "Foundgine.Metadata.Tests", "tests\Foundgine.Metadata.Tests\Foundgine.Metadata.Tests.csproj", "{2B57797D-A3DB-42D2-BEDD-6B2ACF1B7C57}"
EndProject
Project("{FAE04EC0-301F-11D3-BF4B-00C04F79EFBC}") = "Foundgine.Builders.Tests", "tests\Foundgine.Builders.Tests\Foundgine.Builders.Tests.csproj", "{EA698A62-EDDA-41BA-831C-0E3A322D6429}"
EndProject
Project("{FAE04EC0-301F-11D3-BF4B-00C04F79EFBC}") = "Foundgine.Diagnostics.Tests", "tests\Foundgine.Diagnostics.Tests\Foundgine.Diagnostics.Tests.csproj", "{3EEB5DF1-1729-42C6-9963-C3800CD37F3C}"
EndProject
Project("{FAE04EC0-301F-11D3-BF4B-00C04F79EFBC}") = "Foundgine.Execution.Contracts.Tests", "tests\Foundgine.Execution.Contracts.Tests\Foundgine.Execution.Contracts.Tests.csproj", "{2D3AFA22-BF90-4FB5-9040-15C556D1805C}"
EndProject
Project("{FAE04EC0-301F-11D3-BF4B-00C04F79EFBC}") = "Foundgine.Core.Tests", "tests\Foundgine.Core.Tests\Foundgine.Core.Tests.csproj", "{825AA1A0-713F-41B2-8032-9B5CF586A725}"
EndProject
Project("{FAE04EC0-301F-11D3-BF4B-00C04F79EFBC}") = "Graphgine.Tests", "tests\Graphgine.Tests\Graphgine.Tests.csproj", "{001EF089-6353-4C04-9655-CCA7AC506996}"
EndProject
Project("{FAE04EC0-301F-11D3-BF4B-00C04F79EFBC}") = "Graphgine.HotChocolate.Tests", "tests\Graphgine.HotChocolate.Tests\Graphgine.HotChocolate.Tests.csproj", "{0D0653CD-954C-43D1-AEB4-AF63C1A20548}"
EndProject
Project("{FAE04EC0-301F-11D3-BF4B-00C04F79EFBC}") = "Api.Banking", "samples\Graphgine.Samples.Banking\Api\Api.Banking\Api.Banking.csproj", "{29EA7CE6-EE4E-4D98-A887-38E9CA0007F4}"
EndProject
Project("{FAE04EC0-301F-11D3-BF4B-00C04F79EFBC}") = "Domain.Model", "samples\Graphgine.Samples.Banking\Domain\Domain.Model\Domain.Model.csproj", "{B13D3724-C776-41E2-9C68-F50ED2E4DBC6}"
EndProject
Project("{FAE04EC0-301F-11D3-BF4B-00C04F79EFBC}") = "Database.Common", "samples\Graphgine.Samples.Banking\Infrastructure\Database\Database.Common\Database.Common.csproj", "{C67D3C18-DBE9-4A28-9753-B18366BDFE21}"
EndProject
Project("{FAE04EC0-301F-11D3-BF4B-00C04F79EFBC}") = "Database.Entity", "samples\Graphgine.Samples.Banking\Infrastructure\Database\Database.Entity\Database.Entity.csproj", "{9D609B53-7E36-407A-B8E9-22127D2A129C}"
EndProject
Project("{FAE04EC0-301F-11D3-BF4B-00C04F79EFBC}") = "Database.Entity.Banking", "samples\Graphgine.Samples.Banking\Infrastructure\Database\Database.Entity.Banking\Database.Entity.Banking.csproj", "{86744463-D330-49A3-A0F6-A82993D1FF56}"
EndProject
Project("{FAE04EC0-301F-11D3-BF4B-00C04F79EFBC}") = "Database.Graph", "samples\Graphgine.Samples.Banking\Infrastructure\Database\Database.Graph\Database.Graph.csproj", "{F6D53365-A620-4D97-86B7-A350015F8D4B}"
EndProject
Project("{FAE04EC0-301F-11D3-BF4B-00C04F79EFBC}") = "Database.Graph.Banking", "samples\Graphgine.Samples.Banking\Infrastructure\Database\Database.Graph.Banking\Database.Graph.Banking.csproj", "{A5F61112-5211-4ED4-B7C2-494D0E41C7CA}"
EndProject
Global
	GlobalSection(SolutionConfigurationPlatforms) = preSolution
		Debug|Any CPU = Debug|Any CPU
		Release|Any CPU = Release|Any CPU
	EndGlobalSection
	GlobalSection(ProjectConfigurationPlatforms) = postSolution
		{16F380B2-E3F7-4E01-8A28-1716666C987A}.Debug|Any CPU.ActiveCfg = Debug|Any CPU
		{16F380B2-E3F7-4E01-8A28-1716666C987A}.Debug|Any CPU.Build.0 = Debug|Any CPU
		{16F380B2-E3F7-4E01-8A28-1716666C987A}.Release|Any CPU.ActiveCfg = Release|Any CPU
		{16F380B2-E3F7-4E01-8A28-1716666C987A}.Release|Any CPU.Build.0 = Release|Any CPU
		{A9AC9178-C436-4CD9-BDE0-9DA560C7F59D}.Debug|Any CPU.ActiveCfg = Debug|Any CPU
		{A9AC9178-C436-4CD9-BDE0-9DA560C7F59D}.Debug|Any CPU.Build.0 = Debug|Any CPU
		{A9AC9178-C436-4CD9-BDE0-9DA560C7F59D}.Release|Any CPU.ActiveCfg = Release|Any CPU
		{A9AC9178-C436-4CD9-BDE0-9DA560C7F59D}.Release|Any CPU.Build.0 = Release|Any CPU
		{AEA2BD66-FFFF-4745-AC76-2A259267ED6C}.Debug|Any CPU.ActiveCfg = Debug|Any CPU
		{AEA2BD66-FFFF-4745-AC76-2A259267ED6C}.Debug|Any CPU.Build.0 = Debug|Any CPU
		{AEA2BD66-FFFF-4745-AC76-2A259267ED6C}.Release|Any CPU.ActiveCfg = Release|Any CPU
		{AEA2BD66-FFFF-4745-AC76-2A259267ED6C}.Release|Any CPU.Build.0 = Release|Any CPU
		{9E0291B0-3C4F-4DA1-B945-D8D880B3447F}.Debug|Any CPU.ActiveCfg = Debug|Any CPU
		{9E0291B0-3C4F-4DA1-B945-D8D880B3447F}.Debug|Any CPU.Build.0 = Debug|Any CPU
		{9E0291B0-3C4F-4DA1-B945-D8D880B3447F}.Release|Any CPU.ActiveCfg = Release|Any CPU
		{9E0291B0-3C4F-4DA1-B945-D8D880B3447F}.Release|Any CPU.Build.0 = Release|Any CPU
		{FDE9277F-C62C-4A78-B053-52EBC778B98B}.Debug|Any CPU.ActiveCfg = Debug|Any CPU
		{FDE9277F-C62C-4A78-B053-52EBC778B98B}.Debug|Any CPU.Build.0 = Debug|Any CPU
		{FDE9277F-C62C-4A78-B053-52EBC778B98B}.Release|Any CPU.ActiveCfg = Release|Any CPU
		{FDE9277F-C62C-4A78-B053-52EBC778B98B}.Release|Any CPU.Build.0 = Release|Any CPU
		{3E816388-A48A-4C7F-A66B-2211B5EAADAB}.Debug|Any CPU.ActiveCfg = Debug|Any CPU
		{3E816388-A48A-4C7F-A66B-2211B5EAADAB}.Debug|Any CPU.Build.0 = Debug|Any CPU
		{3E816388-A48A-4C7F-A66B-2211B5EAADAB}.Release|Any CPU.ActiveCfg = Release|Any CPU
		{3E816388-A48A-4C7F-A66B-2211B5EAADAB}.Release|Any CPU.Build.0 = Release|Any CPU
		{22BB7B6C-D8C4-44B8-B897-DB1D0105EFA1}.Debug|Any CPU.ActiveCfg = Debug|Any CPU
		{22BB7B6C-D8C4-44B8-B897-DB1D0105EFA1}.Debug|Any CPU.Build.0 = Debug|Any CPU
		{22BB7B6C-D8C4-44B8-B897-DB1D0105EFA1}.Release|Any CPU.ActiveCfg = Release|Any CPU
		{22BB7B6C-D8C4-44B8-B897-DB1D0105EFA1}.Release|Any CPU.Build.0 = Release|Any CPU
		{AFE02F84-1AB6-43D7-9B13-25E889A80B42}.Debug|Any CPU.ActiveCfg = Debug|Any CPU
		{AFE02F84-1AB6-43D7-9B13-25E889A80B42}.Debug|Any CPU.Build.0 = Debug|Any CPU
		{AFE02F84-1AB6-43D7-9B13-25E889A80B42}.Release|Any CPU.ActiveCfg = Release|Any CPU
		{AFE02F84-1AB6-43D7-9B13-25E889A80B42}.Release|Any CPU.Build.0 = Release|Any CPU
		{754207DA-D5D0-4970-9165-C089E2D2DD1E}.Debug|Any CPU.ActiveCfg = Debug|Any CPU
		{754207DA-D5D0-4970-9165-C089E2D2DD1E}.Debug|Any CPU.Build.0 = Debug|Any CPU
		{754207DA-D5D0-4970-9165-C089E2D2DD1E}.Release|Any CPU.ActiveCfg = Release|Any CPU
		{754207DA-D5D0-4970-9165-C089E2D2DD1E}.Release|Any CPU.Build.0 = Release|Any CPU
		{B96BBD62-1A7C-4E81-918E-9D1B087D80B5}.Debug|Any CPU.ActiveCfg = Debug|Any CPU
		{B96BBD62-1A7C-4E81-918E-9D1B087D80B5}.Debug|Any CPU.Build.0 = Debug|Any CPU
		{B96BBD62-1A7C-4E81-918E-9D1B087D80B5}.Release|Any CPU.ActiveCfg = Release|Any CPU
		{B96BBD62-1A7C-4E81-918E-9D1B087D80B5}.Release|Any CPU.Build.0 = Release|Any CPU
		{9936B795-0E13-4B8A-8703-8BDF65075950}.Debug|Any CPU.ActiveCfg = Debug|Any CPU
		{9936B795-0E13-4B8A-8703-8BDF65075950}.Debug|Any CPU.Build.0 = Debug|Any CPU
		{9936B795-0E13-4B8A-8703-8BDF65075950}.Release|Any CPU.ActiveCfg = Release|Any CPU
		{9936B795-0E13-4B8A-8703-8BDF65075950}.Release|Any CPU.Build.0 = Release|Any CPU
		{08FA2590-761C-4BD0-A202-C04B02E46AB1}.Debug|Any CPU.ActiveCfg = Debug|Any CPU
		{08FA2590-761C-4BD0-A202-C04B02E46AB1}.Debug|Any CPU.Build.0 = Debug|Any CPU
		{08FA2590-761C-4BD0-A202-C04B02E46AB1}.Release|Any CPU.ActiveCfg = Release|Any CPU
		{08FA2590-761C-4BD0-A202-C04B02E46AB1}.Release|Any CPU.Build.0 = Release|Any CPU
		{D8FDF474-0B0B-4C64-82F3-F0B9FBCC76BB}.Debug|Any CPU.ActiveCfg = Debug|Any CPU
		{D8FDF474-0B0B-4C64-82F3-F0B9FBCC76BB}.Debug|Any CPU.Build.0 = Debug|Any CPU
		{D8FDF474-0B0B-4C64-82F3-F0B9FBCC76BB}.Release|Any CPU.ActiveCfg = Release|Any CPU
		{D8FDF474-0B0B-4C64-82F3-F0B9FBCC76BB}.Release|Any CPU.Build.0 = Release|Any CPU
		{91CD6BFE-818D-446B-8968-83077B1F55F5}.Debug|Any CPU.ActiveCfg = Debug|Any CPU
		{91CD6BFE-818D-446B-8968-83077B1F55F5}.Debug|Any CPU.Build.0 = Debug|Any CPU
		{91CD6BFE-818D-446B-8968-83077B1F55F5}.Release|Any CPU.ActiveCfg = Release|Any CPU
		{91CD6BFE-818D-446B-8968-83077B1F55F5}.Release|Any CPU.Build.0 = Release|Any CPU
		{DC9F5B50-AA85-4AB4-ABD0-0B0960C3441F}.Debug|Any CPU.ActiveCfg = Debug|Any CPU
		{DC9F5B50-AA85-4AB4-ABD0-0B0960C3441F}.Debug|Any CPU.Build.0 = Debug|Any CPU
		{DC9F5B50-AA85-4AB4-ABD0-0B0960C3441F}.Release|Any CPU.ActiveCfg = Release|Any CPU
		{DC9F5B50-AA85-4AB4-ABD0-0B0960C3441F}.Release|Any CPU.Build.0 = Release|Any CPU
		{2B57797D-A3DB-42D2-BEDD-6B2ACF1B7C57}.Debug|Any CPU.ActiveCfg = Debug|Any CPU
		{2B57797D-A3DB-42D2-BEDD-6B2ACF1B7C57}.Debug|Any CPU.Build.0 = Debug|Any CPU
		{2B57797D-A3DB-42D2-BEDD-6B2ACF1B7C57}.Release|Any CPU.ActiveCfg = Release|Any CPU
		{2B57797D-A3DB-42D2-BEDD-6B2ACF1B7C57}.Release|Any CPU.Build.0 = Release|Any CPU
		{EA698A62-EDDA-41BA-831C-0E3A322D6429}.Debug|Any CPU.ActiveCfg = Debug|Any CPU
		{EA698A62-EDDA-41BA-831C-0E3A322D6429}.Debug|Any CPU.Build.0 = Debug|Any CPU
		{EA698A62-EDDA-41BA-831C-0E3A322D6429}.Release|Any CPU.ActiveCfg = Release|Any CPU
		{EA698A62-EDDA-41BA-831C-0E3A322D6429}.Release|Any CPU.Build.0 = Release|Any CPU
		{3EEB5DF1-1729-42C6-9963-C3800CD37F3C}.Debug|Any CPU.ActiveCfg = Debug|Any CPU
		{3EEB5DF1-1729-42C6-9963-C3800CD37F3C}.Debug|Any CPU.Build.0 = Debug|Any CPU
		{3EEB5DF1-1729-42C6-9963-C3800CD37F3C}.Release|Any CPU.ActiveCfg = Release|Any CPU
		{3EEB5DF1-1729-42C6-9963-C3800CD37F3C}.Release|Any CPU.Build.0 = Release|Any CPU
		{2D3AFA22-BF90-4FB5-9040-15C556D1805C}.Debug|Any CPU.ActiveCfg = Debug|Any CPU
		{2D3AFA22-BF90-4FB5-9040-15C556D1805C}.Debug|Any CPU.Build.0 = Debug|Any CPU
		{2D3AFA22-BF90-4FB5-9040-15C556D1805C}.Release|Any CPU.ActiveCfg = Release|Any CPU
		{2D3AFA22-BF90-4FB5-9040-15C556D1805C}.Release|Any CPU.Build.0 = Release|Any CPU
		{825AA1A0-713F-41B2-8032-9B5CF586A725}.Debug|Any CPU.ActiveCfg = Debug|Any CPU
		{825AA1A0-713F-41B2-8032-9B5CF586A725}.Debug|Any CPU.Build.0 = Debug|Any CPU
		{825AA1A0-713F-41B2-8032-9B5CF586A725}.Release|Any CPU.ActiveCfg = Release|Any CPU
		{825AA1A0-713F-41B2-8032-9B5CF586A725}.Release|Any CPU.Build.0 = Release|Any CPU
		{001EF089-6353-4C04-9655-CCA7AC506996}.Debug|Any CPU.ActiveCfg = Debug|Any CPU
		{001EF089-6353-4C04-9655-CCA7AC506996}.Debug|Any CPU.Build.0 = Debug|Any CPU
		{001EF089-6353-4C04-9655-CCA7AC506996}.Release|Any CPU.ActiveCfg = Release|Any CPU
		{001EF089-6353-4C04-9655-CCA7AC506996}.Release|Any CPU.Build.0 = Release|Any CPU
		{0D0653CD-954C-43D1-AEB4-AF63C1A20548}.Debug|Any CPU.ActiveCfg = Debug|Any CPU
		{0D0653CD-954C-43D1-AEB4-AF63C1A20548}.Debug|Any CPU.Build.0 = Debug|Any CPU
		{0D0653CD-954C-43D1-AEB4-AF63C1A20548}.Release|Any CPU.ActiveCfg = Release|Any CPU
		{0D0653CD-954C-43D1-AEB4-AF63C1A20548}.Release|Any CPU.Build.0 = Release|Any CPU
		{29EA7CE6-EE4E-4D98-A887-38E9CA0007F4}.Debug|Any CPU.ActiveCfg = Debug|Any CPU
		{29EA7CE6-EE4E-4D98-A887-38E9CA0007F4}.Debug|Any CPU.Build.0 = Debug|Any CPU
		{29EA7CE6-EE4E-4D98-A887-38E9CA0007F4}.Release|Any CPU.ActiveCfg = Release|Any CPU
		{29EA7CE6-EE4E-4D98-A887-38E9CA0007F4}.Release|Any CPU.Build.0 = Release|Any CPU
		{B13D3724-C776-41E2-9C68-F50ED2E4DBC6}.Debug|Any CPU.ActiveCfg = Debug|Any CPU
		{B13D3724-C776-41E2-9C68-F50ED2E4DBC6}.Debug|Any CPU.Build.0 = Debug|Any CPU
		{B13D3724-C776-41E2-9C68-F50ED2E4DBC6}.Release|Any CPU.ActiveCfg = Release|Any CPU
		{B13D3724-C776-41E2-9C68-F50ED2E4DBC6}.Release|Any CPU.Build.0 = Release|Any CPU
		{C67D3C18-DBE9-4A28-9753-B18366BDFE21}.Debug|Any CPU.ActiveCfg = Debug|Any CPU
		{C67D3C18-DBE9-4A28-9753-B18366BDFE21}.Debug|Any CPU.Build.0 = Debug|Any CPU
		{C67D3C18-DBE9-4A28-9753-B18366BDFE21}.Release|Any CPU.ActiveCfg = Release|Any CPU
		{C67D3C18-DBE9-4A28-9753-B18366BDFE21}.Release|Any CPU.Build.0 = Release|Any CPU
		{9D609B53-7E36-407A-B8E9-22127D2A129C}.Debug|Any CPU.ActiveCfg = Debug|Any CPU
		{9D609B53-7E36-407A-B8E9-22127D2A129C}.Debug|Any CPU.Build.0 = Debug|Any CPU
		{9D609B53-7E36-407A-B8E9-22127D2A129C}.Release|Any CPU.ActiveCfg = Release|Any CPU
		{9D609B53-7E36-407A-B8E9-22127D2A129C}.Release|Any CPU.Build.0 = Release|Any CPU
		{86744463-D330-49A3-A0F6-A82993D1FF56}.Debug|Any CPU.ActiveCfg = Debug|Any CPU
		{86744463-D330-49A3-A0F6-A82993D1FF56}.Debug|Any CPU.Build.0 = Debug|Any CPU
		{86744463-D330-49A3-A0F6-A82993D1FF56}.Release|Any CPU.ActiveCfg = Release|Any CPU
		{86744463-D330-49A3-A0F6-A82993D1FF56}.Release|Any CPU.Build.0 = Release|Any CPU
		{F6D53365-A620-4D97-86B7-A350015F8D4B}.Debug|Any CPU.ActiveCfg = Debug|Any CPU
		{F6D53365-A620-4D97-86B7-A350015F8D4B}.Debug|Any CPU.Build.0 = Debug|Any CPU
		{F6D53365-A620-4D97-86B7-A350015F8D4B}.Release|Any CPU.ActiveCfg = Release|Any CPU
		{F6D53365-A620-4D97-86B7-A350015F8D4B}.Release|Any CPU.Build.0 = Release|Any CPU
		{A5F61112-5211-4ED4-B7C2-494D0E41C7CA}.Debug|Any CPU.ActiveCfg = Debug|Any CPU
		{A5F61112-5211-4ED4-B7C2-494D0E41C7CA}.Debug|Any CPU.Build.0 = Debug|Any CPU
		{A5F61112-5211-4ED4-B7C2-494D0E41C7CA}.Release|Any CPU.ActiveCfg = Release|Any CPU
		{A5F61112-5211-4ED4-B7C2-494D0E41C7CA}.Release|Any CPU.Build.0 = Release|Any CPU
	EndGlobalSection
	GlobalSection(NestedProjects) = preSolution
		{16F380B2-E3F7-4E01-8A28-1716666C987A} = {FDEC56A4-AB22-4B9F-9C05-32C40068BAEE}
		{A9AC9178-C436-4CD9-BDE0-9DA560C7F59D} = {FDEC56A4-AB22-4B9F-9C05-32C40068BAEE}
		{AEA2BD66-FFFF-4745-AC76-2A259267ED6C} = {FDEC56A4-AB22-4B9F-9C05-32C40068BAEE}
		{9E0291B0-3C4F-4DA1-B945-D8D880B3447F} = {FDEC56A4-AB22-4B9F-9C05-32C40068BAEE}
		{FDE9277F-C62C-4A78-B053-52EBC778B98B} = {FDEC56A4-AB22-4B9F-9C05-32C40068BAEE}
		{3E816388-A48A-4C7F-A66B-2211B5EAADAB} = {FDEC56A4-AB22-4B9F-9C05-32C40068BAEE}
		{22BB7B6C-D8C4-44B8-B897-DB1D0105EFA1} = {FDEC56A4-AB22-4B9F-9C05-32C40068BAEE}
		{AFE02F84-1AB6-43D7-9B13-25E889A80B42} = {FDEC56A4-AB22-4B9F-9C05-32C40068BAEE}
		{754207DA-D5D0-4970-9165-C089E2D2DD1E} = {FDEC56A4-AB22-4B9F-9C05-32C40068BAEE}
		{B96BBD62-1A7C-4E81-918E-9D1B087D80B5} = {FDEC56A4-AB22-4B9F-9C05-32C40068BAEE}
		{9936B795-0E13-4B8A-8703-8BDF65075950} = {FDEC56A4-AB22-4B9F-9C05-32C40068BAEE}
		{08FA2590-761C-4BD0-A202-C04B02E46AB1} = {FDEC56A4-AB22-4B9F-9C05-32C40068BAEE}
		{D8FDF474-0B0B-4C64-82F3-F0B9FBCC76BB} = {FDEC56A4-AB22-4B9F-9C05-32C40068BAEE}
		{91CD6BFE-818D-446B-8968-83077B1F55F5} = {FDEC56A4-AB22-4B9F-9C05-32C40068BAEE}
		{DC9F5B50-AA85-4AB4-ABD0-0B0960C3441F} = {B767F3D2-8CB7-45A6-A251-07C1D7C0E561}
		{2B57797D-A3DB-42D2-BEDD-6B2ACF1B7C57} = {B767F3D2-8CB7-45A6-A251-07C1D7C0E561}
		{EA698A62-EDDA-41BA-831C-0E3A322D6429} = {B767F3D2-8CB7-45A6-A251-07C1D7C0E561}
		{3EEB5DF1-1729-42C6-9963-C3800CD37F3C} = {B767F3D2-8CB7-45A6-A251-07C1D7C0E561}
		{2D3AFA22-BF90-4FB5-9040-15C556D1805C} = {B767F3D2-8CB7-45A6-A251-07C1D7C0E561}
		{825AA1A0-713F-41B2-8032-9B5CF586A725} = {B767F3D2-8CB7-45A6-A251-07C1D7C0E561}
		{001EF089-6353-4C04-9655-CCA7AC506996} = {B767F3D2-8CB7-45A6-A251-07C1D7C0E561}
		{0D0653CD-954C-43D1-AEB4-AF63C1A20548} = {B767F3D2-8CB7-45A6-A251-07C1D7C0E561}
		{29EA7CE6-EE4E-4D98-A887-38E9CA0007F4} = {37A71830-71B7-4D44-88E9-CD4890244515}
		{B13D3724-C776-41E2-9C68-F50ED2E4DBC6} = {37A71830-71B7-4D44-88E9-CD4890244515}
		{C67D3C18-DBE9-4A28-9753-B18366BDFE21} = {37A71830-71B7-4D44-88E9-CD4890244515}
		{9D609B53-7E36-407A-B8E9-22127D2A129C} = {37A71830-71B7-4D44-88E9-CD4890244515}
		{86744463-D330-49A3-A0F6-A82993D1FF56} = {37A71830-71B7-4D44-88E9-CD4890244515}
		{F6D53365-A620-4D97-86B7-A350015F8D4B} = {37A71830-71B7-4D44-88E9-CD4890244515}
		{A5F61112-5211-4ED4-B7C2-494D0E41C7CA} = {37A71830-71B7-4D44-88E9-CD4890244515}
	EndGlobalSection
EndGlobal
