Microsoft Visual Studio Solution File, Format Version 12.00
# Visual Studio Version 17
VisualStudioVersion = 17.0.31903.59
MinimumVisualStudioVersion = 10.0.40219.1
Project("{FAE04EC0-301F-11D3-BF4B-00C04F79EFBC}") = "Foundgine.Abstractions", "src\Foundgine.Abstractions\Foundgine.Abstractions.csproj", "{10000001-0000-0000-0000-000000000001}"
EndProject
Project("{FAE04EC0-301F-11D3-BF4B-00C04F79EFBC}") = "Foundgine", "src\Foundgine\Foundgine.csproj", "{1000000C-0000-0000-0000-00000000000C}"
EndProject
Project("{FAE04EC0-301F-11D3-BF4B-00C04F79EFBC}") = "Foundgine.Metadata", "src\Foundgine.Metadata\Foundgine.Metadata.csproj", "{10000002-0000-0000-0000-000000000002}"
EndProject
Project("{FAE04EC0-301F-11D3-BF4B-00C04F79EFBC}") = "Foundgine.Semantics", "src\Foundgine.Semantics\Foundgine.Semantics.csproj", "{10000003-0000-0000-0000-000000000003}"
EndProject
Project("{FAE04EC0-301F-11D3-BF4B-00C04F79EFBC}") = "Foundgine.Planning", "src\Foundgine.Planning\Foundgine.Planning.csproj", "{10000004-0000-0000-0000-000000000004}"
EndProject
Project("{FAE04EC0-301F-11D3-BF4B-00C04F79EFBC}") = "Foundgine.Execution", "src\Foundgine.Execution\Foundgine.Execution.csproj", "{10000005-0000-0000-0000-000000000005}"
EndProject
Project("{FAE04EC0-301F-11D3-BF4B-00C04F79EFBC}") = "Foundgine.Aot", "src\Foundgine.Aot\Foundgine.Aot.csproj", "{10000006-0000-0000-0000-000000000006}"
EndProject
Project("{FAE04EC0-301F-11D3-BF4B-00C04F79EFBC}") = "Foundgine.Sql", "src\Foundgine.Sql\Foundgine.Sql.csproj", "{10000007-0000-0000-0000-000000000007}"
EndProject
Project("{FAE04EC0-301F-11D3-BF4B-00C04F79EFBC}") = "Foundgine.Semantics.Tests", "tests\Foundgine.Semantics.Tests\Foundgine.Semantics.Tests.csproj", "{20000001-0000-0000-0000-000000000001}"
EndProject
Project("{FAE04EC0-301F-11D3-BF4B-00C04F79EFBC}") = "Foundgine.Planning.Tests", "tests\Foundgine.Planning.Tests\Foundgine.Planning.Tests.csproj", "{20000002-0000-0000-0000-000000000002}"
EndProject
Project("{FAE04EC0-301F-11D3-BF4B-00C04F79EFBC}") = "Foundgine.E2E.Tests", "tests\Foundgine.E2E.Tests\Foundgine.E2E.Tests.csproj", "{20000003-0000-0000-0000-000000000003}"
EndProject
Project("{FAE04EC0-301F-11D3-BF4B-00C04F79EFBC}") = "Foundgine.Aot.Generator", "src\Foundgine.Aot.Generator\Foundgine.Aot.Generator.csproj", "{10000008-0000-0000-0000-000000000008}"
EndProject
Project("{FAE04EC0-301F-11D3-BF4B-00C04F79EFBC}") = "Foundgine.Aot.Tests", "tests\Foundgine.Aot.Tests\Foundgine.Aot.Tests.csproj", "{20000004-0000-0000-0000-000000000004}"
EndProject
Project("{FAE04EC0-301F-11D3-BF4B-00C04F79EFBC}") = "Foundgine.GraphQL.HotChocolate", "src\Foundgine.GraphQL.HotChocolate\Foundgine.GraphQL.HotChocolate.csproj", "{10000009-0000-0000-0000-000000000009}"
EndProject
Project("{FAE04EC0-301F-11D3-BF4B-00C04F79EFBC}") = "Foundgine.GraphQL.HotChocolate.Tests", "tests\Foundgine.GraphQL.HotChocolate.Tests\Foundgine.GraphQL.HotChocolate.Tests.csproj", "{20000005-0000-0000-0000-000000000005}"
EndProject
Project("{FAE04EC0-301F-11D3-BF4B-00C04F79EFBC}") = "Foundgine.GraphQL.HotChocolate.Execution", "src\Foundgine.GraphQL.HotChocolate.Execution\Foundgine.GraphQL.HotChocolate.Execution.csproj", "{10000014-0000-0000-0000-000000000014}"
EndProject
Project("{FAE04EC0-301F-11D3-BF4B-00C04F79EFBC}") = "Foundgine.GraphQL.HotChocolate.Mutations", "src\Foundgine.GraphQL.HotChocolate.Mutations\Foundgine.GraphQL.HotChocolate.Mutations.csproj", "{1000000A-0000-0000-0000-00000000000A}"
EndProject
Project("{FAE04EC0-301F-11D3-BF4B-00C04F79EFBC}") = "Foundgine.Intent.Json", "src\Foundgine.Intent.Json\Foundgine.Intent.Json.csproj", "{1000000B-0000-0000-0000-00000000000B}"
EndProject
Project("{FAE04EC0-301F-11D3-BF4B-00C04F79EFBC}") = "Foundgine.Intent.Json.Tests", "tests\Foundgine.Intent.Json.Tests\Foundgine.Intent.Json.Tests.csproj", "{20000006-0000-0000-0000-000000000006}"
EndProject
Project("{FAE04EC0-301F-11D3-BF4B-00C04F79EFBC}") = "Foundgine.InMemory", "src\Foundgine.InMemory\Foundgine.InMemory.csproj", "{1000000D-0000-0000-0000-00000000000D}"
EndProject
Project("{FAE04EC0-301F-11D3-BF4B-00C04F79EFBC}") = "Foundgine.InMemory.Tests", "tests\Foundgine.InMemory.Tests\Foundgine.InMemory.Tests.csproj", "{20000007-0000-0000-0000-000000000007}"
EndProject
Project("{FAE04EC0-301F-11D3-BF4B-00C04F79EFBC}") = "Foundgine.AI", "src\Foundgine.AI\Foundgine.AI.csproj", "{1000000E-0000-0000-0000-00000000000E}"
EndProject
Project("{FAE04EC0-301F-11D3-BF4B-00C04F79EFBC}") = "Foundgine.Agent.OpenAI", "samples\Foundgine.Agent.OpenAI\Foundgine.Agent.OpenAI.csproj", "{1000000F-0000-0000-0000-00000000000F}"
EndProject
Project("{FAE04EC0-301F-11D3-BF4B-00C04F79EFBC}") = "Foundgine.MCP", "src\Foundgine.MCP\Foundgine.MCP.csproj", "{10000010-0000-0000-0000-000000000010}"
EndProject
Project("{FAE04EC0-301F-11D3-BF4B-00C04F79EFBC}") = "Foundgine.MCP.Tests", "tests\Foundgine.MCP.Tests\Foundgine.MCP.Tests.csproj", "{20000008-0000-0000-0000-000000000008}"
EndProject
Project("{FAE04EC0-301F-11D3-BF4B-00C04F79EFBC}") = "Foundgine.Security.Tests", "tests\Foundgine.Security.Tests\Foundgine.Security.Tests.csproj", "{20000009-0000-0000-0000-000000000009}"
EndProject
Project("{FAE04EC0-301F-11D3-BF4B-00C04F79EFBC}") = "Foundgine.HighAssurance.Banking", "samples\Foundgine.HighAssurance.Banking\Foundgine.HighAssurance.Banking.csproj", "{10000011-0000-0000-0000-000000000011}"
EndProject
Project("{FAE04EC0-301F-11D3-BF4B-00C04F79EFBC}") = "Foundgine.HighAssurance.Tests", "tests\Foundgine.HighAssurance.Tests\Foundgine.HighAssurance.Tests.csproj", "{2000000A-0000-0000-0000-00000000000A}"
EndProject
Project("{FAE04EC0-301F-11D3-BF4B-00C04F79EFBC}") = "Foundgine.HighAssurance.Postgres", "samples\Foundgine.HighAssurance.Postgres\Foundgine.HighAssurance.Postgres.csproj", "{10000012-0000-0000-0000-000000000012}"
EndProject
Project("{FAE04EC0-301F-11D3-BF4B-00C04F79EFBC}") = "Foundgine.Authorization.Tests", "tests\Foundgine.Authorization.Tests\Foundgine.Authorization.Tests.csproj", "{2000000B-0000-0000-0000-00000000000B}"
EndProject
Project("{FAE04EC0-301F-11D3-BF4B-00C04F79EFBC}") = "Foundgine.Authorization", "src\Foundgine.Authorization\Foundgine.Authorization.csproj", "{10000013-0000-0000-0000-000000000013}"
EndProject
Project("{FAE04EC0-301F-11D3-BF4B-00C04F79EFBC}") = "Foundgine.CoffeeBeanery.ProductComposite", "samples\Foundgine.CoffeeBeanery.ProductComposite\Foundgine.CoffeeBeanery.ProductComposite.csproj", "{523098A7-4F9B-4E76-8D47-14A910E8FE63}"
EndProject
Project("{FAE04EC0-301F-11D3-BF4B-00C04F79EFBC}") = "Foundgine.SupplyChain.Domain", "samples\Foundgine.SupplyChain\Domain\Foundgine.SupplyChain.Domain.csproj", "{30000001-0000-0000-0000-000000000001}"
EndProject
Project("{FAE04EC0-301F-11D3-BF4B-00C04F79EFBC}") = "Foundgine.SupplyChain.Semantics", "samples\Foundgine.SupplyChain\Semantics\Foundgine.SupplyChain.Semantics.csproj", "{30000002-0000-0000-0000-000000000002}"
EndProject
Project("{FAE04EC0-301F-11D3-BF4B-00C04F79EFBC}") = "Foundgine.SupplyChain.Application", "samples\Foundgine.SupplyChain\Application\Foundgine.SupplyChain.Application.csproj", "{30000003-0000-0000-0000-000000000003}"
EndProject
Project("{FAE04EC0-301F-11D3-BF4B-00C04F79EFBC}") = "Foundgine.SupplyChain.Infrastructure", "samples\Foundgine.SupplyChain\Infrastructure\Foundgine.SupplyChain.Infrastructure.csproj", "{30000004-0000-0000-0000-000000000004}"
EndProject
Project("{FAE04EC0-301F-11D3-BF4B-00C04F79EFBC}") = "Foundgine.SupplyChain.Api", "samples\Foundgine.SupplyChain\Api\Foundgine.SupplyChain.Api.csproj", "{30000005-0000-0000-0000-000000000005}"
EndProject
Project("{FAE04EC0-301F-11D3-BF4B-00C04F79EFBC}") = "Foundgine.SupplyChain.Tests", "samples\Foundgine.SupplyChain\Tests\Foundgine.SupplyChain.Tests.csproj", "{30000006-0000-0000-0000-000000000006}"
EndProject
Global
	GlobalSection(SolutionConfigurationPlatforms) = preSolution
		Debug|Any CPU = Debug|Any CPU
		Release|Any CPU = Release|Any CPU
	EndGlobalSection
	GlobalSection(ProjectConfigurationPlatforms) = postSolution
		{30000001-0000-0000-0000-000000000001}.Debug|Any CPU.ActiveCfg = Debug|Any CPU
		{30000001-0000-0000-0000-000000000001}.Debug|Any CPU.Build.0 = Debug|Any CPU
		{30000001-0000-0000-0000-000000000001}.Release|Any CPU.ActiveCfg = Release|Any CPU
		{30000001-0000-0000-0000-000000000001}.Release|Any CPU.Build.0 = Release|Any CPU
		{30000002-0000-0000-0000-000000000002}.Debug|Any CPU.ActiveCfg = Debug|Any CPU
		{30000002-0000-0000-0000-000000000002}.Debug|Any CPU.Build.0 = Debug|Any CPU
		{30000002-0000-0000-0000-000000000002}.Release|Any CPU.ActiveCfg = Release|Any CPU
		{30000002-0000-0000-0000-000000000002}.Release|Any CPU.Build.0 = Release|Any CPU
		{30000003-0000-0000-0000-000000000003}.Debug|Any CPU.ActiveCfg = Debug|Any CPU
		{30000003-0000-0000-0000-000000000003}.Debug|Any CPU.Build.0 = Debug|Any CPU
		{30000003-0000-0000-0000-000000000003}.Release|Any CPU.ActiveCfg = Release|Any CPU
		{30000003-0000-0000-0000-000000000003}.Release|Any CPU.Build.0 = Release|Any CPU
		{30000004-0000-0000-0000-000000000004}.Debug|Any CPU.ActiveCfg = Debug|Any CPU
		{30000004-0000-0000-0000-000000000004}.Debug|Any CPU.Build.0 = Debug|Any CPU
		{30000004-0000-0000-0000-000000000004}.Release|Any CPU.ActiveCfg = Release|Any CPU
		{30000004-0000-0000-0000-000000000004}.Release|Any CPU.Build.0 = Release|Any CPU
		{30000005-0000-0000-0000-000000000005}.Debug|Any CPU.ActiveCfg = Debug|Any CPU
		{30000005-0000-0000-0000-000000000005}.Debug|Any CPU.Build.0 = Debug|Any CPU
		{30000005-0000-0000-0000-000000000005}.Release|Any CPU.ActiveCfg = Release|Any CPU
		{30000005-0000-0000-0000-000000000005}.Release|Any CPU.Build.0 = Release|Any CPU
		{30000006-0000-0000-0000-000000000006}.Debug|Any CPU.ActiveCfg = Debug|Any CPU
		{30000006-0000-0000-0000-000000000006}.Debug|Any CPU.Build.0 = Debug|Any CPU
		{30000006-0000-0000-0000-000000000006}.Release|Any CPU.ActiveCfg = Release|Any CPU
		{30000006-0000-0000-0000-000000000006}.Release|Any CPU.Build.0 = Release|Any CPU
		{10000014-0000-0000-0000-000000000014}.Debug|Any CPU.ActiveCfg = Debug|Any CPU
		{10000014-0000-0000-0000-000000000014}.Debug|Any CPU.Build.0 = Debug|Any CPU
		{10000014-0000-0000-0000-000000000014}.Release|Any CPU.ActiveCfg = Release|Any CPU
		{10000014-0000-0000-0000-000000000014}.Release|Any CPU.Build.0 = Release|Any CPU
		{10000010-0000-0000-0000-000000000010}.Debug|Any CPU.ActiveCfg = Debug|Any CPU
		{10000010-0000-0000-0000-000000000010}.Debug|Any CPU.Build.0 = Debug|Any CPU
		{10000010-0000-0000-0000-000000000010}.Release|Any CPU.ActiveCfg = Release|Any CPU
		{10000010-0000-0000-0000-000000000010}.Release|Any CPU.Build.0 = Release|Any CPU
		{10000010-0000-0000-0000-000000000010}.Debug|Any CPU.ActiveCfg = Debug|Any CPU
		{10000010-0000-0000-0000-000000000010}.Debug|Any CPU.Build.0 = Debug|Any CPU
		{10000010-0000-0000-0000-000000000010}.Release|Any CPU.ActiveCfg = Release|Any CPU
		{10000010-0000-0000-0000-000000000010}.Release|Any CPU.Build.0 = Release|Any CPU
		{20000008-0000-0000-0000-000000000008}.Debug|Any CPU.ActiveCfg = Debug|Any CPU
		{20000008-0000-0000-0000-000000000008}.Debug|Any CPU.Build.0 = Debug|Any CPU
		{20000008-0000-0000-0000-000000000008}.Release|Any CPU.ActiveCfg = Release|Any CPU
		{20000008-0000-0000-0000-000000000008}.Release|Any CPU.Build.0 = Release|Any CPU
		{20000009-0000-0000-0000-000000000009}.Debug|Any CPU.ActiveCfg = Debug|Any CPU
		{20000009-0000-0000-0000-000000000009}.Debug|Any CPU.Build.0 = Debug|Any CPU
		{20000009-0000-0000-0000-000000000009}.Release|Any CPU.ActiveCfg = Release|Any CPU
		{20000009-0000-0000-0000-000000000009}.Release|Any CPU.Build.0 = Release|Any CPU
		{1000000C-0000-0000-0000-00000000000C}.Debug|Any CPU.ActiveCfg = Debug|Any CPU
		{1000000C-0000-0000-0000-00000000000C}.Debug|Any CPU.Build.0 = Debug|Any CPU
		{1000000C-0000-0000-0000-00000000000C}.Release|Any CPU.ActiveCfg = Release|Any CPU
		{1000000C-0000-0000-0000-00000000000C}.Release|Any CPU.Build.0 = Release|Any CPU
		{1000000B-0000-0000-0000-00000000000B}.Debug|Any CPU.ActiveCfg = Debug|Any CPU
		{1000000B-0000-0000-0000-00000000000B}.Debug|Any CPU.Build.0 = Debug|Any CPU
		{1000000B-0000-0000-0000-00000000000B}.Release|Any CPU.ActiveCfg = Release|Any CPU
		{1000000B-0000-0000-0000-00000000000B}.Release|Any CPU.Build.0 = Release|Any CPU
		{20000006-0000-0000-0000-000000000006}.Debug|Any CPU.ActiveCfg = Debug|Any CPU
		{20000006-0000-0000-0000-000000000006}.Debug|Any CPU.Build.0 = Debug|Any CPU
		{20000006-0000-0000-0000-000000000006}.Release|Any CPU.ActiveCfg = Release|Any CPU
		{20000006-0000-0000-0000-000000000006}.Release|Any CPU.Build.0 = Release|Any CPU
		{10000001-0000-0000-0000-000000000001}.Debug|Any CPU.ActiveCfg = Debug|Any CPU
		{10000001-0000-0000-0000-000000000001}.Debug|Any CPU.Build.0 = Debug|Any CPU
		{10000001-0000-0000-0000-000000000001}.Release|Any CPU.ActiveCfg = Release|Any CPU
		{10000001-0000-0000-0000-000000000001}.Release|Any CPU.Build.0 = Release|Any CPU
		{10000002-0000-0000-0000-000000000002}.Debug|Any CPU.ActiveCfg = Debug|Any CPU
		{10000002-0000-0000-0000-000000000002}.Debug|Any CPU.Build.0 = Debug|Any CPU
		{10000002-0000-0000-0000-000000000002}.Release|Any CPU.ActiveCfg = Release|Any CPU
		{10000002-0000-0000-0000-000000000002}.Release|Any CPU.Build.0 = Release|Any CPU
		{10000003-0000-0000-0000-000000000003}.Debug|Any CPU.ActiveCfg = Debug|Any CPU
		{10000003-0000-0000-0000-000000000003}.Debug|Any CPU.Build.0 = Debug|Any CPU
		{10000003-0000-0000-0000-000000000003}.Release|Any CPU.ActiveCfg = Release|Any CPU
		{10000003-0000-0000-0000-000000000003}.Release|Any CPU.Build.0 = Release|Any CPU
		{10000004-0000-0000-0000-000000000004}.Debug|Any CPU.ActiveCfg = Debug|Any CPU
		{10000004-0000-0000-0000-000000000004}.Debug|Any CPU.Build.0 = Debug|Any CPU
		{10000004-0000-0000-0000-000000000004}.Release|Any CPU.ActiveCfg = Release|Any CPU
		{10000004-0000-0000-0000-000000000004}.Release|Any CPU.Build.0 = Release|Any CPU
		{10000005-0000-0000-0000-000000000005}.Debug|Any CPU.ActiveCfg = Debug|Any CPU
		{10000005-0000-0000-0000-000000000005}.Debug|Any CPU.Build.0 = Debug|Any CPU
		{10000005-0000-0000-0000-000000000005}.Release|Any CPU.ActiveCfg = Release|Any CPU
		{10000005-0000-0000-0000-000000000005}.Release|Any CPU.Build.0 = Release|Any CPU
		{10000006-0000-0000-0000-000000000006}.Debug|Any CPU.ActiveCfg = Debug|Any CPU
		{10000006-0000-0000-0000-000000000006}.Debug|Any CPU.Build.0 = Debug|Any CPU
		{10000006-0000-0000-0000-000000000006}.Release|Any CPU.ActiveCfg = Release|Any CPU
		{10000006-0000-0000-0000-000000000006}.Release|Any CPU.Build.0 = Release|Any CPU
		{10000007-0000-0000-0000-000000000007}.Debug|Any CPU.ActiveCfg = Debug|Any CPU
		{10000007-0000-0000-0000-000000000007}.Debug|Any CPU.Build.0 = Debug|Any CPU
		{10000007-0000-0000-0000-000000000007}.Release|Any CPU.ActiveCfg = Release|Any CPU
		{10000007-0000-0000-0000-000000000007}.Release|Any CPU.Build.0 = Release|Any CPU
		{20000001-0000-0000-0000-000000000001}.Debug|Any CPU.ActiveCfg = Debug|Any CPU
		{20000001-0000-0000-0000-000000000001}.Debug|Any CPU.Build.0 = Debug|Any CPU
		{20000001-0000-0000-0000-000000000001}.Release|Any CPU.ActiveCfg = Release|Any CPU
		{20000001-0000-0000-0000-000000000001}.Release|Any CPU.Build.0 = Release|Any CPU
		{20000002-0000-0000-0000-000000000002}.Debug|Any CPU.ActiveCfg = Debug|Any CPU
		{20000002-0000-0000-0000-000000000002}.Debug|Any CPU.Build.0 = Debug|Any CPU
		{20000002-0000-0000-0000-000000000002}.Release|Any CPU.ActiveCfg = Release|Any CPU
		{20000002-0000-0000-0000-000000000002}.Release|Any CPU.Build.0 = Release|Any CPU
		{20000003-0000-0000-0000-000000000003}.Debug|Any CPU.ActiveCfg = Debug|Any CPU
		{20000003-0000-0000-0000-000000000003}.Debug|Any CPU.Build.0 = Debug|Any CPU
		{20000003-0000-0000-0000-000000000003}.Release|Any CPU.ActiveCfg = Release|Any CPU
		{20000003-0000-0000-0000-000000000003}.Release|Any CPU.Build.0 = Release|Any CPU
		{10000008-0000-0000-0000-000000000008}.Debug|Any CPU.ActiveCfg = Debug|Any CPU
		{10000008-0000-0000-0000-000000000008}.Debug|Any CPU.Build.0 = Debug|Any CPU
		{10000008-0000-0000-0000-000000000008}.Release|Any CPU.ActiveCfg = Release|Any CPU
		{10000008-0000-0000-0000-000000000008}.Release|Any CPU.Build.0 = Release|Any CPU
		{20000004-0000-0000-0000-000000000004}.Debug|Any CPU.ActiveCfg = Debug|Any CPU
		{20000004-0000-0000-0000-000000000004}.Debug|Any CPU.Build.0 = Debug|Any CPU
		{20000004-0000-0000-0000-000000000004}.Release|Any CPU.ActiveCfg = Release|Any CPU
		{20000004-0000-0000-0000-000000000004}.Release|Any CPU.Build.0 = Release|Any CPU
		{10000009-0000-0000-0000-000000000009}.Debug|Any CPU.ActiveCfg = Debug|Any CPU
		{10000009-0000-0000-0000-000000000009}.Debug|Any CPU.Build.0 = Debug|Any CPU
		{10000009-0000-0000-0000-000000000009}.Release|Any CPU.ActiveCfg = Release|Any CPU
		{10000009-0000-0000-0000-000000000009}.Release|Any CPU.Build.0 = Release|Any CPU
		{20000005-0000-0000-0000-000000000005}.Debug|Any CPU.ActiveCfg = Debug|Any CPU
		{20000005-0000-0000-0000-000000000005}.Debug|Any CPU.Build.0 = Debug|Any CPU
		{20000005-0000-0000-0000-000000000005}.Release|Any CPU.ActiveCfg = Release|Any CPU
		{20000005-0000-0000-0000-000000000005}.Release|Any CPU.Build.0 = Release|Any CPU
		{1000000A-0000-0000-0000-00000000000A}.Debug|Any CPU.ActiveCfg = Debug|Any CPU
		{1000000A-0000-0000-0000-00000000000A}.Debug|Any CPU.Build.0 = Debug|Any CPU
		{1000000A-0000-0000-0000-00000000000A}.Release|Any CPU.ActiveCfg = Release|Any CPU
		{1000000A-0000-0000-0000-00000000000A}.Release|Any CPU.Build.0 = Release|Any CPU
		{1000000D-0000-0000-0000-00000000000D}.Debug|Any CPU.ActiveCfg = Debug|Any CPU
		{1000000D-0000-0000-0000-00000000000D}.Debug|Any CPU.Build.0 = Debug|Any CPU
		{1000000D-0000-0000-0000-00000000000D}.Release|Any CPU.ActiveCfg = Release|Any CPU
		{1000000D-0000-0000-0000-00000000000D}.Release|Any CPU.Build.0 = Release|Any CPU
		{20000007-0000-0000-0000-000000000007}.Debug|Any CPU.ActiveCfg = Debug|Any CPU
		{20000007-0000-0000-0000-000000000007}.Debug|Any CPU.Build.0 = Debug|Any CPU
		{20000007-0000-0000-0000-000000000007}.Release|Any CPU.ActiveCfg = Release|Any CPU
		{20000007-0000-0000-0000-000000000007}.Release|Any CPU.Build.0 = Release|Any CPU
		{1000000E-0000-0000-0000-00000000000E}.Debug|Any CPU.ActiveCfg = Debug|Any CPU
		{1000000E-0000-0000-0000-00000000000E}.Debug|Any CPU.Build.0 = Debug|Any CPU
		{1000000E-0000-0000-0000-00000000000E}.Release|Any CPU.ActiveCfg = Release|Any CPU
		{1000000E-0000-0000-0000-00000000000E}.Release|Any CPU.Build.0 = Release|Any CPU
		{1000000F-0000-0000-0000-00000000000F}.Debug|Any CPU.ActiveCfg = Debug|Any CPU
		{1000000F-0000-0000-0000-00000000000F}.Debug|Any CPU.Build.0 = Debug|Any CPU
		{1000000F-0000-0000-0000-00000000000F}.Release|Any CPU.ActiveCfg = Release|Any CPU
		{1000000F-0000-0000-0000-00000000000F}.Release|Any CPU.Build.0 = Release|Any CPU
		{523098A7-4F9B-4E76-8D47-14A910E8FE63}.Debug|Any CPU.ActiveCfg = Debug|Any CPU
		{523098A7-4F9B-4E76-8D47-14A910E8FE63}.Debug|Any CPU.Build.0 = Debug|Any CPU
		{523098A7-4F9B-4E76-8D47-14A910E8FE63}.Release|Any CPU.ActiveCfg = Release|Any CPU
		{523098A7-4F9B-4E76-8D47-14A910E8FE63}.Release|Any CPU.Build.0 = Release|Any CPU
		{10000011-0000-0000-0000-000000000011}.Debug|Any CPU.ActiveCfg = Debug|Any CPU
		{10000011-0000-0000-0000-000000000011}.Debug|Any CPU.Build.0 = Debug|Any CPU
		{10000011-0000-0000-0000-000000000011}.Release|Any CPU.ActiveCfg = Release|Any CPU
		{10000011-0000-0000-0000-000000000011}.Release|Any CPU.Build.0 = Release|Any CPU
		{10000012-0000-0000-0000-000000000012}.Debug|Any CPU.ActiveCfg = Debug|Any CPU
		{10000012-0000-0000-0000-000000000012}.Debug|Any CPU.Build.0 = Debug|Any CPU
		{10000012-0000-0000-0000-000000000012}.Release|Any CPU.ActiveCfg = Release|Any CPU
		{10000012-0000-0000-0000-000000000012}.Release|Any CPU.Build.0 = Release|Any CPU
		{2000000B-0000-0000-0000-00000000000B}.Debug|Any CPU.ActiveCfg = Debug|Any CPU
		{2000000B-0000-0000-0000-00000000000B}.Debug|Any CPU.Build.0 = Debug|Any CPU
		{2000000B-0000-0000-0000-00000000000B}.Release|Any CPU.ActiveCfg = Release|Any CPU
		{2000000B-0000-0000-0000-00000000000B}.Release|Any CPU.Build.0 = Release|Any CPU
		{2000000A-0000-0000-0000-00000000000A}.Debug|Any CPU.ActiveCfg = Debug|Any CPU
		{2000000A-0000-0000-0000-00000000000A}.Debug|Any CPU.Build.0 = Debug|Any CPU
		{2000000A-0000-0000-0000-00000000000A}.Release|Any CPU.ActiveCfg = Release|Any CPU
		{2000000A-0000-0000-0000-00000000000A}.Release|Any CPU.Build.0 = Release|Any CPU
		{10000013-0000-0000-0000-000000000013}.Debug|Any CPU.ActiveCfg = Debug|Any CPU
		{10000013-0000-0000-0000-000000000013}.Debug|Any CPU.Build.0 = Debug|Any CPU
		{10000013-0000-0000-0000-000000000013}.Release|Any CPU.ActiveCfg = Release|Any CPU
		{10000013-0000-0000-0000-000000000013}.Release|Any CPU.Build.0 = Release|Any CPU
	EndGlobalSection
	GlobalSection(SolutionProperties) = preSolution
		HideSolutionNode = FALSE
	EndGlobalSection
EndGlobal
