
Microsoft Visual Studio Solution File, Format Version 12.00
# Visual Studio Version 17
VisualStudioVersion = 17.0.31903.59
MinimumVisualStudioVersion = 10.0.40219.1
Project("{2150E333-8FDC-42A3-9474-1A3956D46DE8}") = "benchmarks", "benchmarks", "{66320409-64EC-F7C5-3DEF-65E7510DAAD1}"
EndProject
Project("{2150E333-8FDC-42A3-9474-1A3956D46DE8}") = "AgentEndToEnd", "AgentEndToEnd", "{2ED57860-37EF-60BE-1CFF-14491EF596EF}"
EndProject
Project("{FAE04EC0-301F-11D3-BF4B-00C04F79EFBC}") = "Foundgine.AgentEndToEnd.Benchmark", "benchmarks\AgentEndToEnd\Foundgine.AgentEndToEnd.Benchmark.csproj", "{2B0C597B-98DD-4006-99EF-D6D249BE73CA}"
EndProject
Project("{2150E333-8FDC-42A3-9474-1A3956D46DE8}") = "Run1", "Run1", "{9BD7DBF0-4116-4100-2C2C-3949B8A8CAA5}"
EndProject
Project("{FAE04EC0-301F-11D3-BF4B-00C04F79EFBC}") = "Foundgine.AgentEndToEnd.Benchmark", "benchmarks\AgentEndToEnd\Run1\Foundgine.AgentEndToEnd.Benchmark.csproj", "{0437B95E-0EC1-4258-9BE8-CAE344DC89C1}"
EndProject
Project("{2150E333-8FDC-42A3-9474-1A3956D46DE8}") = "Run2", "Run2", "{68FFE7CE-A312-979B-B61A-83FC74664486}"
EndProject
Project("{FAE04EC0-301F-11D3-BF4B-00C04F79EFBC}") = "Foundgine.AgentEndToEnd", "benchmarks\AgentEndToEnd\Run2\Foundgine.AgentEndToEnd.csproj", "{CB1A237A-923A-44D4-BBC4-B191BEA7ABF4}"
EndProject
Project("{2150E333-8FDC-42A3-9474-1A3956D46DE8}") = "Run3", "Run3", "{78F287B7-3BBE-DCE3-1974-BC2F85DE3D47}"
EndProject
Project("{FAE04EC0-301F-11D3-BF4B-00C04F79EFBC}") = "Foundgine.AgentEndToEnd.Run3", "benchmarks\AgentEndToEnd\Run3\Foundgine.AgentEndToEnd.Run3.csproj", "{5923928E-DDF2-4A8E-9060-AFBC50606A36}"
EndProject
Project("{2150E333-8FDC-42A3-9474-1A3956D46DE8}") = "Run4", "Run4", "{8FD4D671-6A7B-BE0D-9649-725B670EAD71}"
EndProject
Project("{FAE04EC0-301F-11D3-BF4B-00C04F79EFBC}") = "GraphQL.EF", "benchmarks\AgentEndToEnd\Run4\GraphQL.EF\GraphQL.EF.csproj", "{36A2D911-FDC0-4424-9C91-FA6C98F99F64}"
EndProject
Project("{FAE04EC0-301F-11D3-BF4B-00C04F79EFBC}") = "MCP.Foundgine", "benchmarks\AgentEndToEnd\Run4\MCP.Foundgine\MCP.Foundgine.csproj", "{EA4182C5-6D11-4FE6-87FD-B85EC2A24D8A}"
EndProject
Project("{FAE04EC0-301F-11D3-BF4B-00C04F79EFBC}") = "Runner", "benchmarks\AgentEndToEnd\Run4\Runner\Runner.csproj", "{7C349BC7-44B6-4962-B79A-4D27179EE7DF}"
EndProject
Project("{2150E333-8FDC-42A3-9474-1A3956D46DE8}") = "Run5", "Run5", "{7470AB09-F6F4-4F66-9206-E0E31B29C7F7}"
EndProject
Project("{FAE04EC0-301F-11D3-BF4B-00C04F79EFBC}") = "Database", "benchmarks\AgentEndToEnd\Run5\Database\Database.csproj", "{884F4309-5DA3-4D33-A2EB-FFE6443EBFE0}"
EndProject
Project("{2150E333-8FDC-42A3-9474-1A3956D46DE8}") = "EfCore", "EfCore", "{C908EE12-4046-F8ED-24A2-9A451105C174}"
EndProject
Project("{FAE04EC0-301F-11D3-BF4B-00C04F79EFBC}") = "Foundgine.HighAssurance.EfCore", "benchmarks\AgentEndToEnd\Run5\EfCore\Foundgine.HighAssurance.EfCore.csproj", "{1772B0E4-CD0D-49BD-BE5F-E8A2A63A5DCB}"
EndProject
Project("{FAE04EC0-301F-11D3-BF4B-00C04F79EFBC}") = "MCP.EfCore", "benchmarks\AgentEndToEnd\Run5\MCP.EfCore\MCP.EfCore.csproj", "{9EE1EA77-B5BF-4896-8F1B-2DEDC1551823}"
EndProject
Project("{FAE04EC0-301F-11D3-BF4B-00C04F79EFBC}") = "MCP.Foundgine", "benchmarks\AgentEndToEnd\Run5\MCP.Foundgine\MCP.Foundgine.csproj", "{4C920341-4F28-40BB-89A4-08B6C7DA09C3}"
EndProject
Project("{FAE04EC0-301F-11D3-BF4B-00C04F79EFBC}") = "Runner", "benchmarks\AgentEndToEnd\Run5\Runner\Runner.csproj", "{CAB01B01-480E-40C1-B0DE-2728441E81FF}"
EndProject
Project("{2150E333-8FDC-42A3-9474-1A3956D46DE8}") = "Run5SameClient", "Run5SameClient", "{897EAD17-2F98-48C0-8493-8844BC907B0F}"
EndProject
Project("{FAE04EC0-301F-11D3-BF4B-00C04F79EFBC}") = "Database", "benchmarks\AgentEndToEnd\Run5SameClient\Database\Database.csproj", "{C538DE7E-DC96-4EC0-B419-1DC8FBF44093}"
EndProject
Project("{2150E333-8FDC-42A3-9474-1A3956D46DE8}") = "EfCore", "EfCore", "{9AE731FF-5E89-3171-F622-02F82F2364C5}"
EndProject
Project("{FAE04EC0-301F-11D3-BF4B-00C04F79EFBC}") = "Foundgine.HighAssurance.EfCore", "benchmarks\AgentEndToEnd\Run5SameClient\EfCore\Foundgine.HighAssurance.EfCore.csproj", "{BA28DB93-45C2-482F-A43E-A9783FA0D32E}"
EndProject
Project("{FAE04EC0-301F-11D3-BF4B-00C04F79EFBC}") = "MCP.EfCore", "benchmarks\AgentEndToEnd\Run5SameClient\MCP.EfCore\MCP.EfCore.csproj", "{9C9328B2-28B6-4445-9A08-ACCDCEE056A1}"
EndProject
Project("{FAE04EC0-301F-11D3-BF4B-00C04F79EFBC}") = "MCP.Foundgine", "benchmarks\AgentEndToEnd\Run5SameClient\MCP.Foundgine\MCP.Foundgine.csproj", "{E7939DEA-D24E-475F-A12E-4B1EC4A6EEBE}"
EndProject
Project("{FAE04EC0-301F-11D3-BF4B-00C04F79EFBC}") = "Runner", "benchmarks\AgentEndToEnd\Run5SameClient\Runner\Runner.csproj", "{A0A763CD-7671-4157-BBFA-FDD3DD8390F7}"
EndProject
Project("{2150E333-8FDC-42A3-9474-1A3956D46DE8}") = "SupplyChain", "SupplyChain", "{92B12803-C351-4C58-81EC-7F0734A2A154}"
EndProject
Project("{FAE04EC0-301F-11D3-BF4B-00C04F79EFBC}") = "Agent", "benchmarks\AgentEndToEnd\SupplyChain\Agent\Agent.csproj", "{92D38249-EA09-476F-AB2B-68125A987603}"
EndProject
Project("{FAE04EC0-301F-11D3-BF4B-00C04F79EFBC}") = "Database", "benchmarks\AgentEndToEnd\SupplyChain\Database\Database.csproj", "{CBCA410A-D124-4BE2-97C4-DD1217862224}"
EndProject
Project("{FAE04EC0-301F-11D3-BF4B-00C04F79EFBC}") = "MCP.Foundgine", "benchmarks\AgentEndToEnd\SupplyChain\MCP.Foundgine\MCP.Foundgine.csproj", "{8C03D2B7-9F13-45AD-944E-6452F3E84DC6}"
EndProject
Project("{2150E333-8FDC-42A3-9474-1A3956D46DE8}") = "CoffeeBeanery.Performance", "CoffeeBeanery.Performance", "{588E32BF-C121-376E-DC28-0BA003ED3740}"
EndProject
Project("{FAE04EC0-301F-11D3-BF4B-00C04F79EFBC}") = "CoffeeBeanery.Database", "benchmarks\CoffeeBeanery.Performance\CoffeeBeanery.Database\CoffeeBeanery.Database.csproj", "{E0257D16-E119-4F4C-8C96-EB399140C78C}"
EndProject
Project("{FAE04EC0-301F-11D3-BF4B-00C04F79EFBC}") = "CoffeeBeanery.LoadTest", "benchmarks\CoffeeBeanery.Performance\CoffeeBeanery.LoadTest\CoffeeBeanery.LoadTest.csproj", "{0CDCB82B-7E23-4871-A4D1-33CCBD2127FE}"
EndProject
Project("{FAE04EC0-301F-11D3-BF4B-00C04F79EFBC}") = "Foundgine.CoffeeBeanery.BenchmarkApi", "benchmarks\CoffeeBeanery.Performance\Foundgine.CoffeeBeanery.BenchmarkApi\Foundgine.CoffeeBeanery.BenchmarkApi.csproj", "{DD938F77-C7A2-4CD3-B366-A7A083FF8E82}"
EndProject
Project("{FAE04EC0-301F-11D3-BF4B-00C04F79EFBC}") = "HotChocolate.CoffeeBeanery.BenchmarkApi", "benchmarks\CoffeeBeanery.Performance\HotChocolate.CoffeeBeanery.BenchmarkApi\HotChocolate.CoffeeBeanery.BenchmarkApi.csproj", "{E7D59E6F-D191-40E1-94B5-A90AD0C2CA47}"
EndProject
Project("{2150E333-8FDC-42A3-9474-1A3956D46DE8}") = "samples", "samples", "{5D20AA90-6969-D8BD-9DCD-8634F4692FDA}"
EndProject
Project("{FAE04EC0-301F-11D3-BF4B-00C04F79EFBC}") = "Foundgine.Agent.OpenAI", "samples\Foundgine.Agent.OpenAI\Foundgine.Agent.OpenAI.csproj", "{BCA58E82-536A-42F8-94AA-66D44ABF1B1A}"
EndProject
Project("{FAE04EC0-301F-11D3-BF4B-00C04F79EFBC}") = "Foundgine.CoffeeBeanery.ProductComposite", "samples\Foundgine.CoffeeBeanery.ProductComposite\Foundgine.CoffeeBeanery.ProductComposite.csproj", "{0B3B7CD2-E259-416B-B645-F5E5B9EE8A18}"
EndProject
Project("{FAE04EC0-301F-11D3-BF4B-00C04F79EFBC}") = "Foundgine.HighAssurance.Banking", "samples\Foundgine.HighAssurance.Banking\Foundgine.HighAssurance.Banking.csproj", "{BC5613B0-59E1-4E6B-9F26-42E2BEB33104}"
EndProject
Project("{FAE04EC0-301F-11D3-BF4B-00C04F79EFBC}") = "Foundgine.HighAssurance.Postgres", "samples\Foundgine.HighAssurance.Postgres\Foundgine.HighAssurance.Postgres.csproj", "{109D6D8A-BCF9-40D9-86C9-7A1398C84158}"
EndProject
Project("{2150E333-8FDC-42A3-9474-1A3956D46DE8}") = "Foundgine.SupplyChain", "Foundgine.SupplyChain", "{96996544-1968-59C2-D7C5-40497ACE7C69}"
EndProject
Project("{2150E333-8FDC-42A3-9474-1A3956D46DE8}") = "Api", "Api", "{249B4A77-49F0-58DB-E08C-7B9E1682C33E}"
EndProject
Project("{FAE04EC0-301F-11D3-BF4B-00C04F79EFBC}") = "Foundgine.SupplyChain.Api", "samples\Foundgine.SupplyChain\Api\Foundgine.SupplyChain.Api.csproj", "{93F3AE7D-688F-4290-9409-B7E5E48CD05B}"
EndProject
Project("{2150E333-8FDC-42A3-9474-1A3956D46DE8}") = "Application", "Application", "{8EC806E0-1D1A-793D-4FFC-2CDF7CF6BA4E}"
EndProject
Project("{FAE04EC0-301F-11D3-BF4B-00C04F79EFBC}") = "Foundgine.SupplyChain.Application", "samples\Foundgine.SupplyChain\Application\Foundgine.SupplyChain.Application.csproj", "{DE7B117D-3543-4D0F-ABD2-84391137262A}"
EndProject
Project("{2150E333-8FDC-42A3-9474-1A3956D46DE8}") = "Domain", "Domain", "{3BA704CE-FE53-72C8-20FC-DEC4AE45375C}"
EndProject
Project("{FAE04EC0-301F-11D3-BF4B-00C04F79EFBC}") = "Foundgine.SupplyChain.Domain", "samples\Foundgine.SupplyChain\Domain\Foundgine.SupplyChain.Domain.csproj", "{7F7A6CD7-5DE8-4153-80EF-DA2452C00F9F}"
EndProject
Project("{2150E333-8FDC-42A3-9474-1A3956D46DE8}") = "Infrastructure", "Infrastructure", "{901E4512-EC2D-7747-1F02-FD027C7D0E90}"
EndProject
Project("{FAE04EC0-301F-11D3-BF4B-00C04F79EFBC}") = "Foundgine.SupplyChain.Infrastructure", "samples\Foundgine.SupplyChain\Infrastructure\Foundgine.SupplyChain.Infrastructure.csproj", "{C423068B-E8C3-4F5B-8055-4C5E3ADACF5E}"
EndProject
Project("{2150E333-8FDC-42A3-9474-1A3956D46DE8}") = "Tests", "Tests", "{27D3B79B-2F69-7A88-10BD-4DC88EA2E872}"
EndProject
Project("{FAE04EC0-301F-11D3-BF4B-00C04F79EFBC}") = "Foundgine.SupplyChain.Tests", "samples\Foundgine.SupplyChain\Tests\Foundgine.SupplyChain.Tests.csproj", "{BFC07093-77DE-438B-9C7E-6069D0179403}"
EndProject
Project("{2150E333-8FDC-42A3-9474-1A3956D46DE8}") = "Foundgine.SupplyChain.PenTest", "Foundgine.SupplyChain.PenTest", "{32F74F99-12F7-2DE7-47AF-272233B43EC9}"
EndProject
Project("{2150E333-8FDC-42A3-9474-1A3956D46DE8}") = "Api", "Api", "{F7B93778-62A6-9905-51D4-E261A0FC69AA}"
EndProject
Project("{2150E333-8FDC-42A3-9474-1A3956D46DE8}") = "GraphQL", "GraphQL", "{D0C12FBD-78C1-8D24-1411-0989C011FCD0}"
EndProject
Project("{FAE04EC0-301F-11D3-BF4B-00C04F79EFBC}") = "Foundgine.SupplyChain.PenTest.Graph.Api", "samples\Foundgine.SupplyChain.PenTest\Api\GraphQL\Foundgine.SupplyChain.PenTest.Graph.Api.csproj", "{C83200C8-D4CE-4B7E-B0A9-80C781B7E4A1}"
EndProject
Project("{2150E333-8FDC-42A3-9474-1A3956D46DE8}") = "Mcp", "Mcp", "{5208F66B-219F-5A29-9D1D-22DF8402ECA9}"
EndProject
Project("{FAE04EC0-301F-11D3-BF4B-00C04F79EFBC}") = "Foundgine.SupplyChain.PenTest.Mcp.Api", "samples\Foundgine.SupplyChain.PenTest\Api\Mcp\Foundgine.SupplyChain.PenTest.Mcp.Api.csproj", "{F54C50FE-BBB7-40C5-BE68-30A1221C19FA}"
EndProject
Project("{2150E333-8FDC-42A3-9474-1A3956D46DE8}") = "Tests", "Tests", "{6B5A0510-6FF5-D8F7-B6FB-086AFCD957A0}"
EndProject
Project("{FAE04EC0-301F-11D3-BF4B-00C04F79EFBC}") = "Foundgine.SupplyChain.PenTest.Tests", "samples\Foundgine.SupplyChain.PenTest\Tests\Foundgine.SupplyChain.PenTest.Tests.csproj", "{14ABC6F0-1A81-493E-A4DE-FB39D67DF44A}"
EndProject
Project("{2150E333-8FDC-42A3-9474-1A3956D46DE8}") = "Foundgine.SupplyChain.Semantic", "Foundgine.SupplyChain.Semantic", "{70E545C5-52EB-168C-587E-754576128FDF}"
EndProject
Project("{2150E333-8FDC-42A3-9474-1A3956D46DE8}") = "Api", "Api", "{5009DC35-54F8-4924-F87E-7A453788FA01}"
EndProject
Project("{2150E333-8FDC-42A3-9474-1A3956D46DE8}") = "Mcp", "Mcp", "{5A0415F6-1ED8-34C9-08C2-A62ED35A40C2}"
EndProject
Project("{FAE04EC0-301F-11D3-BF4B-00C04F79EFBC}") = "Foundgine.SupplyChain.Semantic.Mcp.Api", "samples\Foundgine.SupplyChain.Semantic\Api\Mcp\Foundgine.SupplyChain.Semantic.Mcp.Api.csproj", "{9D046CFA-2488-40E7-8CCE-B710ED8EBCB8}"
EndProject
Project("{2150E333-8FDC-42A3-9474-1A3956D46DE8}") = "McpClient", "McpClient", "{85ED1011-4F33-F709-130D-C159C49F4735}"
EndProject
Project("{FAE04EC0-301F-11D3-BF4B-00C04F79EFBC}") = "Foundgine.SupplyChain.Semantic.Mcp.Client", "samples\Foundgine.SupplyChain.Semantic\McpClient\Foundgine.SupplyChain.Semantic.Mcp.Client.csproj", "{9044A4CD-5655-408F-8D1C-AD4F777CF539}"
EndProject
Project("{2150E333-8FDC-42A3-9474-1A3956D46DE8}") = "Tests", "Tests", "{471BB09D-4CB1-1BF4-A0F9-57A17F862A8D}"
EndProject
Project("{FAE04EC0-301F-11D3-BF4B-00C04F79EFBC}") = "Foundgine.SupplyChain.Semantic.Tests", "samples\Foundgine.SupplyChain.Semantic\Tests\Foundgine.SupplyChain.Semantic.Tests.csproj", "{0FC22BC0-4856-4356-A577-616FC0B4472F}"
EndProject
Project("{FAE04EC0-301F-11D3-BF4B-00C04F79EFBC}") = "Foundgine.SupplyChain.Simple", "samples\Foundgine.SupplyChain.Simple\Foundgine.SupplyChain.Simple.csproj", "{7D200C76-E476-4772-8E17-11E0B9FBC68F}"
EndProject
Project("{2150E333-8FDC-42A3-9474-1A3956D46DE8}") = "src", "src", "{827E0CD3-B72D-47B6-A68D-7590B98EB39B}"
EndProject
Project("{FAE04EC0-301F-11D3-BF4B-00C04F79EFBC}") = "Foundgine", "src\Foundgine\Foundgine.csproj", "{68A48974-5558-48A1-B893-9241EBE02EA4}"
EndProject
Project("{FAE04EC0-301F-11D3-BF4B-00C04F79EFBC}") = "Foundgine.Abstractions", "src\Foundgine.Abstractions\Foundgine.Abstractions.csproj", "{80593BD5-ECE9-4EA5-A5F6-3557586F045A}"
EndProject
Project("{FAE04EC0-301F-11D3-BF4B-00C04F79EFBC}") = "Foundgine.AI", "src\Foundgine.AI\Foundgine.AI.csproj", "{B5A2B44D-F165-46BA-A957-12BD39D1D911}"
EndProject
Project("{FAE04EC0-301F-11D3-BF4B-00C04F79EFBC}") = "Foundgine.Aot", "src\Foundgine.Aot\Foundgine.Aot.csproj", "{A7CC5D3B-C508-4102-B8D0-3D8119F3699A}"
EndProject
Project("{FAE04EC0-301F-11D3-BF4B-00C04F79EFBC}") = "Foundgine.Aot.Generator", "src\Foundgine.Aot.Generator\Foundgine.Aot.Generator.csproj", "{7A6AB94F-A49A-443F-B9F9-73353BD37826}"
EndProject
Project("{FAE04EC0-301F-11D3-BF4B-00C04F79EFBC}") = "Foundgine.Execution", "src\Foundgine.Execution\Foundgine.Execution.csproj", "{A433C4C6-7551-4F1F-940F-D53E37AE36E3}"
EndProject
Project("{FAE04EC0-301F-11D3-BF4B-00C04F79EFBC}") = "Foundgine.Elasticsearch", "src\Foundgine.Elasticsearch\Foundgine.Elasticsearch.csproj", "{C2D6F4A9-8C4E-4B1B-9E0D-7A0B5D3E91F4}"
EndProject
Project("{FAE04EC0-301F-11D3-BF4B-00C04F79EFBC}") = "Foundgine.Postgres.Vector", "src\Foundgine.Postgres.Vector\Foundgine.Postgres.Vector.csproj", "{9E1A2B3C-4D5E-4F60-8A71-B2C3D4E5F6A7}"
EndProject
Project("{FAE04EC0-301F-11D3-BF4B-00C04F79EFBC}") = "Foundgine.GraphQL.HotChocolate", "src\Foundgine.GraphQL.HotChocolate\Foundgine.GraphQL.HotChocolate.csproj", "{137848F1-1987-4D89-917E-6AA13DC15C29}"
EndProject
Project("{FAE04EC0-301F-11D3-BF4B-00C04F79EFBC}") = "Foundgine.GraphQL.HotChocolate.Execution", "src\Foundgine.GraphQL.HotChocolate.Execution\Foundgine.GraphQL.HotChocolate.Execution.csproj", "{33012F50-3D6F-47FC-A964-9F940015C1B9}"
EndProject
Project("{FAE04EC0-301F-11D3-BF4B-00C04F79EFBC}") = "Foundgine.GraphQL.HotChocolate.MutationExecution", "src\Foundgine.GraphQL.HotChocolate.MutationExecution\Foundgine.GraphQL.HotChocolate.MutationExecution.csproj", "{F224D7DA-F0D5-47B9-9C85-56D774455078}"
EndProject
Project("{FAE04EC0-301F-11D3-BF4B-00C04F79EFBC}") = "Foundgine.GraphQL.HotChocolate.Mutations", "src\Foundgine.GraphQL.HotChocolate.Mutations\Foundgine.GraphQL.HotChocolate.Mutations.csproj", "{9C0549FB-69D8-499A-B1E1-B4A2E65FCB23}"
EndProject
Project("{FAE04EC0-301F-11D3-BF4B-00C04F79EFBC}") = "Foundgine.InMemory", "src\Foundgine.InMemory\Foundgine.InMemory.csproj", "{82863FCB-2C9B-47D3-99A2-AA2BA57B4A14}"
EndProject
Project("{FAE04EC0-301F-11D3-BF4B-00C04F79EFBC}") = "Foundgine.Intent.Json", "src\Foundgine.Intent.Json\Foundgine.Intent.Json.csproj", "{B46718D2-D82E-4BD2-B65E-D7EA8EC1654C}"
EndProject
Project("{FAE04EC0-301F-11D3-BF4B-00C04F79EFBC}") = "Foundgine.MCP", "src\Foundgine.MCP\Foundgine.MCP.csproj", "{43B51C7D-314C-40DE-83ED-220A74E2F3D3}"
EndProject
Project("{FAE04EC0-301F-11D3-BF4B-00C04F79EFBC}") = "Foundgine.Metadata", "src\Foundgine.Metadata\Foundgine.Metadata.csproj", "{DDBE8889-62FB-4A86-AF25-67F6214E3F69}"
EndProject
Project("{FAE04EC0-301F-11D3-BF4B-00C04F79EFBC}") = "Foundgine.Planning", "src\Foundgine.Planning\Foundgine.Planning.csproj", "{9C1B055D-B512-4BC3-9DCF-8C3C3F413E58}"
EndProject
Project("{FAE04EC0-301F-11D3-BF4B-00C04F79EFBC}") = "Foundgine.Security.Authority", "src\Foundgine.Security.Authority\Foundgine.Security.Authority.csproj", "{7B683882-AAEB-483C-9F06-7D9ABC46EAD8}"
EndProject
Project("{FAE04EC0-301F-11D3-BF4B-00C04F79EFBC}") = "Foundgine.Semantics", "src\Foundgine.Semantics\Foundgine.Semantics.csproj", "{4F85270A-75F6-40DC-A491-648179566422}"
EndProject
Project("{FAE04EC0-301F-11D3-BF4B-00C04F79EFBC}") = "Foundgine.Sql", "src\Foundgine.Sql\Foundgine.Sql.csproj", "{1FD35FCB-2A4F-4D51-B560-A642B32C2FFB}"
EndProject
Project("{2150E333-8FDC-42A3-9474-1A3956D46DE8}") = "tests", "tests", "{0AB3BF05-4346-4AA6-1389-037BE0695223}"
EndProject
Project("{FAE04EC0-301F-11D3-BF4B-00C04F79EFBC}") = "Foundgine.Aot.Tests", "tests\Foundgine.Aot.Tests\Foundgine.Aot.Tests.csproj", "{DF2728E9-75E4-4F67-B495-42DF10EA4A2A}"
EndProject
Project("{FAE04EC0-301F-11D3-BF4B-00C04F79EFBC}") = "Foundgine.E2E.Tests", "tests\Foundgine.E2E.Tests\Foundgine.E2E.Tests.csproj", "{EA302F09-77B2-48CB-BD8F-BF54431ADAC9}"
EndProject
Project("{FAE04EC0-301F-11D3-BF4B-00C04F79EFBC}") = "Foundgine.GraphQL.HotChocolate.Tests", "tests\Foundgine.GraphQL.HotChocolate.Tests\Foundgine.GraphQL.HotChocolate.Tests.csproj", "{3DF63C41-39AF-42DE-AAEB-9D62F196CF20}"
EndProject
Project("{FAE04EC0-301F-11D3-BF4B-00C04F79EFBC}") = "Foundgine.HighAssurance.Tests", "tests\Foundgine.HighAssurance.Tests\Foundgine.HighAssurance.Tests.csproj", "{B87E6977-028C-4F17-ADB8-6AF2D308114C}"
EndProject
Project("{FAE04EC0-301F-11D3-BF4B-00C04F79EFBC}") = "Foundgine.InMemory.Tests", "tests\Foundgine.InMemory.Tests\Foundgine.InMemory.Tests.csproj", "{CDC78458-BFD9-491E-979A-81D7F1080397}"
EndProject
Project("{FAE04EC0-301F-11D3-BF4B-00C04F79EFBC}") = "Foundgine.Intent.Json.Tests", "tests\Foundgine.Intent.Json.Tests\Foundgine.Intent.Json.Tests.csproj", "{AAD34526-3C5A-43B2-B3C6-78E3DE35D957}"
EndProject
Project("{FAE04EC0-301F-11D3-BF4B-00C04F79EFBC}") = "Foundgine.MCP.Tests", "tests\Foundgine.MCP.Tests\Foundgine.MCP.Tests.csproj", "{0D5C2A68-F5F2-4BBB-B41A-796EA249C62C}"
EndProject
Project("{FAE04EC0-301F-11D3-BF4B-00C04F79EFBC}") = "Foundgine.Planning.Tests", "tests\Foundgine.Planning.Tests\Foundgine.Planning.Tests.csproj", "{37305559-F074-44BF-9661-EA7BE102EFB7}"
EndProject
Project("{FAE04EC0-301F-11D3-BF4B-00C04F79EFBC}") = "Foundgine.Security.Authority.Tests", "tests\Foundgine.Security.Authority.Tests\Foundgine.Security.Authority.Tests.csproj", "{8B356AFD-E16F-41E4-BB54-313F6FB6F9F6}"
EndProject
Project("{FAE04EC0-301F-11D3-BF4B-00C04F79EFBC}") = "Foundgine.Security.Tests", "tests\Foundgine.Security.Tests\Foundgine.Security.Tests.csproj", "{B7248776-FA33-491C-A832-6895F2F4D8A5}"
EndProject
Project("{FAE04EC0-301F-11D3-BF4B-00C04F79EFBC}") = "Foundgine.Semantics.Tests", "tests\Foundgine.Semantics.Tests\Foundgine.Semantics.Tests.csproj", "{E64C2364-1AA8-40AA-9C3B-A5D438C47D12}"
EndProject
Project("{FAE04EC0-301F-11D3-BF4B-00C04F79EFBC}") = "Foundgine.Sql.Tests", "tests\Foundgine.Sql.Tests\Foundgine.Sql.Tests.csproj", "{23BC341F-FA37-4FEB-A79B-8BEF67FF7A2C}"
Project("{FAE04EC0-301F-11D3-BF4B-00C04F79EFBC}") = "Foundgine.Postgres.Vector.Tests", "tests\Foundgine.Postgres.Vector.Tests\Foundgine.Postgres.Vector.Tests.csproj", "{EBC46044-3576-44E0-9CF4-6C216D68D5C5}"
EndProject
Global
	GlobalSection(SolutionConfigurationPlatforms) = preSolution
		Debug|Any CPU = Debug|Any CPU
		Debug|x64 = Debug|x64
		Debug|x86 = Debug|x86
		Release|Any CPU = Release|Any CPU
		Release|x64 = Release|x64
		Release|x86 = Release|x86
	EndGlobalSection
	GlobalSection(ProjectConfigurationPlatforms) = postSolution
		{2B0C597B-98DD-4006-99EF-D6D249BE73CA}.Debug|Any CPU.ActiveCfg = Debug|Any CPU
		{2B0C597B-98DD-4006-99EF-D6D249BE73CA}.Debug|Any CPU.Build.0 = Debug|Any CPU
		{2B0C597B-98DD-4006-99EF-D6D249BE73CA}.Debug|x64.ActiveCfg = Debug|Any CPU
		{2B0C597B-98DD-4006-99EF-D6D249BE73CA}.Debug|x64.Build.0 = Debug|Any CPU
		{2B0C597B-98DD-4006-99EF-D6D249BE73CA}.Debug|x86.ActiveCfg = Debug|Any CPU
		{2B0C597B-98DD-4006-99EF-D6D249BE73CA}.Debug|x86.Build.0 = Debug|Any CPU
		{2B0C597B-98DD-4006-99EF-D6D249BE73CA}.Release|Any CPU.ActiveCfg = Release|Any CPU
		{2B0C597B-98DD-4006-99EF-D6D249BE73CA}.Release|Any CPU.Build.0 = Release|Any CPU
		{2B0C597B-98DD-4006-99EF-D6D249BE73CA}.Release|x64.ActiveCfg = Release|Any CPU
		{2B0C597B-98DD-4006-99EF-D6D249BE73CA}.Release|x64.Build.0 = Release|Any CPU
		{2B0C597B-98DD-4006-99EF-D6D249BE73CA}.Release|x86.ActiveCfg = Release|Any CPU
		{2B0C597B-98DD-4006-99EF-D6D249BE73CA}.Release|x86.Build.0 = Release|Any CPU
		{0437B95E-0EC1-4258-9BE8-CAE344DC89C1}.Debug|Any CPU.ActiveCfg = Debug|Any CPU
		{0437B95E-0EC1-4258-9BE8-CAE344DC89C1}.Debug|Any CPU.Build.0 = Debug|Any CPU
		{0437B95E-0EC1-4258-9BE8-CAE344DC89C1}.Debug|x64.ActiveCfg = Debug|Any CPU
		{0437B95E-0EC1-4258-9BE8-CAE344DC89C1}.Debug|x64.Build.0 = Debug|Any CPU
		{0437B95E-0EC1-4258-9BE8-CAE344DC89C1}.Debug|x86.ActiveCfg = Debug|Any CPU
		{0437B95E-0EC1-4258-9BE8-CAE344DC89C1}.Debug|x86.Build.0 = Debug|Any CPU
		{0437B95E-0EC1-4258-9BE8-CAE344DC89C1}.Release|Any CPU.ActiveCfg = Release|Any CPU
		{0437B95E-0EC1-4258-9BE8-CAE344DC89C1}.Release|Any CPU.Build.0 = Release|Any CPU
		{0437B95E-0EC1-4258-9BE8-CAE344DC89C1}.Release|x64.ActiveCfg = Release|Any CPU
		{0437B95E-0EC1-4258-9BE8-CAE344DC89C1}.Release|x64.Build.0 = Release|Any CPU
		{0437B95E-0EC1-4258-9BE8-CAE344DC89C1}.Release|x86.ActiveCfg = Release|Any CPU
		{0437B95E-0EC1-4258-9BE8-CAE344DC89C1}.Release|x86.Build.0 = Release|Any CPU
		{CB1A237A-923A-44D4-BBC4-B191BEA7ABF4}.Debug|Any CPU.ActiveCfg = Debug|Any CPU
		{CB1A237A-923A-44D4-BBC4-B191BEA7ABF4}.Debug|Any CPU.Build.0 = Debug|Any CPU
		{CB1A237A-923A-44D4-BBC4-B191BEA7ABF4}.Debug|x64.ActiveCfg = Debug|Any CPU
		{CB1A237A-923A-44D4-BBC4-B191BEA7ABF4}.Debug|x64.Build.0 = Debug|Any CPU
		{CB1A237A-923A-44D4-BBC4-B191BEA7ABF4}.Debug|x86.ActiveCfg = Debug|Any CPU
		{CB1A237A-923A-44D4-BBC4-B191BEA7ABF4}.Debug|x86.Build.0 = Debug|Any CPU
		{CB1A237A-923A-44D4-BBC4-B191BEA7ABF4}.Release|Any CPU.ActiveCfg = Release|Any CPU
		{CB1A237A-923A-44D4-BBC4-B191BEA7ABF4}.Release|Any CPU.Build.0 = Release|Any CPU
		{CB1A237A-923A-44D4-BBC4-B191BEA7ABF4}.Release|x64.ActiveCfg = Release|Any CPU
		{CB1A237A-923A-44D4-BBC4-B191BEA7ABF4}.Release|x64.Build.0 = Release|Any CPU
		{CB1A237A-923A-44D4-BBC4-B191BEA7ABF4}.Release|x86.ActiveCfg = Release|Any CPU
		{CB1A237A-923A-44D4-BBC4-B191BEA7ABF4}.Release|x86.Build.0 = Release|Any CPU
		{5923928E-DDF2-4A8E-9060-AFBC50606A36}.Debug|Any CPU.ActiveCfg = Debug|Any CPU
		{5923928E-DDF2-4A8E-9060-AFBC50606A36}.Debug|Any CPU.Build.0 = Debug|Any CPU
		{5923928E-DDF2-4A8E-9060-AFBC50606A36}.Debug|x64.ActiveCfg = Debug|Any CPU
		{5923928E-DDF2-4A8E-9060-AFBC50606A36}.Debug|x64.Build.0 = Debug|Any CPU
		{5923928E-DDF2-4A8E-9060-AFBC50606A36}.Debug|x86.ActiveCfg = Debug|Any CPU
		{5923928E-DDF2-4A8E-9060-AFBC50606A36}.Debug|x86.Build.0 = Debug|Any CPU
		{5923928E-DDF2-4A8E-9060-AFBC50606A36}.Release|Any CPU.ActiveCfg = Release|Any CPU
		{5923928E-DDF2-4A8E-9060-AFBC50606A36}.Release|Any CPU.Build.0 = Release|Any CPU
		{5923928E-DDF2-4A8E-9060-AFBC50606A36}.Release|x64.ActiveCfg = Release|Any CPU
		{5923928E-DDF2-4A8E-9060-AFBC50606A36}.Release|x64.Build.0 = Release|Any CPU
		{5923928E-DDF2-4A8E-9060-AFBC50606A36}.Release|x86.ActiveCfg = Release|Any CPU
		{5923928E-DDF2-4A8E-9060-AFBC50606A36}.Release|x86.Build.0 = Release|Any CPU
		{36A2D911-FDC0-4424-9C91-FA6C98F99F64}.Debug|Any CPU.ActiveCfg = Debug|Any CPU
		{36A2D911-FDC0-4424-9C91-FA6C98F99F64}.Debug|Any CPU.Build.0 = Debug|Any CPU
		{36A2D911-FDC0-4424-9C91-FA6C98F99F64}.Debug|x64.ActiveCfg = Debug|Any CPU
		{36A2D911-FDC0-4424-9C91-FA6C98F99F64}.Debug|x64.Build.0 = Debug|Any CPU
		{36A2D911-FDC0-4424-9C91-FA6C98F99F64}.Debug|x86.ActiveCfg = Debug|Any CPU
		{36A2D911-FDC0-4424-9C91-FA6C98F99F64}.Debug|x86.Build.0 = Debug|Any CPU
		{36A2D911-FDC0-4424-9C91-FA6C98F99F64}.Release|Any CPU.ActiveCfg = Release|Any CPU
		{36A2D911-FDC0-4424-9C91-FA6C98F99F64}.Release|Any CPU.Build.0 = Release|Any CPU
		{36A2D911-FDC0-4424-9C91-FA6C98F99F64}.Release|x64.ActiveCfg = Release|Any CPU
		{36A2D911-FDC0-4424-9C91-FA6C98F99F64}.Release|x64.Build.0 = Release|Any CPU
		{36A2D911-FDC0-4424-9C91-FA6C98F99F64}.Release|x86.ActiveCfg = Release|Any CPU
		{36A2D911-FDC0-4424-9C91-FA6C98F99F64}.Release|x86.Build.0 = Release|Any CPU
		{EA4182C5-6D11-4FE6-87FD-B85EC2A24D8A}.Debug|Any CPU.ActiveCfg = Debug|Any CPU
		{EA4182C5-6D11-4FE6-87FD-B85EC2A24D8A}.Debug|Any CPU.Build.0 = Debug|Any CPU
		{EA4182C5-6D11-4FE6-87FD-B85EC2A24D8A}.Debug|x64.ActiveCfg = Debug|Any CPU
		{EA4182C5-6D11-4FE6-87FD-B85EC2A24D8A}.Debug|x64.Build.0 = Debug|Any CPU
		{EA4182C5-6D11-4FE6-87FD-B85EC2A24D8A}.Debug|x86.ActiveCfg = Debug|Any CPU
		{EA4182C5-6D11-4FE6-87FD-B85EC2A24D8A}.Debug|x86.Build.0 = Debug|Any CPU
		{EA4182C5-6D11-4FE6-87FD-B85EC2A24D8A}.Release|Any CPU.ActiveCfg = Release|Any CPU
		{EA4182C5-6D11-4FE6-87FD-B85EC2A24D8A}.Release|Any CPU.Build.0 = Release|Any CPU
		{EA4182C5-6D11-4FE6-87FD-B85EC2A24D8A}.Release|x64.ActiveCfg = Release|Any CPU
		{EA4182C5-6D11-4FE6-87FD-B85EC2A24D8A}.Release|x64.Build.0 = Release|Any CPU
		{EA4182C5-6D11-4FE6-87FD-B85EC2A24D8A}.Release|x86.ActiveCfg = Release|Any CPU
		{EA4182C5-6D11-4FE6-87FD-B85EC2A24D8A}.Release|x86.Build.0 = Release|Any CPU
		{7C349BC7-44B6-4962-B79A-4D27179EE7DF}.Debug|Any CPU.ActiveCfg = Debug|Any CPU
		{7C349BC7-44B6-4962-B79A-4D27179EE7DF}.Debug|Any CPU.Build.0 = Debug|Any CPU
		{7C349BC7-44B6-4962-B79A-4D27179EE7DF}.Debug|x64.ActiveCfg = Debug|Any CPU
		{7C349BC7-44B6-4962-B79A-4D27179EE7DF}.Debug|x64.Build.0 = Debug|Any CPU
		{7C349BC7-44B6-4962-B79A-4D27179EE7DF}.Debug|x86.ActiveCfg = Debug|Any CPU
		{7C349BC7-44B6-4962-B79A-4D27179EE7DF}.Debug|x86.Build.0 = Debug|Any CPU
		{7C349BC7-44B6-4962-B79A-4D27179EE7DF}.Release|Any CPU.ActiveCfg = Release|Any CPU
		{7C349BC7-44B6-4962-B79A-4D27179EE7DF}.Release|Any CPU.Build.0 = Release|Any CPU
		{7C349BC7-44B6-4962-B79A-4D27179EE7DF}.Release|x64.ActiveCfg = Release|Any CPU
		{7C349BC7-44B6-4962-B79A-4D27179EE7DF}.Release|x64.Build.0 = Release|Any CPU
		{7C349BC7-44B6-4962-B79A-4D27179EE7DF}.Release|x86.ActiveCfg = Release|Any CPU
		{7C349BC7-44B6-4962-B79A-4D27179EE7DF}.Release|x86.Build.0 = Release|Any CPU
		{884F4309-5DA3-4D33-A2EB-FFE6443EBFE0}.Debug|Any CPU.ActiveCfg = Debug|Any CPU
		{884F4309-5DA3-4D33-A2EB-FFE6443EBFE0}.Debug|Any CPU.Build.0 = Debug|Any CPU
		{884F4309-5DA3-4D33-A2EB-FFE6443EBFE0}.Debug|x64.ActiveCfg = Debug|Any CPU
		{884F4309-5DA3-4D33-A2EB-FFE6443EBFE0}.Debug|x64.Build.0 = Debug|Any CPU
		{884F4309-5DA3-4D33-A2EB-FFE6443EBFE0}.Debug|x86.ActiveCfg = Debug|Any CPU
		{884F4309-5DA3-4D33-A2EB-FFE6443EBFE0}.Debug|x86.Build.0 = Debug|Any CPU
		{884F4309-5DA3-4D33-A2EB-FFE6443EBFE0}.Release|Any CPU.ActiveCfg = Release|Any CPU
		{884F4309-5DA3-4D33-A2EB-FFE6443EBFE0}.Release|Any CPU.Build.0 = Release|Any CPU
		{884F4309-5DA3-4D33-A2EB-FFE6443EBFE0}.Release|x64.ActiveCfg = Release|Any CPU
		{884F4309-5DA3-4D33-A2EB-FFE6443EBFE0}.Release|x64.Build.0 = Release|Any CPU
		{884F4309-5DA3-4D33-A2EB-FFE6443EBFE0}.Release|x86.ActiveCfg = Release|Any CPU
		{884F4309-5DA3-4D33-A2EB-FFE6443EBFE0}.Release|x86.Build.0 = Release|Any CPU
		{1772B0E4-CD0D-49BD-BE5F-E8A2A63A5DCB}.Debug|Any CPU.ActiveCfg = Debug|Any CPU
		{1772B0E4-CD0D-49BD-BE5F-E8A2A63A5DCB}.Debug|Any CPU.Build.0 = Debug|Any CPU
		{1772B0E4-CD0D-49BD-BE5F-E8A2A63A5DCB}.Debug|x64.ActiveCfg = Debug|Any CPU
		{1772B0E4-CD0D-49BD-BE5F-E8A2A63A5DCB}.Debug|x64.Build.0 = Debug|Any CPU
		{1772B0E4-CD0D-49BD-BE5F-E8A2A63A5DCB}.Debug|x86.ActiveCfg = Debug|Any CPU
		{1772B0E4-CD0D-49BD-BE5F-E8A2A63A5DCB}.Debug|x86.Build.0 = Debug|Any CPU
		{1772B0E4-CD0D-49BD-BE5F-E8A2A63A5DCB}.Release|Any CPU.ActiveCfg = Release|Any CPU
		{1772B0E4-CD0D-49BD-BE5F-E8A2A63A5DCB}.Release|Any CPU.Build.0 = Release|Any CPU
		{1772B0E4-CD0D-49BD-BE5F-E8A2A63A5DCB}.Release|x64.ActiveCfg = Release|Any CPU
		{1772B0E4-CD0D-49BD-BE5F-E8A2A63A5DCB}.Release|x64.Build.0 = Release|Any CPU
		{1772B0E4-CD0D-49BD-BE5F-E8A2A63A5DCB}.Release|x86.ActiveCfg = Release|Any CPU
		{1772B0E4-CD0D-49BD-BE5F-E8A2A63A5DCB}.Release|x86.Build.0 = Release|Any CPU
		{9EE1EA77-B5BF-4896-8F1B-2DEDC1551823}.Debug|Any CPU.ActiveCfg = Debug|Any CPU
		{9EE1EA77-B5BF-4896-8F1B-2DEDC1551823}.Debug|Any CPU.Build.0 = Debug|Any CPU
		{9EE1EA77-B5BF-4896-8F1B-2DEDC1551823}.Debug|x64.ActiveCfg = Debug|Any CPU
		{9EE1EA77-B5BF-4896-8F1B-2DEDC1551823}.Debug|x64.Build.0 = Debug|Any CPU
		{9EE1EA77-B5BF-4896-8F1B-2DEDC1551823}.Debug|x86.ActiveCfg = Debug|Any CPU
		{9EE1EA77-B5BF-4896-8F1B-2DEDC1551823}.Debug|x86.Build.0 = Debug|Any CPU
		{9EE1EA77-B5BF-4896-8F1B-2DEDC1551823}.Release|Any CPU.ActiveCfg = Release|Any CPU
		{9EE1EA77-B5BF-4896-8F1B-2DEDC1551823}.Release|Any CPU.Build.0 = Release|Any CPU
		{9EE1EA77-B5BF-4896-8F1B-2DEDC1551823}.Release|x64.ActiveCfg = Release|Any CPU
		{9EE1EA77-B5BF-4896-8F1B-2DEDC1551823}.Release|x64.Build.0 = Release|Any CPU
		{9EE1EA77-B5BF-4896-8F1B-2DEDC1551823}.Release|x86.ActiveCfg = Release|Any CPU
		{9EE1EA77-B5BF-4896-8F1B-2DEDC1551823}.Release|x86.Build.0 = Release|Any CPU
		{4C920341-4F28-40BB-89A4-08B6C7DA09C3}.Debug|Any CPU.ActiveCfg = Debug|Any CPU
		{4C920341-4F28-40BB-89A4-08B6C7DA09C3}.Debug|Any CPU.Build.0 = Debug|Any CPU
		{4C920341-4F28-40BB-89A4-08B6C7DA09C3}.Debug|x64.ActiveCfg = Debug|Any CPU
		{4C920341-4F28-40BB-89A4-08B6C7DA09C3}.Debug|x64.Build.0 = Debug|Any CPU
		{4C920341-4F28-40BB-89A4-08B6C7DA09C3}.Debug|x86.ActiveCfg = Debug|Any CPU
		{4C920341-4F28-40BB-89A4-08B6C7DA09C3}.Debug|x86.Build.0 = Debug|Any CPU
		{4C920341-4F28-40BB-89A4-08B6C7DA09C3}.Release|Any CPU.ActiveCfg = Release|Any CPU
		{4C920341-4F28-40BB-89A4-08B6C7DA09C3}.Release|Any CPU.Build.0 = Release|Any CPU
		{4C920341-4F28-40BB-89A4-08B6C7DA09C3}.Release|x64.ActiveCfg = Release|Any CPU
		{4C920341-4F28-40BB-89A4-08B6C7DA09C3}.Release|x64.Build.0 = Release|Any CPU
		{4C920341-4F28-40BB-89A4-08B6C7DA09C3}.Release|x86.ActiveCfg = Release|Any CPU
		{4C920341-4F28-40BB-89A4-08B6C7DA09C3}.Release|x86.Build.0 = Release|Any CPU
		{CAB01B01-480E-40C1-B0DE-2728441E81FF}.Debug|Any CPU.ActiveCfg = Debug|Any CPU
		{CAB01B01-480E-40C1-B0DE-2728441E81FF}.Debug|Any CPU.Build.0 = Debug|Any CPU
		{CAB01B01-480E-40C1-B0DE-2728441E81FF}.Debug|x64.ActiveCfg = Debug|Any CPU
		{CAB01B01-480E-40C1-B0DE-2728441E81FF}.Debug|x64.Build.0 = Debug|Any CPU
		{CAB01B01-480E-40C1-B0DE-2728441E81FF}.Debug|x86.ActiveCfg = Debug|Any CPU
		{CAB01B01-480E-40C1-B0DE-2728441E81FF}.Debug|x86.Build.0 = Debug|Any CPU
		{CAB01B01-480E-40C1-B0DE-2728441E81FF}.Release|Any CPU.ActiveCfg = Release|Any CPU
		{CAB01B01-480E-40C1-B0DE-2728441E81FF}.Release|Any CPU.Build.0 = Release|Any CPU
		{CAB01B01-480E-40C1-B0DE-2728441E81FF}.Release|x64.ActiveCfg = Release|Any CPU
		{CAB01B01-480E-40C1-B0DE-2728441E81FF}.Release|x64.Build.0 = Release|Any CPU
		{CAB01B01-480E-40C1-B0DE-2728441E81FF}.Release|x86.ActiveCfg = Release|Any CPU
		{CAB01B01-480E-40C1-B0DE-2728441E81FF}.Release|x86.Build.0 = Release|Any CPU
		{C538DE7E-DC96-4EC0-B419-1DC8FBF44093}.Debug|Any CPU.ActiveCfg = Debug|Any CPU
		{C538DE7E-DC96-4EC0-B419-1DC8FBF44093}.Debug|Any CPU.Build.0 = Debug|Any CPU
		{C538DE7E-DC96-4EC0-B419-1DC8FBF44093}.Debug|x64.ActiveCfg = Debug|Any CPU
		{C538DE7E-DC96-4EC0-B419-1DC8FBF44093}.Debug|x64.Build.0 = Debug|Any CPU
		{C538DE7E-DC96-4EC0-B419-1DC8FBF44093}.Debug|x86.ActiveCfg = Debug|Any CPU
		{C538DE7E-DC96-4EC0-B419-1DC8FBF44093}.Debug|x86.Build.0 = Debug|Any CPU
		{C538DE7E-DC96-4EC0-B419-1DC8FBF44093}.Release|Any CPU.ActiveCfg = Release|Any CPU
		{C538DE7E-DC96-4EC0-B419-1DC8FBF44093}.Release|Any CPU.Build.0 = Release|Any CPU
		{C538DE7E-DC96-4EC0-B419-1DC8FBF44093}.Release|x64.ActiveCfg = Release|Any CPU
		{C538DE7E-DC96-4EC0-B419-1DC8FBF44093}.Release|x64.Build.0 = Release|Any CPU
		{C538DE7E-DC96-4EC0-B419-1DC8FBF44093}.Release|x86.ActiveCfg = Release|Any CPU
		{C538DE7E-DC96-4EC0-B419-1DC8FBF44093}.Release|x86.Build.0 = Release|Any CPU
		{BA28DB93-45C2-482F-A43E-A9783FA0D32E}.Debug|Any CPU.ActiveCfg = Debug|Any CPU
		{BA28DB93-45C2-482F-A43E-A9783FA0D32E}.Debug|Any CPU.Build.0 = Debug|Any CPU
		{BA28DB93-45C2-482F-A43E-A9783FA0D32E}.Debug|x64.ActiveCfg = Debug|Any CPU
		{BA28DB93-45C2-482F-A43E-A9783FA0D32E}.Debug|x64.Build.0 = Debug|Any CPU
		{BA28DB93-45C2-482F-A43E-A9783FA0D32E}.Debug|x86.ActiveCfg = Debug|Any CPU
		{BA28DB93-45C2-482F-A43E-A9783FA0D32E}.Debug|x86.Build.0 = Debug|Any CPU
		{BA28DB93-45C2-482F-A43E-A9783FA0D32E}.Release|Any CPU.ActiveCfg = Release|Any CPU
		{BA28DB93-45C2-482F-A43E-A9783FA0D32E}.Release|Any CPU.Build.0 = Release|Any CPU
		{BA28DB93-45C2-482F-A43E-A9783FA0D32E}.Release|x64.ActiveCfg = Release|Any CPU
		{BA28DB93-45C2-482F-A43E-A9783FA0D32E}.Release|x64.Build.0 = Release|Any CPU
		{BA28DB93-45C2-482F-A43E-A9783FA0D32E}.Release|x86.ActiveCfg = Release|Any CPU
		{BA28DB93-45C2-482F-A43E-A9783FA0D32E}.Release|x86.Build.0 = Release|Any CPU
		{9C9328B2-28B6-4445-9A08-ACCDCEE056A1}.Debug|Any CPU.ActiveCfg = Debug|Any CPU
		{9C9328B2-28B6-4445-9A08-ACCDCEE056A1}.Debug|Any CPU.Build.0 = Debug|Any CPU
		{9C9328B2-28B6-4445-9A08-ACCDCEE056A1}.Debug|x64.ActiveCfg = Debug|Any CPU
		{9C9328B2-28B6-4445-9A08-ACCDCEE056A1}.Debug|x64.Build.0 = Debug|Any CPU
		{9C9328B2-28B6-4445-9A08-ACCDCEE056A1}.Debug|x86.ActiveCfg = Debug|Any CPU
		{9C9328B2-28B6-4445-9A08-ACCDCEE056A1}.Debug|x86.Build.0 = Debug|Any CPU
		{9C9328B2-28B6-4445-9A08-ACCDCEE056A1}.Release|Any CPU.ActiveCfg = Release|Any CPU
		{9C9328B2-28B6-4445-9A08-ACCDCEE056A1}.Release|Any CPU.Build.0 = Release|Any CPU
		{9C9328B2-28B6-4445-9A08-ACCDCEE056A1}.Release|x64.ActiveCfg = Release|Any CPU
		{9C9328B2-28B6-4445-9A08-ACCDCEE056A1}.Release|x64.Build.0 = Release|Any CPU
		{9C9328B2-28B6-4445-9A08-ACCDCEE056A1}.Release|x86.ActiveCfg = Release|Any CPU
		{9C9328B2-28B6-4445-9A08-ACCDCEE056A1}.Release|x86.Build.0 = Release|Any CPU
		{E7939DEA-D24E-475F-A12E-4B1EC4A6EEBE}.Debug|Any CPU.ActiveCfg = Debug|Any CPU
		{E7939DEA-D24E-475F-A12E-4B1EC4A6EEBE}.Debug|Any CPU.Build.0 = Debug|Any CPU
		{E7939DEA-D24E-475F-A12E-4B1EC4A6EEBE}.Debug|x64.ActiveCfg = Debug|Any CPU
		{E7939DEA-D24E-475F-A12E-4B1EC4A6EEBE}.Debug|x64.Build.0 = Debug|Any CPU
		{E7939DEA-D24E-475F-A12E-4B1EC4A6EEBE}.Debug|x86.ActiveCfg = Debug|Any CPU
		{E7939DEA-D24E-475F-A12E-4B1EC4A6EEBE}.Debug|x86.Build.0 = Debug|Any CPU
		{E7939DEA-D24E-475F-A12E-4B1EC4A6EEBE}.Release|Any CPU.ActiveCfg = Release|Any CPU
		{E7939DEA-D24E-475F-A12E-4B1EC4A6EEBE}.Release|Any CPU.Build.0 = Release|Any CPU
		{E7939DEA-D24E-475F-A12E-4B1EC4A6EEBE}.Release|x64.ActiveCfg = Release|Any CPU
		{E7939DEA-D24E-475F-A12E-4B1EC4A6EEBE}.Release|x64.Build.0 = Release|Any CPU
		{E7939DEA-D24E-475F-A12E-4B1EC4A6EEBE}.Release|x86.ActiveCfg = Release|Any CPU
		{E7939DEA-D24E-475F-A12E-4B1EC4A6EEBE}.Release|x86.Build.0 = Release|Any CPU
		{A0A763CD-7671-4157-BBFA-FDD3DD8390F7}.Debug|Any CPU.ActiveCfg = Debug|Any CPU
		{A0A763CD-7671-4157-BBFA-FDD3DD8390F7}.Debug|Any CPU.Build.0 = Debug|Any CPU
		{A0A763CD-7671-4157-BBFA-FDD3DD8390F7}.Debug|x64.ActiveCfg = Debug|Any CPU
		{A0A763CD-7671-4157-BBFA-FDD3DD8390F7}.Debug|x64.Build.0 = Debug|Any CPU
		{A0A763CD-7671-4157-BBFA-FDD3DD8390F7}.Debug|x86.ActiveCfg = Debug|Any CPU
		{A0A763CD-7671-4157-BBFA-FDD3DD8390F7}.Debug|x86.Build.0 = Debug|Any CPU
		{A0A763CD-7671-4157-BBFA-FDD3DD8390F7}.Release|Any CPU.ActiveCfg = Release|Any CPU
		{A0A763CD-7671-4157-BBFA-FDD3DD8390F7}.Release|Any CPU.Build.0 = Release|Any CPU
		{A0A763CD-7671-4157-BBFA-FDD3DD8390F7}.Release|x64.ActiveCfg = Release|Any CPU
		{A0A763CD-7671-4157-BBFA-FDD3DD8390F7}.Release|x64.Build.0 = Release|Any CPU
		{A0A763CD-7671-4157-BBFA-FDD3DD8390F7}.Release|x86.ActiveCfg = Release|Any CPU
		{A0A763CD-7671-4157-BBFA-FDD3DD8390F7}.Release|x86.Build.0 = Release|Any CPU
		{92D38249-EA09-476F-AB2B-68125A987603}.Debug|Any CPU.ActiveCfg = Debug|Any CPU
		{92D38249-EA09-476F-AB2B-68125A987603}.Debug|Any CPU.Build.0 = Debug|Any CPU
		{92D38249-EA09-476F-AB2B-68125A987603}.Debug|x64.ActiveCfg = Debug|Any CPU
		{92D38249-EA09-476F-AB2B-68125A987603}.Debug|x64.Build.0 = Debug|Any CPU
		{92D38249-EA09-476F-AB2B-68125A987603}.Debug|x86.ActiveCfg = Debug|Any CPU
		{92D38249-EA09-476F-AB2B-68125A987603}.Debug|x86.Build.0 = Debug|Any CPU
		{92D38249-EA09-476F-AB2B-68125A987603}.Release|Any CPU.ActiveCfg = Release|Any CPU
		{92D38249-EA09-476F-AB2B-68125A987603}.Release|Any CPU.Build.0 = Release|Any CPU
		{92D38249-EA09-476F-AB2B-68125A987603}.Release|x64.ActiveCfg = Release|Any CPU
		{92D38249-EA09-476F-AB2B-68125A987603}.Release|x64.Build.0 = Release|Any CPU
		{92D38249-EA09-476F-AB2B-68125A987603}.Release|x86.ActiveCfg = Release|Any CPU
		{92D38249-EA09-476F-AB2B-68125A987603}.Release|x86.Build.0 = Release|Any CPU
		{CBCA410A-D124-4BE2-97C4-DD1217862224}.Debug|Any CPU.ActiveCfg = Debug|Any CPU
		{CBCA410A-D124-4BE2-97C4-DD1217862224}.Debug|Any CPU.Build.0 = Debug|Any CPU
		{CBCA410A-D124-4BE2-97C4-DD1217862224}.Debug|x64.ActiveCfg = Debug|Any CPU
		{CBCA410A-D124-4BE2-97C4-DD1217862224}.Debug|x64.Build.0 = Debug|Any CPU
		{CBCA410A-D124-4BE2-97C4-DD1217862224}.Debug|x86.ActiveCfg = Debug|Any CPU
		{CBCA410A-D124-4BE2-97C4-DD1217862224}.Debug|x86.Build.0 = Debug|Any CPU
		{CBCA410A-D124-4BE2-97C4-DD1217862224}.Release|Any CPU.ActiveCfg = Release|Any CPU
		{CBCA410A-D124-4BE2-97C4-DD1217862224}.Release|Any CPU.Build.0 = Release|Any CPU
		{CBCA410A-D124-4BE2-97C4-DD1217862224}.Release|x64.ActiveCfg = Release|Any CPU
		{CBCA410A-D124-4BE2-97C4-DD1217862224}.Release|x64.Build.0 = Release|Any CPU
		{CBCA410A-D124-4BE2-97C4-DD1217862224}.Release|x86.ActiveCfg = Release|Any CPU
		{CBCA410A-D124-4BE2-97C4-DD1217862224}.Release|x86.Build.0 = Release|Any CPU
		{8C03D2B7-9F13-45AD-944E-6452F3E84DC6}.Debug|Any CPU.ActiveCfg = Debug|Any CPU
		{8C03D2B7-9F13-45AD-944E-6452F3E84DC6}.Debug|Any CPU.Build.0 = Debug|Any CPU
		{8C03D2B7-9F13-45AD-944E-6452F3E84DC6}.Debug|x64.ActiveCfg = Debug|Any CPU
		{8C03D2B7-9F13-45AD-944E-6452F3E84DC6}.Debug|x64.Build.0 = Debug|Any CPU
		{8C03D2B7-9F13-45AD-944E-6452F3E84DC6}.Debug|x86.ActiveCfg = Debug|Any CPU
		{8C03D2B7-9F13-45AD-944E-6452F3E84DC6}.Debug|x86.Build.0 = Debug|Any CPU
		{8C03D2B7-9F13-45AD-944E-6452F3E84DC6}.Release|Any CPU.ActiveCfg = Release|Any CPU
		{8C03D2B7-9F13-45AD-944E-6452F3E84DC6}.Release|Any CPU.Build.0 = Release|Any CPU
		{8C03D2B7-9F13-45AD-944E-6452F3E84DC6}.Release|x64.ActiveCfg = Release|Any CPU
		{8C03D2B7-9F13-45AD-944E-6452F3E84DC6}.Release|x64.Build.0 = Release|Any CPU
		{8C03D2B7-9F13-45AD-944E-6452F3E84DC6}.Release|x86.ActiveCfg = Release|Any CPU
		{8C03D2B7-9F13-45AD-944E-6452F3E84DC6}.Release|x86.Build.0 = Release|Any CPU
		{E0257D16-E119-4F4C-8C96-EB399140C78C}.Debug|Any CPU.ActiveCfg = Debug|Any CPU
		{E0257D16-E119-4F4C-8C96-EB399140C78C}.Debug|Any CPU.Build.0 = Debug|Any CPU
		{E0257D16-E119-4F4C-8C96-EB399140C78C}.Debug|x64.ActiveCfg = Debug|Any CPU
		{E0257D16-E119-4F4C-8C96-EB399140C78C}.Debug|x64.Build.0 = Debug|Any CPU
		{E0257D16-E119-4F4C-8C96-EB399140C78C}.Debug|x86.ActiveCfg = Debug|Any CPU
		{E0257D16-E119-4F4C-8C96-EB399140C78C}.Debug|x86.Build.0 = Debug|Any CPU
		{E0257D16-E119-4F4C-8C96-EB399140C78C}.Release|Any CPU.ActiveCfg = Release|Any CPU
		{E0257D16-E119-4F4C-8C96-EB399140C78C}.Release|Any CPU.Build.0 = Release|Any CPU
		{E0257D16-E119-4F4C-8C96-EB399140C78C}.Release|x64.ActiveCfg = Release|Any CPU
		{E0257D16-E119-4F4C-8C96-EB399140C78C}.Release|x64.Build.0 = Release|Any CPU
		{E0257D16-E119-4F4C-8C96-EB399140C78C}.Release|x86.ActiveCfg = Release|Any CPU
		{E0257D16-E119-4F4C-8C96-EB399140C78C}.Release|x86.Build.0 = Release|Any CPU
		{0CDCB82B-7E23-4871-A4D1-33CCBD2127FE}.Debug|Any CPU.ActiveCfg = Debug|Any CPU
		{0CDCB82B-7E23-4871-A4D1-33CCBD2127FE}.Debug|Any CPU.Build.0 = Debug|Any CPU
		{0CDCB82B-7E23-4871-A4D1-33CCBD2127FE}.Debug|x64.ActiveCfg = Debug|Any CPU
		{0CDCB82B-7E23-4871-A4D1-33CCBD2127FE}.Debug|x64.Build.0 = Debug|Any CPU
		{0CDCB82B-7E23-4871-A4D1-33CCBD2127FE}.Debug|x86.ActiveCfg = Debug|Any CPU
		{0CDCB82B-7E23-4871-A4D1-33CCBD2127FE}.Debug|x86.Build.0 = Debug|Any CPU
		{0CDCB82B-7E23-4871-A4D1-33CCBD2127FE}.Release|Any CPU.ActiveCfg = Release|Any CPU
		{0CDCB82B-7E23-4871-A4D1-33CCBD2127FE}.Release|Any CPU.Build.0 = Release|Any CPU
		{0CDCB82B-7E23-4871-A4D1-33CCBD2127FE}.Release|x64.ActiveCfg = Release|Any CPU
		{0CDCB82B-7E23-4871-A4D1-33CCBD2127FE}.Release|x64.Build.0 = Release|Any CPU
		{0CDCB82B-7E23-4871-A4D1-33CCBD2127FE}.Release|x86.ActiveCfg = Release|Any CPU
		{0CDCB82B-7E23-4871-A4D1-33CCBD2127FE}.Release|x86.Build.0 = Release|Any CPU
		{DD938F77-C7A2-4CD3-B366-A7A083FF8E82}.Debug|Any CPU.ActiveCfg = Debug|Any CPU
		{DD938F77-C7A2-4CD3-B366-A7A083FF8E82}.Debug|Any CPU.Build.0 = Debug|Any CPU
		{DD938F77-C7A2-4CD3-B366-A7A083FF8E82}.Debug|x64.ActiveCfg = Debug|Any CPU
		{DD938F77-C7A2-4CD3-B366-A7A083FF8E82}.Debug|x64.Build.0 = Debug|Any CPU
		{DD938F77-C7A2-4CD3-B366-A7A083FF8E82}.Debug|x86.ActiveCfg = Debug|Any CPU
		{DD938F77-C7A2-4CD3-B366-A7A083FF8E82}.Debug|x86.Build.0 = Debug|Any CPU
		{DD938F77-C7A2-4CD3-B366-A7A083FF8E82}.Release|Any CPU.ActiveCfg = Release|Any CPU
		{DD938F77-C7A2-4CD3-B366-A7A083FF8E82}.Release|Any CPU.Build.0 = Release|Any CPU
		{DD938F77-C7A2-4CD3-B366-A7A083FF8E82}.Release|x64.ActiveCfg = Release|Any CPU
		{DD938F77-C7A2-4CD3-B366-A7A083FF8E82}.Release|x64.Build.0 = Release|Any CPU
		{DD938F77-C7A2-4CD3-B366-A7A083FF8E82}.Release|x86.ActiveCfg = Release|Any CPU
		{DD938F77-C7A2-4CD3-B366-A7A083FF8E82}.Release|x86.Build.0 = Release|Any CPU
		{E7D59E6F-D191-40E1-94B5-A90AD0C2CA47}.Debug|Any CPU.ActiveCfg = Debug|Any CPU
		{E7D59E6F-D191-40E1-94B5-A90AD0C2CA47}.Debug|Any CPU.Build.0 = Debug|Any CPU
		{E7D59E6F-D191-40E1-94B5-A90AD0C2CA47}.Debug|x64.ActiveCfg = Debug|Any CPU
		{E7D59E6F-D191-40E1-94B5-A90AD0C2CA47}.Debug|x64.Build.0 = Debug|Any CPU
		{E7D59E6F-D191-40E1-94B5-A90AD0C2CA47}.Debug|x86.ActiveCfg = Debug|Any CPU
		{E7D59E6F-D191-40E1-94B5-A90AD0C2CA47}.Debug|x86.Build.0 = Debug|Any CPU
		{E7D59E6F-D191-40E1-94B5-A90AD0C2CA47}.Release|Any CPU.ActiveCfg = Release|Any CPU
		{E7D59E6F-D191-40E1-94B5-A90AD0C2CA47}.Release|Any CPU.Build.0 = Release|Any CPU
		{E7D59E6F-D191-40E1-94B5-A90AD0C2CA47}.Release|x64.ActiveCfg = Release|Any CPU
		{E7D59E6F-D191-40E1-94B5-A90AD0C2CA47}.Release|x64.Build.0 = Release|Any CPU
		{E7D59E6F-D191-40E1-94B5-A90AD0C2CA47}.Release|x86.ActiveCfg = Release|Any CPU
		{E7D59E6F-D191-40E1-94B5-A90AD0C2CA47}.Release|x86.Build.0 = Release|Any CPU
		{BCA58E82-536A-42F8-94AA-66D44ABF1B1A}.Debug|Any CPU.ActiveCfg = Debug|Any CPU
		{BCA58E82-536A-42F8-94AA-66D44ABF1B1A}.Debug|Any CPU.Build.0 = Debug|Any CPU
		{BCA58E82-536A-42F8-94AA-66D44ABF1B1A}.Debug|x64.ActiveCfg = Debug|Any CPU
		{BCA58E82-536A-42F8-94AA-66D44ABF1B1A}.Debug|x64.Build.0 = Debug|Any CPU
		{BCA58E82-536A-42F8-94AA-66D44ABF1B1A}.Debug|x86.ActiveCfg = Debug|Any CPU
		{BCA58E82-536A-42F8-94AA-66D44ABF1B1A}.Debug|x86.Build.0 = Debug|Any CPU
		{BCA58E82-536A-42F8-94AA-66D44ABF1B1A}.Release|Any CPU.ActiveCfg = Release|Any CPU
		{BCA58E82-536A-42F8-94AA-66D44ABF1B1A}.Release|Any CPU.Build.0 = Release|Any CPU
		{BCA58E82-536A-42F8-94AA-66D44ABF1B1A}.Release|x64.ActiveCfg = Release|Any CPU
		{BCA58E82-536A-42F8-94AA-66D44ABF1B1A}.Release|x64.Build.0 = Release|Any CPU
		{BCA58E82-536A-42F8-94AA-66D44ABF1B1A}.Release|x86.ActiveCfg = Release|Any CPU
		{BCA58E82-536A-42F8-94AA-66D44ABF1B1A}.Release|x86.Build.0 = Release|Any CPU
		{0B3B7CD2-E259-416B-B645-F5E5B9EE8A18}.Debug|Any CPU.ActiveCfg = Debug|Any CPU
		{0B3B7CD2-E259-416B-B645-F5E5B9EE8A18}.Debug|Any CPU.Build.0 = Debug|Any CPU
		{0B3B7CD2-E259-416B-B645-F5E5B9EE8A18}.Debug|x64.ActiveCfg = Debug|Any CPU
		{0B3B7CD2-E259-416B-B645-F5E5B9EE8A18}.Debug|x64.Build.0 = Debug|Any CPU
		{0B3B7CD2-E259-416B-B645-F5E5B9EE8A18}.Debug|x86.ActiveCfg = Debug|Any CPU
		{0B3B7CD2-E259-416B-B645-F5E5B9EE8A18}.Debug|x86.Build.0 = Debug|Any CPU
		{0B3B7CD2-E259-416B-B645-F5E5B9EE8A18}.Release|Any CPU.ActiveCfg = Release|Any CPU
		{0B3B7CD2-E259-416B-B645-F5E5B9EE8A18}.Release|Any CPU.Build.0 = Release|Any CPU
		{0B3B7CD2-E259-416B-B645-F5E5B9EE8A18}.Release|x64.ActiveCfg = Release|Any CPU
		{0B3B7CD2-E259-416B-B645-F5E5B9EE8A18}.Release|x64.Build.0 = Release|Any CPU
		{0B3B7CD2-E259-416B-B645-F5E5B9EE8A18}.Release|x86.ActiveCfg = Release|Any CPU
		{0B3B7CD2-E259-416B-B645-F5E5B9EE8A18}.Release|x86.Build.0 = Release|Any CPU
		{BC5613B0-59E1-4E6B-9F26-42E2BEB33104}.Debug|Any CPU.ActiveCfg = Debug|Any CPU
		{BC5613B0-59E1-4E6B-9F26-42E2BEB33104}.Debug|Any CPU.Build.0 = Debug|Any CPU
		{BC5613B0-59E1-4E6B-9F26-42E2BEB33104}.Debug|x64.ActiveCfg = Debug|Any CPU
		{BC5613B0-59E1-4E6B-9F26-42E2BEB33104}.Debug|x64.Build.0 = Debug|Any CPU
		{BC5613B0-59E1-4E6B-9F26-42E2BEB33104}.Debug|x86.ActiveCfg = Debug|Any CPU
		{BC5613B0-59E1-4E6B-9F26-42E2BEB33104}.Debug|x86.Build.0 = Debug|Any CPU
		{BC5613B0-59E1-4E6B-9F26-42E2BEB33104}.Release|Any CPU.ActiveCfg = Release|Any CPU
		{BC5613B0-59E1-4E6B-9F26-42E2BEB33104}.Release|Any CPU.Build.0 = Release|Any CPU
		{BC5613B0-59E1-4E6B-9F26-42E2BEB33104}.Release|x64.ActiveCfg = Release|Any CPU
		{BC5613B0-59E1-4E6B-9F26-42E2BEB33104}.Release|x64.Build.0 = Release|Any CPU
		{BC5613B0-59E1-4E6B-9F26-42E2BEB33104}.Release|x86.ActiveCfg = Release|Any CPU
		{BC5613B0-59E1-4E6B-9F26-42E2BEB33104}.Release|x86.Build.0 = Release|Any CPU
		{109D6D8A-BCF9-40D9-86C9-7A1398C84158}.Debug|Any CPU.ActiveCfg = Debug|Any CPU
		{109D6D8A-BCF9-40D9-86C9-7A1398C84158}.Debug|Any CPU.Build.0 = Debug|Any CPU
		{109D6D8A-BCF9-40D9-86C9-7A1398C84158}.Debug|x64.ActiveCfg = Debug|Any CPU
		{109D6D8A-BCF9-40D9-86C9-7A1398C84158}.Debug|x64.Build.0 = Debug|Any CPU
		{109D6D8A-BCF9-40D9-86C9-7A1398C84158}.Debug|x86.ActiveCfg = Debug|Any CPU
		{109D6D8A-BCF9-40D9-86C9-7A1398C84158}.Debug|x86.Build.0 = Debug|Any CPU
		{109D6D8A-BCF9-40D9-86C9-7A1398C84158}.Release|Any CPU.ActiveCfg = Release|Any CPU
		{109D6D8A-BCF9-40D9-86C9-7A1398C84158}.Release|Any CPU.Build.0 = Release|Any CPU
		{109D6D8A-BCF9-40D9-86C9-7A1398C84158}.Release|x64.ActiveCfg = Release|Any CPU
		{109D6D8A-BCF9-40D9-86C9-7A1398C84158}.Release|x64.Build.0 = Release|Any CPU
		{109D6D8A-BCF9-40D9-86C9-7A1398C84158}.Release|x86.ActiveCfg = Release|Any CPU
		{109D6D8A-BCF9-40D9-86C9-7A1398C84158}.Release|x86.Build.0 = Release|Any CPU
		{93F3AE7D-688F-4290-9409-B7E5E48CD05B}.Debug|Any CPU.ActiveCfg = Debug|Any CPU
		{93F3AE7D-688F-4290-9409-B7E5E48CD05B}.Debug|Any CPU.Build.0 = Debug|Any CPU
		{93F3AE7D-688F-4290-9409-B7E5E48CD05B}.Debug|x64.ActiveCfg = Debug|Any CPU
		{93F3AE7D-688F-4290-9409-B7E5E48CD05B}.Debug|x64.Build.0 = Debug|Any CPU
		{93F3AE7D-688F-4290-9409-B7E5E48CD05B}.Debug|x86.ActiveCfg = Debug|Any CPU
		{93F3AE7D-688F-4290-9409-B7E5E48CD05B}.Debug|x86.Build.0 = Debug|Any CPU
		{93F3AE7D-688F-4290-9409-B7E5E48CD05B}.Release|Any CPU.ActiveCfg = Release|Any CPU
		{93F3AE7D-688F-4290-9409-B7E5E48CD05B}.Release|Any CPU.Build.0 = Release|Any CPU
		{93F3AE7D-688F-4290-9409-B7E5E48CD05B}.Release|x64.ActiveCfg = Release|Any CPU
		{93F3AE7D-688F-4290-9409-B7E5E48CD05B}.Release|x64.Build.0 = Release|Any CPU
		{93F3AE7D-688F-4290-9409-B7E5E48CD05B}.Release|x86.ActiveCfg = Release|Any CPU
		{93F3AE7D-688F-4290-9409-B7E5E48CD05B}.Release|x86.Build.0 = Release|Any CPU
		{DE7B117D-3543-4D0F-ABD2-84391137262A}.Debug|Any CPU.ActiveCfg = Debug|Any CPU
		{DE7B117D-3543-4D0F-ABD2-84391137262A}.Debug|Any CPU.Build.0 = Debug|Any CPU
		{DE7B117D-3543-4D0F-ABD2-84391137262A}.Debug|x64.ActiveCfg = Debug|Any CPU
		{DE7B117D-3543-4D0F-ABD2-84391137262A}.Debug|x64.Build.0 = Debug|Any CPU
		{DE7B117D-3543-4D0F-ABD2-84391137262A}.Debug|x86.ActiveCfg = Debug|Any CPU
		{DE7B117D-3543-4D0F-ABD2-84391137262A}.Debug|x86.Build.0 = Debug|Any CPU
		{DE7B117D-3543-4D0F-ABD2-84391137262A}.Release|Any CPU.ActiveCfg = Release|Any CPU
		{DE7B117D-3543-4D0F-ABD2-84391137262A}.Release|Any CPU.Build.0 = Release|Any CPU
		{DE7B117D-3543-4D0F-ABD2-84391137262A}.Release|x64.ActiveCfg = Release|Any CPU
		{DE7B117D-3543-4D0F-ABD2-84391137262A}.Release|x64.Build.0 = Release|Any CPU
		{DE7B117D-3543-4D0F-ABD2-84391137262A}.Release|x86.ActiveCfg = Release|Any CPU
		{DE7B117D-3543-4D0F-ABD2-84391137262A}.Release|x86.Build.0 = Release|Any CPU
		{7F7A6CD7-5DE8-4153-80EF-DA2452C00F9F}.Debug|Any CPU.ActiveCfg = Debug|Any CPU
		{7F7A6CD7-5DE8-4153-80EF-DA2452C00F9F}.Debug|Any CPU.Build.0 = Debug|Any CPU
		{7F7A6CD7-5DE8-4153-80EF-DA2452C00F9F}.Debug|x64.ActiveCfg = Debug|Any CPU
		{7F7A6CD7-5DE8-4153-80EF-DA2452C00F9F}.Debug|x64.Build.0 = Debug|Any CPU
		{7F7A6CD7-5DE8-4153-80EF-DA2452C00F9F}.Debug|x86.ActiveCfg = Debug|Any CPU
		{7F7A6CD7-5DE8-4153-80EF-DA2452C00F9F}.Debug|x86.Build.0 = Debug|Any CPU
		{7F7A6CD7-5DE8-4153-80EF-DA2452C00F9F}.Release|Any CPU.ActiveCfg = Release|Any CPU
		{7F7A6CD7-5DE8-4153-80EF-DA2452C00F9F}.Release|Any CPU.Build.0 = Release|Any CPU
		{7F7A6CD7-5DE8-4153-80EF-DA2452C00F9F}.Release|x64.ActiveCfg = Release|Any CPU
		{7F7A6CD7-5DE8-4153-80EF-DA2452C00F9F}.Release|x64.Build.0 = Release|Any CPU
		{7F7A6CD7-5DE8-4153-80EF-DA2452C00F9F}.Release|x86.ActiveCfg = Release|Any CPU
		{7F7A6CD7-5DE8-4153-80EF-DA2452C00F9F}.Release|x86.Build.0 = Release|Any CPU
		{C423068B-E8C3-4F5B-8055-4C5E3ADACF5E}.Debug|Any CPU.ActiveCfg = Debug|Any CPU
		{C423068B-E8C3-4F5B-8055-4C5E3ADACF5E}.Debug|Any CPU.Build.0 = Debug|Any CPU
		{C423068B-E8C3-4F5B-8055-4C5E3ADACF5E}.Debug|x64.ActiveCfg = Debug|Any CPU
		{C423068B-E8C3-4F5B-8055-4C5E3ADACF5E}.Debug|x64.Build.0 = Debug|Any CPU
		{C423068B-E8C3-4F5B-8055-4C5E3ADACF5E}.Debug|x86.ActiveCfg = Debug|Any CPU
		{C423068B-E8C3-4F5B-8055-4C5E3ADACF5E}.Debug|x86.Build.0 = Debug|Any CPU
		{C423068B-E8C3-4F5B-8055-4C5E3ADACF5E}.Release|Any CPU.ActiveCfg = Release|Any CPU
		{C423068B-E8C3-4F5B-8055-4C5E3ADACF5E}.Release|Any CPU.Build.0 = Release|Any CPU
		{C423068B-E8C3-4F5B-8055-4C5E3ADACF5E}.Release|x64.ActiveCfg = Release|Any CPU
		{C423068B-E8C3-4F5B-8055-4C5E3ADACF5E}.Release|x64.Build.0 = Release|Any CPU
		{C423068B-E8C3-4F5B-8055-4C5E3ADACF5E}.Release|x86.ActiveCfg = Release|Any CPU
		{C423068B-E8C3-4F5B-8055-4C5E3ADACF5E}.Release|x86.Build.0 = Release|Any CPU
		{BFC07093-77DE-438B-9C7E-6069D0179403}.Debug|Any CPU.ActiveCfg = Debug|Any CPU
		{BFC07093-77DE-438B-9C7E-6069D0179403}.Debug|Any CPU.Build.0 = Debug|Any CPU
		{BFC07093-77DE-438B-9C7E-6069D0179403}.Debug|x64.ActiveCfg = Debug|Any CPU
		{BFC07093-77DE-438B-9C7E-6069D0179403}.Debug|x64.Build.0 = Debug|Any CPU
		{BFC07093-77DE-438B-9C7E-6069D0179403}.Debug|x86.ActiveCfg = Debug|Any CPU
		{BFC07093-77DE-438B-9C7E-6069D0179403}.Debug|x86.Build.0 = Debug|Any CPU
		{BFC07093-77DE-438B-9C7E-6069D0179403}.Release|Any CPU.ActiveCfg = Release|Any CPU
		{BFC07093-77DE-438B-9C7E-6069D0179403}.Release|Any CPU.Build.0 = Release|Any CPU
		{BFC07093-77DE-438B-9C7E-6069D0179403}.Release|x64.ActiveCfg = Release|Any CPU
		{BFC07093-77DE-438B-9C7E-6069D0179403}.Release|x64.Build.0 = Release|Any CPU
		{BFC07093-77DE-438B-9C7E-6069D0179403}.Release|x86.ActiveCfg = Release|Any CPU
		{BFC07093-77DE-438B-9C7E-6069D0179403}.Release|x86.Build.0 = Release|Any CPU
		{C83200C8-D4CE-4B7E-B0A9-80C781B7E4A1}.Debug|Any CPU.ActiveCfg = Debug|Any CPU
		{C83200C8-D4CE-4B7E-B0A9-80C781B7E4A1}.Debug|Any CPU.Build.0 = Debug|Any CPU
		{C83200C8-D4CE-4B7E-B0A9-80C781B7E4A1}.Debug|x64.ActiveCfg = Debug|Any CPU
		{C83200C8-D4CE-4B7E-B0A9-80C781B7E4A1}.Debug|x64.Build.0 = Debug|Any CPU
		{C83200C8-D4CE-4B7E-B0A9-80C781B7E4A1}.Debug|x86.ActiveCfg = Debug|Any CPU
		{C83200C8-D4CE-4B7E-B0A9-80C781B7E4A1}.Debug|x86.Build.0 = Debug|Any CPU
		{C83200C8-D4CE-4B7E-B0A9-80C781B7E4A1}.Release|Any CPU.ActiveCfg = Release|Any CPU
		{C83200C8-D4CE-4B7E-B0A9-80C781B7E4A1}.Release|Any CPU.Build.0 = Release|Any CPU
		{C83200C8-D4CE-4B7E-B0A9-80C781B7E4A1}.Release|x64.ActiveCfg = Release|Any CPU
		{C83200C8-D4CE-4B7E-B0A9-80C781B7E4A1}.Release|x64.Build.0 = Release|Any CPU
		{C83200C8-D4CE-4B7E-B0A9-80C781B7E4A1}.Release|x86.ActiveCfg = Release|Any CPU
		{C83200C8-D4CE-4B7E-B0A9-80C781B7E4A1}.Release|x86.Build.0 = Release|Any CPU
		{F54C50FE-BBB7-40C5-BE68-30A1221C19FA}.Debug|Any CPU.ActiveCfg = Debug|Any CPU
		{F54C50FE-BBB7-40C5-BE68-30A1221C19FA}.Debug|Any CPU.Build.0 = Debug|Any CPU
		{F54C50FE-BBB7-40C5-BE68-30A1221C19FA}.Debug|x64.ActiveCfg = Debug|Any CPU
		{F54C50FE-BBB7-40C5-BE68-30A1221C19FA}.Debug|x64.Build.0 = Debug|Any CPU
		{F54C50FE-BBB7-40C5-BE68-30A1221C19FA}.Debug|x86.ActiveCfg = Debug|Any CPU
		{F54C50FE-BBB7-40C5-BE68-30A1221C19FA}.Debug|x86.Build.0 = Debug|Any CPU
		{F54C50FE-BBB7-40C5-BE68-30A1221C19FA}.Release|Any CPU.ActiveCfg = Release|Any CPU
		{F54C50FE-BBB7-40C5-BE68-30A1221C19FA}.Release|Any CPU.Build.0 = Release|Any CPU
		{F54C50FE-BBB7-40C5-BE68-30A1221C19FA}.Release|x64.ActiveCfg = Release|Any CPU
		{F54C50FE-BBB7-40C5-BE68-30A1221C19FA}.Release|x64.Build.0 = Release|Any CPU
		{F54C50FE-BBB7-40C5-BE68-30A1221C19FA}.Release|x86.ActiveCfg = Release|Any CPU
		{F54C50FE-BBB7-40C5-BE68-30A1221C19FA}.Release|x86.Build.0 = Release|Any CPU
		{14ABC6F0-1A81-493E-A4DE-FB39D67DF44A}.Debug|Any CPU.ActiveCfg = Debug|Any CPU
		{14ABC6F0-1A81-493E-A4DE-FB39D67DF44A}.Debug|Any CPU.Build.0 = Debug|Any CPU
		{14ABC6F0-1A81-493E-A4DE-FB39D67DF44A}.Debug|x64.ActiveCfg = Debug|Any CPU
		{14ABC6F0-1A81-493E-A4DE-FB39D67DF44A}.Debug|x64.Build.0 = Debug|Any CPU
		{14ABC6F0-1A81-493E-A4DE-FB39D67DF44A}.Debug|x86.ActiveCfg = Debug|Any CPU
		{14ABC6F0-1A81-493E-A4DE-FB39D67DF44A}.Debug|x86.Build.0 = Debug|Any CPU
		{14ABC6F0-1A81-493E-A4DE-FB39D67DF44A}.Release|Any CPU.ActiveCfg = Release|Any CPU
		{14ABC6F0-1A81-493E-A4DE-FB39D67DF44A}.Release|Any CPU.Build.0 = Release|Any CPU
		{14ABC6F0-1A81-493E-A4DE-FB39D67DF44A}.Release|x64.ActiveCfg = Release|Any CPU
		{14ABC6F0-1A81-493E-A4DE-FB39D67DF44A}.Release|x64.Build.0 = Release|Any CPU
		{14ABC6F0-1A81-493E-A4DE-FB39D67DF44A}.Release|x86.ActiveCfg = Release|Any CPU
		{14ABC6F0-1A81-493E-A4DE-FB39D67DF44A}.Release|x86.Build.0 = Release|Any CPU
		{9D046CFA-2488-40E7-8CCE-B710ED8EBCB8}.Debug|Any CPU.ActiveCfg = Debug|Any CPU
		{9D046CFA-2488-40E7-8CCE-B710ED8EBCB8}.Debug|Any CPU.Build.0 = Debug|Any CPU
		{9D046CFA-2488-40E7-8CCE-B710ED8EBCB8}.Debug|x64.ActiveCfg = Debug|Any CPU
		{9D046CFA-2488-40E7-8CCE-B710ED8EBCB8}.Debug|x64.Build.0 = Debug|Any CPU
		{9D046CFA-2488-40E7-8CCE-B710ED8EBCB8}.Debug|x86.ActiveCfg = Debug|Any CPU
		{9D046CFA-2488-40E7-8CCE-B710ED8EBCB8}.Debug|x86.Build.0 = Debug|Any CPU
		{9D046CFA-2488-40E7-8CCE-B710ED8EBCB8}.Release|Any CPU.ActiveCfg = Release|Any CPU
		{9D046CFA-2488-40E7-8CCE-B710ED8EBCB8}.Release|Any CPU.Build.0 = Release|Any CPU
		{9D046CFA-2488-40E7-8CCE-B710ED8EBCB8}.Release|x64.ActiveCfg = Release|Any CPU
		{9D046CFA-2488-40E7-8CCE-B710ED8EBCB8}.Release|x64.Build.0 = Release|Any CPU
		{9D046CFA-2488-40E7-8CCE-B710ED8EBCB8}.Release|x86.ActiveCfg = Release|Any CPU
		{9D046CFA-2488-40E7-8CCE-B710ED8EBCB8}.Release|x86.Build.0 = Release|Any CPU
		{9044A4CD-5655-408F-8D1C-AD4F777CF539}.Debug|Any CPU.ActiveCfg = Debug|Any CPU
		{9044A4CD-5655-408F-8D1C-AD4F777CF539}.Debug|Any CPU.Build.0 = Debug|Any CPU
		{9044A4CD-5655-408F-8D1C-AD4F777CF539}.Debug|x64.ActiveCfg = Debug|Any CPU
		{9044A4CD-5655-408F-8D1C-AD4F777CF539}.Debug|x64.Build.0 = Debug|Any CPU
		{9044A4CD-5655-408F-8D1C-AD4F777CF539}.Debug|x86.ActiveCfg = Debug|Any CPU
		{9044A4CD-5655-408F-8D1C-AD4F777CF539}.Debug|x86.Build.0 = Debug|Any CPU
		{9044A4CD-5655-408F-8D1C-AD4F777CF539}.Release|Any CPU.ActiveCfg = Release|Any CPU
		{9044A4CD-5655-408F-8D1C-AD4F777CF539}.Release|Any CPU.Build.0 = Release|Any CPU
		{9044A4CD-5655-408F-8D1C-AD4F777CF539}.Release|x64.ActiveCfg = Release|Any CPU
		{9044A4CD-5655-408F-8D1C-AD4F777CF539}.Release|x64.Build.0 = Release|Any CPU
		{9044A4CD-5655-408F-8D1C-AD4F777CF539}.Release|x86.ActiveCfg = Release|Any CPU
		{9044A4CD-5655-408F-8D1C-AD4F777CF539}.Release|x86.Build.0 = Release|Any CPU
		{0FC22BC0-4856-4356-A577-616FC0B4472F}.Debug|Any CPU.ActiveCfg = Debug|Any CPU
		{0FC22BC0-4856-4356-A577-616FC0B4472F}.Debug|Any CPU.Build.0 = Debug|Any CPU
		{0FC22BC0-4856-4356-A577-616FC0B4472F}.Debug|x64.ActiveCfg = Debug|Any CPU
		{0FC22BC0-4856-4356-A577-616FC0B4472F}.Debug|x64.Build.0 = Debug|Any CPU
		{0FC22BC0-4856-4356-A577-616FC0B4472F}.Debug|x86.ActiveCfg = Debug|Any CPU
		{0FC22BC0-4856-4356-A577-616FC0B4472F}.Debug|x86.Build.0 = Debug|Any CPU
		{0FC22BC0-4856-4356-A577-616FC0B4472F}.Release|Any CPU.ActiveCfg = Release|Any CPU
		{0FC22BC0-4856-4356-A577-616FC0B4472F}.Release|Any CPU.Build.0 = Release|Any CPU
		{0FC22BC0-4856-4356-A577-616FC0B4472F}.Release|x64.ActiveCfg = Release|Any CPU
		{0FC22BC0-4856-4356-A577-616FC0B4472F}.Release|x64.Build.0 = Release|Any CPU
		{0FC22BC0-4856-4356-A577-616FC0B4472F}.Release|x86.ActiveCfg = Release|Any CPU
		{0FC22BC0-4856-4356-A577-616FC0B4472F}.Release|x86.Build.0 = Release|Any CPU
		{7D200C76-E476-4772-8E17-11E0B9FBC68F}.Debug|Any CPU.ActiveCfg = Debug|Any CPU
		{7D200C76-E476-4772-8E17-11E0B9FBC68F}.Debug|Any CPU.Build.0 = Debug|Any CPU
		{7D200C76-E476-4772-8E17-11E0B9FBC68F}.Debug|x64.ActiveCfg = Debug|Any CPU
		{7D200C76-E476-4772-8E17-11E0B9FBC68F}.Debug|x64.Build.0 = Debug|Any CPU
		{7D200C76-E476-4772-8E17-11E0B9FBC68F}.Debug|x86.ActiveCfg = Debug|Any CPU
		{7D200C76-E476-4772-8E17-11E0B9FBC68F}.Debug|x86.Build.0 = Debug|Any CPU
		{7D200C76-E476-4772-8E17-11E0B9FBC68F}.Release|Any CPU.ActiveCfg = Release|Any CPU
		{7D200C76-E476-4772-8E17-11E0B9FBC68F}.Release|Any CPU.Build.0 = Release|Any CPU
		{7D200C76-E476-4772-8E17-11E0B9FBC68F}.Release|x64.ActiveCfg = Release|Any CPU
		{7D200C76-E476-4772-8E17-11E0B9FBC68F}.Release|x64.Build.0 = Release|Any CPU
		{7D200C76-E476-4772-8E17-11E0B9FBC68F}.Release|x86.ActiveCfg = Release|Any CPU
		{7D200C76-E476-4772-8E17-11E0B9FBC68F}.Release|x86.Build.0 = Release|Any CPU
		{68A48974-5558-48A1-B893-9241EBE02EA4}.Debug|Any CPU.ActiveCfg = Debug|Any CPU
		{68A48974-5558-48A1-B893-9241EBE02EA4}.Debug|Any CPU.Build.0 = Debug|Any CPU
		{68A48974-5558-48A1-B893-9241EBE02EA4}.Debug|x64.ActiveCfg = Debug|Any CPU
		{68A48974-5558-48A1-B893-9241EBE02EA4}.Debug|x64.Build.0 = Debug|Any CPU
		{68A48974-5558-48A1-B893-9241EBE02EA4}.Debug|x86.ActiveCfg = Debug|Any CPU
		{68A48974-5558-48A1-B893-9241EBE02EA4}.Debug|x86.Build.0 = Debug|Any CPU
		{68A48974-5558-48A1-B893-9241EBE02EA4}.Release|Any CPU.ActiveCfg = Release|Any CPU
		{68A48974-5558-48A1-B893-9241EBE02EA4}.Release|Any CPU.Build.0 = Release|Any CPU
		{68A48974-5558-48A1-B893-9241EBE02EA4}.Release|x64.ActiveCfg = Release|Any CPU
		{68A48974-5558-48A1-B893-9241EBE02EA4}.Release|x64.Build.0 = Release|Any CPU
		{68A48974-5558-48A1-B893-9241EBE02EA4}.Release|x86.ActiveCfg = Release|Any CPU
		{68A48974-5558-48A1-B893-9241EBE02EA4}.Release|x86.Build.0 = Release|Any CPU
		{80593BD5-ECE9-4EA5-A5F6-3557586F045A}.Debug|Any CPU.ActiveCfg = Debug|Any CPU
		{80593BD5-ECE9-4EA5-A5F6-3557586F045A}.Debug|Any CPU.Build.0 = Debug|Any CPU
		{80593BD5-ECE9-4EA5-A5F6-3557586F045A}.Debug|x64.ActiveCfg = Debug|Any CPU
		{80593BD5-ECE9-4EA5-A5F6-3557586F045A}.Debug|x64.Build.0 = Debug|Any CPU
		{80593BD5-ECE9-4EA5-A5F6-3557586F045A}.Debug|x86.ActiveCfg = Debug|Any CPU
		{80593BD5-ECE9-4EA5-A5F6-3557586F045A}.Debug|x86.Build.0 = Debug|Any CPU
		{80593BD5-ECE9-4EA5-A5F6-3557586F045A}.Release|Any CPU.ActiveCfg = Release|Any CPU
		{80593BD5-ECE9-4EA5-A5F6-3557586F045A}.Release|Any CPU.Build.0 = Release|Any CPU
		{80593BD5-ECE9-4EA5-A5F6-3557586F045A}.Release|x64.ActiveCfg = Release|Any CPU
		{80593BD5-ECE9-4EA5-A5F6-3557586F045A}.Release|x64.Build.0 = Release|Any CPU
		{80593BD5-ECE9-4EA5-A5F6-3557586F045A}.Release|x86.ActiveCfg = Release|Any CPU
		{80593BD5-ECE9-4EA5-A5F6-3557586F045A}.Release|x86.Build.0 = Release|Any CPU
		{B5A2B44D-F165-46BA-A957-12BD39D1D911}.Debug|Any CPU.ActiveCfg = Debug|Any CPU
		{B5A2B44D-F165-46BA-A957-12BD39D1D911}.Debug|Any CPU.Build.0 = Debug|Any CPU
		{B5A2B44D-F165-46BA-A957-12BD39D1D911}.Debug|x64.ActiveCfg = Debug|Any CPU
		{B5A2B44D-F165-46BA-A957-12BD39D1D911}.Debug|x64.Build.0 = Debug|Any CPU
		{B5A2B44D-F165-46BA-A957-12BD39D1D911}.Debug|x86.ActiveCfg = Debug|Any CPU
		{B5A2B44D-F165-46BA-A957-12BD39D1D911}.Debug|x86.Build.0 = Debug|Any CPU
		{B5A2B44D-F165-46BA-A957-12BD39D1D911}.Release|Any CPU.ActiveCfg = Release|Any CPU
		{B5A2B44D-F165-46BA-A957-12BD39D1D911}.Release|Any CPU.Build.0 = Release|Any CPU
		{B5A2B44D-F165-46BA-A957-12BD39D1D911}.Release|x64.ActiveCfg = Release|Any CPU
		{B5A2B44D-F165-46BA-A957-12BD39D1D911}.Release|x64.Build.0 = Release|Any CPU
		{B5A2B44D-F165-46BA-A957-12BD39D1D911}.Release|x86.ActiveCfg = Release|Any CPU
		{B5A2B44D-F165-46BA-A957-12BD39D1D911}.Release|x86.Build.0 = Release|Any CPU
		{A7CC5D3B-C508-4102-B8D0-3D8119F3699A}.Debug|Any CPU.ActiveCfg = Debug|Any CPU
		{A7CC5D3B-C508-4102-B8D0-3D8119F3699A}.Debug|Any CPU.Build.0 = Debug|Any CPU
		{A7CC5D3B-C508-4102-B8D0-3D8119F3699A}.Debug|x64.ActiveCfg = Debug|Any CPU
		{A7CC5D3B-C508-4102-B8D0-3D8119F3699A}.Debug|x64.Build.0 = Debug|Any CPU
		{A7CC5D3B-C508-4102-B8D0-3D8119F3699A}.Debug|x86.ActiveCfg = Debug|Any CPU
		{A7CC5D3B-C508-4102-B8D0-3D8119F3699A}.Debug|x86.Build.0 = Debug|Any CPU
		{A7CC5D3B-C508-4102-B8D0-3D8119F3699A}.Release|Any CPU.ActiveCfg = Release|Any CPU
		{A7CC5D3B-C508-4102-B8D0-3D8119F3699A}.Release|Any CPU.Build.0 = Release|Any CPU
		{A7CC5D3B-C508-4102-B8D0-3D8119F3699A}.Release|x64.ActiveCfg = Release|Any CPU
		{A7CC5D3B-C508-4102-B8D0-3D8119F3699A}.Release|x64.Build.0 = Release|Any CPU
		{A7CC5D3B-C508-4102-B8D0-3D8119F3699A}.Release|x86.ActiveCfg = Release|Any CPU
		{A7CC5D3B-C508-4102-B8D0-3D8119F3699A}.Release|x86.Build.0 = Release|Any CPU
		{7A6AB94F-A49A-443F-B9F9-73353BD37826}.Debug|Any CPU.ActiveCfg = Debug|Any CPU
		{7A6AB94F-A49A-443F-B9F9-73353BD37826}.Debug|Any CPU.Build.0 = Debug|Any CPU
		{7A6AB94F-A49A-443F-B9F9-73353BD37826}.Debug|x64.ActiveCfg = Debug|Any CPU
		{7A6AB94F-A49A-443F-B9F9-73353BD37826}.Debug|x64.Build.0 = Debug|Any CPU
		{7A6AB94F-A49A-443F-B9F9-73353BD37826}.Debug|x86.ActiveCfg = Debug|Any CPU
		{7A6AB94F-A49A-443F-B9F9-73353BD37826}.Debug|x86.Build.0 = Debug|Any CPU
		{7A6AB94F-A49A-443F-B9F9-73353BD37826}.Release|Any CPU.ActiveCfg = Release|Any CPU
		{7A6AB94F-A49A-443F-B9F9-73353BD37826}.Release|Any CPU.Build.0 = Release|Any CPU
		{7A6AB94F-A49A-443F-B9F9-73353BD37826}.Release|x64.ActiveCfg = Release|Any CPU
		{7A6AB94F-A49A-443F-B9F9-73353BD37826}.Release|x64.Build.0 = Release|Any CPU
		{7A6AB94F-A49A-443F-B9F9-73353BD37826}.Release|x86.ActiveCfg = Release|Any CPU
		{7A6AB94F-A49A-443F-B9F9-73353BD37826}.Release|x86.Build.0 = Release|Any CPU
		{A433C4C6-7551-4F1F-940F-D53E37AE36E3}.Debug|Any CPU.ActiveCfg = Debug|Any CPU
		{A433C4C6-7551-4F1F-940F-D53E37AE36E3}.Debug|Any CPU.Build.0 = Debug|Any CPU
		{A433C4C6-7551-4F1F-940F-D53E37AE36E3}.Debug|x64.ActiveCfg = Debug|Any CPU
		{A433C4C6-7551-4F1F-940F-D53E37AE36E3}.Debug|x64.Build.0 = Debug|Any CPU
		{A433C4C6-7551-4F1F-940F-D53E37AE36E3}.Debug|x86.ActiveCfg = Debug|Any CPU
		{A433C4C6-7551-4F1F-940F-D53E37AE36E3}.Debug|x86.Build.0 = Debug|Any CPU
		{C2D6F4A9-8C4E-4B1B-9E0D-7A0B5D3E91F4}.Debug|Any CPU.ActiveCfg = Debug|Any CPU
		{C2D6F4A9-8C4E-4B1B-9E0D-7A0B5D3E91F4}.Debug|Any CPU.Build.0 = Debug|Any CPU
		{C2D6F4A9-8C4E-4B1B-9E0D-7A0B5D3E91F4}.Debug|x64.ActiveCfg = Debug|Any CPU
		{C2D6F4A9-8C4E-4B1B-9E0D-7A0B5D3E91F4}.Debug|x64.Build.0 = Debug|Any CPU
		{C2D6F4A9-8C4E-4B1B-9E0D-7A0B5D3E91F4}.Debug|x86.ActiveCfg = Debug|Any CPU
		{C2D6F4A9-8C4E-4B1B-9E0D-7A0B5D3E91F4}.Debug|x86.Build.0 = Debug|Any CPU
		{9E1A2B3C-4D5E-4F60-8A71-B2C3D4E5F6A7}.Debug|Any CPU.ActiveCfg = Debug|Any CPU
		{9E1A2B3C-4D5E-4F60-8A71-B2C3D4E5F6A7}.Debug|Any CPU.Build.0 = Debug|Any CPU
		{9E1A2B3C-4D5E-4F60-8A71-B2C3D4E5F6A7}.Debug|x64.ActiveCfg = Debug|Any CPU
		{9E1A2B3C-4D5E-4F60-8A71-B2C3D4E5F6A7}.Debug|x64.Build.0 = Debug|Any CPU
		{9E1A2B3C-4D5E-4F60-8A71-B2C3D4E5F6A7}.Debug|x86.ActiveCfg = Debug|Any CPU
		{9E1A2B3C-4D5E-4F60-8A71-B2C3D4E5F6A7}.Debug|x86.Build.0 = Debug|Any CPU
		{A433C4C6-7551-4F1F-940F-D53E37AE36E3}.Release|Any CPU.ActiveCfg = Release|Any CPU
		{C2D6F4A9-8C4E-4B1B-9E0D-7A0B5D3E91F4}.Release|Any CPU.ActiveCfg = Release|Any CPU
		{C2D6F4A9-8C4E-4B1B-9E0D-7A0B5D3E91F4}.Release|Any CPU.Build.0 = Release|Any CPU
		{9E1A2B3C-4D5E-4F60-8A71-B2C3D4E5F6A7}.Release|Any CPU.ActiveCfg = Release|Any CPU
		{9E1A2B3C-4D5E-4F60-8A71-B2C3D4E5F6A7}.Release|Any CPU.Build.0 = Release|Any CPU
		{9E1A2B3C-4D5E-4F60-8A71-B2C3D4E5F6A7}.Release|x64.ActiveCfg = Release|Any CPU
		{9E1A2B3C-4D5E-4F60-8A71-B2C3D4E5F6A7}.Release|x64.Build.0 = Release|Any CPU
		{9E1A2B3C-4D5E-4F60-8A71-B2C3D4E5F6A7}.Release|x86.ActiveCfg = Release|Any CPU
		{9E1A2B3C-4D5E-4F60-8A71-B2C3D4E5F6A7}.Release|x86.Build.0 = Release|Any CPU
		{A433C4C6-7551-4F1F-940F-D53E37AE36E3}.Release|Any CPU.Build.0 = Release|Any CPU
		{A433C4C6-7551-4F1F-940F-D53E37AE36E3}.Release|x64.ActiveCfg = Release|Any CPU
		{A433C4C6-7551-4F1F-940F-D53E37AE36E3}.Release|x64.Build.0 = Release|Any CPU
		{A433C4C6-7551-4F1F-940F-D53E37AE36E3}.Release|x86.ActiveCfg = Release|Any CPU
		{A433C4C6-7551-4F1F-940F-D53E37AE36E3}.Release|x86.Build.0 = Release|Any CPU
		{137848F1-1987-4D89-917E-6AA13DC15C29}.Debug|Any CPU.ActiveCfg = Debug|Any CPU
		{137848F1-1987-4D89-917E-6AA13DC15C29}.Debug|Any CPU.Build.0 = Debug|Any CPU
		{137848F1-1987-4D89-917E-6AA13DC15C29}.Debug|x64.ActiveCfg = Debug|Any CPU
		{137848F1-1987-4D89-917E-6AA13DC15C29}.Debug|x64.Build.0 = Debug|Any CPU
		{137848F1-1987-4D89-917E-6AA13DC15C29}.Debug|x86.ActiveCfg = Debug|Any CPU
		{137848F1-1987-4D89-917E-6AA13DC15C29}.Debug|x86.Build.0 = Debug|Any CPU
		{137848F1-1987-4D89-917E-6AA13DC15C29}.Release|Any CPU.ActiveCfg = Release|Any CPU
		{137848F1-1987-4D89-917E-6AA13DC15C29}.Release|Any CPU.Build.0 = Release|Any CPU
		{137848F1-1987-4D89-917E-6AA13DC15C29}.Release|x64.ActiveCfg = Release|Any CPU
		{137848F1-1987-4D89-917E-6AA13DC15C29}.Release|x64.Build.0 = Release|Any CPU
		{137848F1-1987-4D89-917E-6AA13DC15C29}.Release|x86.ActiveCfg = Release|Any CPU
		{137848F1-1987-4D89-917E-6AA13DC15C29}.Release|x86.Build.0 = Release|Any CPU
		{33012F50-3D6F-47FC-A964-9F940015C1B9}.Debug|Any CPU.ActiveCfg = Debug|Any CPU
		{33012F50-3D6F-47FC-A964-9F940015C1B9}.Debug|Any CPU.Build.0 = Debug|Any CPU
		{33012F50-3D6F-47FC-A964-9F940015C1B9}.Debug|x64.ActiveCfg = Debug|Any CPU
		{33012F50-3D6F-47FC-A964-9F940015C1B9}.Debug|x64.Build.0 = Debug|Any CPU
		{33012F50-3D6F-47FC-A964-9F940015C1B9}.Debug|x86.ActiveCfg = Debug|Any CPU
		{33012F50-3D6F-47FC-A964-9F940015C1B9}.Debug|x86.Build.0 = Debug|Any CPU
		{33012F50-3D6F-47FC-A964-9F940015C1B9}.Release|Any CPU.ActiveCfg = Release|Any CPU
		{33012F50-3D6F-47FC-A964-9F940015C1B9}.Release|Any CPU.Build.0 = Release|Any CPU
		{33012F50-3D6F-47FC-A964-9F940015C1B9}.Release|x64.ActiveCfg = Release|Any CPU
		{33012F50-3D6F-47FC-A964-9F940015C1B9}.Release|x64.Build.0 = Release|Any CPU
		{33012F50-3D6F-47FC-A964-9F940015C1B9}.Release|x86.ActiveCfg = Release|Any CPU
		{33012F50-3D6F-47FC-A964-9F940015C1B9}.Release|x86.Build.0 = Release|Any CPU
		{F224D7DA-F0D5-47B9-9C85-56D774455078}.Debug|Any CPU.ActiveCfg = Debug|Any CPU
		{F224D7DA-F0D5-47B9-9C85-56D774455078}.Debug|Any CPU.Build.0 = Debug|Any CPU
		{F224D7DA-F0D5-47B9-9C85-56D774455078}.Debug|x64.ActiveCfg = Debug|Any CPU
		{F224D7DA-F0D5-47B9-9C85-56D774455078}.Debug|x64.Build.0 = Debug|Any CPU
		{F224D7DA-F0D5-47B9-9C85-56D774455078}.Debug|x86.ActiveCfg = Debug|Any CPU
		{F224D7DA-F0D5-47B9-9C85-56D774455078}.Debug|x86.Build.0 = Debug|Any CPU
		{F224D7DA-F0D5-47B9-9C85-56D774455078}.Release|Any CPU.ActiveCfg = Release|Any CPU
		{F224D7DA-F0D5-47B9-9C85-56D774455078}.Release|Any CPU.Build.0 = Release|Any CPU
		{F224D7DA-F0D5-47B9-9C85-56D774455078}.Release|x64.ActiveCfg = Release|Any CPU
		{F224D7DA-F0D5-47B9-9C85-56D774455078}.Release|x64.Build.0 = Release|Any CPU
		{F224D7DA-F0D5-47B9-9C85-56D774455078}.Release|x86.ActiveCfg = Release|Any CPU
		{F224D7DA-F0D5-47B9-9C85-56D774455078}.Release|x86.Build.0 = Release|Any CPU
		{9C0549FB-69D8-499A-B1E1-B4A2E65FCB23}.Debug|Any CPU.ActiveCfg = Debug|Any CPU
		{9C0549FB-69D8-499A-B1E1-B4A2E65FCB23}.Debug|Any CPU.Build.0 = Debug|Any CPU
		{9C0549FB-69D8-499A-B1E1-B4A2E65FCB23}.Debug|x64.ActiveCfg = Debug|Any CPU
		{9C0549FB-69D8-499A-B1E1-B4A2E65FCB23}.Debug|x64.Build.0 = Debug|Any CPU
		{9C0549FB-69D8-499A-B1E1-B4A2E65FCB23}.Debug|x86.ActiveCfg = Debug|Any CPU
		{9C0549FB-69D8-499A-B1E1-B4A2E65FCB23}.Debug|x86.Build.0 = Debug|Any CPU
		{9C0549FB-69D8-499A-B1E1-B4A2E65FCB23}.Release|Any CPU.ActiveCfg = Release|Any CPU
		{9C0549FB-69D8-499A-B1E1-B4A2E65FCB23}.Release|Any CPU.Build.0 = Release|Any CPU
		{9C0549FB-69D8-499A-B1E1-B4A2E65FCB23}.Release|x64.ActiveCfg = Release|Any CPU
		{9C0549FB-69D8-499A-B1E1-B4A2E65FCB23}.Release|x64.Build.0 = Release|Any CPU
		{9C0549FB-69D8-499A-B1E1-B4A2E65FCB23}.Release|x86.ActiveCfg = Release|Any CPU
		{9C0549FB-69D8-499A-B1E1-B4A2E65FCB23}.Release|x86.Build.0 = Release|Any CPU
		{82863FCB-2C9B-47D3-99A2-AA2BA57B4A14}.Debug|Any CPU.ActiveCfg = Debug|Any CPU
		{82863FCB-2C9B-47D3-99A2-AA2BA57B4A14}.Debug|Any CPU.Build.0 = Debug|Any CPU
		{82863FCB-2C9B-47D3-99A2-AA2BA57B4A14}.Debug|x64.ActiveCfg = Debug|Any CPU
		{82863FCB-2C9B-47D3-99A2-AA2BA57B4A14}.Debug|x64.Build.0 = Debug|Any CPU
		{82863FCB-2C9B-47D3-99A2-AA2BA57B4A14}.Debug|x86.ActiveCfg = Debug|Any CPU
		{82863FCB-2C9B-47D3-99A2-AA2BA57B4A14}.Debug|x86.Build.0 = Debug|Any CPU
		{82863FCB-2C9B-47D3-99A2-AA2BA57B4A14}.Release|Any CPU.ActiveCfg = Release|Any CPU
		{82863FCB-2C9B-47D3-99A2-AA2BA57B4A14}.Release|Any CPU.Build.0 = Release|Any CPU
		{82863FCB-2C9B-47D3-99A2-AA2BA57B4A14}.Release|x64.ActiveCfg = Release|Any CPU
		{82863FCB-2C9B-47D3-99A2-AA2BA57B4A14}.Release|x64.Build.0 = Release|Any CPU
		{82863FCB-2C9B-47D3-99A2-AA2BA57B4A14}.Release|x86.ActiveCfg = Release|Any CPU
		{82863FCB-2C9B-47D3-99A2-AA2BA57B4A14}.Release|x86.Build.0 = Release|Any CPU
		{B46718D2-D82E-4BD2-B65E-D7EA8EC1654C}.Debug|Any CPU.ActiveCfg = Debug|Any CPU
		{B46718D2-D82E-4BD2-B65E-D7EA8EC1654C}.Debug|Any CPU.Build.0 = Debug|Any CPU
		{B46718D2-D82E-4BD2-B65E-D7EA8EC1654C}.Debug|x64.ActiveCfg = Debug|Any CPU
		{B46718D2-D82E-4BD2-B65E-D7EA8EC1654C}.Debug|x64.Build.0 = Debug|Any CPU
		{B46718D2-D82E-4BD2-B65E-D7EA8EC1654C}.Debug|x86.ActiveCfg = Debug|Any CPU
		{B46718D2-D82E-4BD2-B65E-D7EA8EC1654C}.Debug|x86.Build.0 = Debug|Any CPU
		{B46718D2-D82E-4BD2-B65E-D7EA8EC1654C}.Release|Any CPU.ActiveCfg = Release|Any CPU
		{B46718D2-D82E-4BD2-B65E-D7EA8EC1654C}.Release|Any CPU.Build.0 = Release|Any CPU
		{B46718D2-D82E-4BD2-B65E-D7EA8EC1654C}.Release|x64.ActiveCfg = Release|Any CPU
		{B46718D2-D82E-4BD2-B65E-D7EA8EC1654C}.Release|x64.Build.0 = Release|Any CPU
		{B46718D2-D82E-4BD2-B65E-D7EA8EC1654C}.Release|x86.ActiveCfg = Release|Any CPU
		{B46718D2-D82E-4BD2-B65E-D7EA8EC1654C}.Release|x86.Build.0 = Release|Any CPU
		{43B51C7D-314C-40DE-83ED-220A74E2F3D3}.Debug|Any CPU.ActiveCfg = Debug|Any CPU
		{43B51C7D-314C-40DE-83ED-220A74E2F3D3}.Debug|Any CPU.Build.0 = Debug|Any CPU
		{43B51C7D-314C-40DE-83ED-220A74E2F3D3}.Debug|x64.ActiveCfg = Debug|Any CPU
		{43B51C7D-314C-40DE-83ED-220A74E2F3D3}.Debug|x64.Build.0 = Debug|Any CPU
		{43B51C7D-314C-40DE-83ED-220A74E2F3D3}.Debug|x86.ActiveCfg = Debug|Any CPU
		{43B51C7D-314C-40DE-83ED-220A74E2F3D3}.Debug|x86.Build.0 = Debug|Any CPU
		{43B51C7D-314C-40DE-83ED-220A74E2F3D3}.Release|Any CPU.ActiveCfg = Release|Any CPU
		{43B51C7D-314C-40DE-83ED-220A74E2F3D3}.Release|Any CPU.Build.0 = Release|Any CPU
		{43B51C7D-314C-40DE-83ED-220A74E2F3D3}.Release|x64.ActiveCfg = Release|Any CPU
		{43B51C7D-314C-40DE-83ED-220A74E2F3D3}.Release|x64.Build.0 = Release|Any CPU
		{43B51C7D-314C-40DE-83ED-220A74E2F3D3}.Release|x86.ActiveCfg = Release|Any CPU
		{43B51C7D-314C-40DE-83ED-220A74E2F3D3}.Release|x86.Build.0 = Release|Any CPU
		{DDBE8889-62FB-4A86-AF25-67F6214E3F69}.Debug|Any CPU.ActiveCfg = Debug|Any CPU
		{DDBE8889-62FB-4A86-AF25-67F6214E3F69}.Debug|Any CPU.Build.0 = Debug|Any CPU
		{DDBE8889-62FB-4A86-AF25-67F6214E3F69}.Debug|x64.ActiveCfg = Debug|Any CPU
		{DDBE8889-62FB-4A86-AF25-67F6214E3F69}.Debug|x64.Build.0 = Debug|Any CPU
		{DDBE8889-62FB-4A86-AF25-67F6214E3F69}.Debug|x86.ActiveCfg = Debug|Any CPU
		{DDBE8889-62FB-4A86-AF25-67F6214E3F69}.Debug|x86.Build.0 = Debug|Any CPU
		{DDBE8889-62FB-4A86-AF25-67F6214E3F69}.Release|Any CPU.ActiveCfg = Release|Any CPU
		{DDBE8889-62FB-4A86-AF25-67F6214E3F69}.Release|Any CPU.Build.0 = Release|Any CPU
		{DDBE8889-62FB-4A86-AF25-67F6214E3F69}.Release|x64.ActiveCfg = Release|Any CPU
		{DDBE8889-62FB-4A86-AF25-67F6214E3F69}.Release|x64.Build.0 = Release|Any CPU
		{DDBE8889-62FB-4A86-AF25-67F6214E3F69}.Release|x86.ActiveCfg = Release|Any CPU
		{DDBE8889-62FB-4A86-AF25-67F6214E3F69}.Release|x86.Build.0 = Release|Any CPU
		{9C1B055D-B512-4BC3-9DCF-8C3C3F413E58}.Debug|Any CPU.ActiveCfg = Debug|Any CPU
		{9C1B055D-B512-4BC3-9DCF-8C3C3F413E58}.Debug|Any CPU.Build.0 = Debug|Any CPU
		{9C1B055D-B512-4BC3-9DCF-8C3C3F413E58}.Debug|x64.ActiveCfg = Debug|Any CPU
		{9C1B055D-B512-4BC3-9DCF-8C3C3F413E58}.Debug|x64.Build.0 = Debug|Any CPU
		{9C1B055D-B512-4BC3-9DCF-8C3C3F413E58}.Debug|x86.ActiveCfg = Debug|Any CPU
		{9C1B055D-B512-4BC3-9DCF-8C3C3F413E58}.Debug|x86.Build.0 = Debug|Any CPU
		{9C1B055D-B512-4BC3-9DCF-8C3C3F413E58}.Release|Any CPU.ActiveCfg = Release|Any CPU
		{9C1B055D-B512-4BC3-9DCF-8C3C3F413E58}.Release|Any CPU.Build.0 = Release|Any CPU
		{9C1B055D-B512-4BC3-9DCF-8C3C3F413E58}.Release|x64.ActiveCfg = Release|Any CPU
		{9C1B055D-B512-4BC3-9DCF-8C3C3F413E58}.Release|x64.Build.0 = Release|Any CPU
		{9C1B055D-B512-4BC3-9DCF-8C3C3F413E58}.Release|x86.ActiveCfg = Release|Any CPU
		{9C1B055D-B512-4BC3-9DCF-8C3C3F413E58}.Release|x86.Build.0 = Release|Any CPU
		{7B683882-AAEB-483C-9F06-7D9ABC46EAD8}.Debug|Any CPU.ActiveCfg = Debug|Any CPU
		{7B683882-AAEB-483C-9F06-7D9ABC46EAD8}.Debug|Any CPU.Build.0 = Debug|Any CPU
		{7B683882-AAEB-483C-9F06-7D9ABC46EAD8}.Debug|x64.ActiveCfg = Debug|Any CPU
		{7B683882-AAEB-483C-9F06-7D9ABC46EAD8}.Debug|x64.Build.0 = Debug|Any CPU
		{7B683882-AAEB-483C-9F06-7D9ABC46EAD8}.Debug|x86.ActiveCfg = Debug|Any CPU
		{7B683882-AAEB-483C-9F06-7D9ABC46EAD8}.Debug|x86.Build.0 = Debug|Any CPU
		{7B683882-AAEB-483C-9F06-7D9ABC46EAD8}.Release|Any CPU.ActiveCfg = Release|Any CPU
		{7B683882-AAEB-483C-9F06-7D9ABC46EAD8}.Release|Any CPU.Build.0 = Release|Any CPU
		{7B683882-AAEB-483C-9F06-7D9ABC46EAD8}.Release|x64.ActiveCfg = Release|Any CPU
		{7B683882-AAEB-483C-9F06-7D9ABC46EAD8}.Release|x64.Build.0 = Release|Any CPU
		{7B683882-AAEB-483C-9F06-7D9ABC46EAD8}.Release|x86.ActiveCfg = Release|Any CPU
		{7B683882-AAEB-483C-9F06-7D9ABC46EAD8}.Release|x86.Build.0 = Release|Any CPU
		{4F85270A-75F6-40DC-A491-648179566422}.Debug|Any CPU.ActiveCfg = Debug|Any CPU
		{4F85270A-75F6-40DC-A491-648179566422}.Debug|Any CPU.Build.0 = Debug|Any CPU
		{4F85270A-75F6-40DC-A491-648179566422}.Debug|x64.ActiveCfg = Debug|Any CPU
		{4F85270A-75F6-40DC-A491-648179566422}.Debug|x64.Build.0 = Debug|Any CPU
		{4F85270A-75F6-40DC-A491-648179566422}.Debug|x86.ActiveCfg = Debug|Any CPU
		{4F85270A-75F6-40DC-A491-648179566422}.Debug|x86.Build.0 = Debug|Any CPU
		{4F85270A-75F6-40DC-A491-648179566422}.Release|Any CPU.ActiveCfg = Release|Any CPU
		{4F85270A-75F6-40DC-A491-648179566422}.Release|Any CPU.Build.0 = Release|Any CPU
		{4F85270A-75F6-40DC-A491-648179566422}.Release|x64.ActiveCfg = Release|Any CPU
		{4F85270A-75F6-40DC-A491-648179566422}.Release|x64.Build.0 = Release|Any CPU
		{4F85270A-75F6-40DC-A491-648179566422}.Release|x86.ActiveCfg = Release|Any CPU
		{4F85270A-75F6-40DC-A491-648179566422}.Release|x86.Build.0 = Release|Any CPU
		{1FD35FCB-2A4F-4D51-B560-A642B32C2FFB}.Debug|Any CPU.ActiveCfg = Debug|Any CPU
		{1FD35FCB-2A4F-4D51-B560-A642B32C2FFB}.Debug|Any CPU.Build.0 = Debug|Any CPU
		{1FD35FCB-2A4F-4D51-B560-A642B32C2FFB}.Debug|x64.ActiveCfg = Debug|Any CPU
		{1FD35FCB-2A4F-4D51-B560-A642B32C2FFB}.Debug|x64.Build.0 = Debug|Any CPU
		{1FD35FCB-2A4F-4D51-B560-A642B32C2FFB}.Debug|x86.ActiveCfg = Debug|Any CPU
		{1FD35FCB-2A4F-4D51-B560-A642B32C2FFB}.Debug|x86.Build.0 = Debug|Any CPU
		{1FD35FCB-2A4F-4D51-B560-A642B32C2FFB}.Release|Any CPU.ActiveCfg = Release|Any CPU
		{1FD35FCB-2A4F-4D51-B560-A642B32C2FFB}.Release|Any CPU.Build.0 = Release|Any CPU
		{1FD35FCB-2A4F-4D51-B560-A642B32C2FFB}.Release|x64.ActiveCfg = Release|Any CPU
		{1FD35FCB-2A4F-4D51-B560-A642B32C2FFB}.Release|x64.Build.0 = Release|Any CPU
		{1FD35FCB-2A4F-4D51-B560-A642B32C2FFB}.Release|x86.ActiveCfg = Release|Any CPU
		{1FD35FCB-2A4F-4D51-B560-A642B32C2FFB}.Release|x86.Build.0 = Release|Any CPU
		{DF2728E9-75E4-4F67-B495-42DF10EA4A2A}.Debug|Any CPU.ActiveCfg = Debug|Any CPU
		{DF2728E9-75E4-4F67-B495-42DF10EA4A2A}.Debug|Any CPU.Build.0 = Debug|Any CPU
		{DF2728E9-75E4-4F67-B495-42DF10EA4A2A}.Debug|x64.ActiveCfg = Debug|Any CPU
		{DF2728E9-75E4-4F67-B495-42DF10EA4A2A}.Debug|x64.Build.0 = Debug|Any CPU
		{DF2728E9-75E4-4F67-B495-42DF10EA4A2A}.Debug|x86.ActiveCfg = Debug|Any CPU
		{DF2728E9-75E4-4F67-B495-42DF10EA4A2A}.Debug|x86.Build.0 = Debug|Any CPU
		{DF2728E9-75E4-4F67-B495-42DF10EA4A2A}.Release|Any CPU.ActiveCfg = Release|Any CPU
		{DF2728E9-75E4-4F67-B495-42DF10EA4A2A}.Release|Any CPU.Build.0 = Release|Any CPU
		{DF2728E9-75E4-4F67-B495-42DF10EA4A2A}.Release|x64.ActiveCfg = Release|Any CPU
		{DF2728E9-75E4-4F67-B495-42DF10EA4A2A}.Release|x64.Build.0 = Release|Any CPU
		{DF2728E9-75E4-4F67-B495-42DF10EA4A2A}.Release|x86.ActiveCfg = Release|Any CPU
		{DF2728E9-75E4-4F67-B495-42DF10EA4A2A}.Release|x86.Build.0 = Release|Any CPU
		{EA302F09-77B2-48CB-BD8F-BF54431ADAC9}.Debug|Any CPU.ActiveCfg = Debug|Any CPU
		{EA302F09-77B2-48CB-BD8F-BF54431ADAC9}.Debug|Any CPU.Build.0 = Debug|Any CPU
		{EA302F09-77B2-48CB-BD8F-BF54431ADAC9}.Debug|x64.ActiveCfg = Debug|Any CPU
		{EA302F09-77B2-48CB-BD8F-BF54431ADAC9}.Debug|x64.Build.0 = Debug|Any CPU
		{EA302F09-77B2-48CB-BD8F-BF54431ADAC9}.Debug|x86.ActiveCfg = Debug|Any CPU
		{EA302F09-77B2-48CB-BD8F-BF54431ADAC9}.Debug|x86.Build.0 = Debug|Any CPU
		{EA302F09-77B2-48CB-BD8F-BF54431ADAC9}.Release|Any CPU.ActiveCfg = Release|Any CPU
		{EA302F09-77B2-48CB-BD8F-BF54431ADAC9}.Release|Any CPU.Build.0 = Release|Any CPU
		{EA302F09-77B2-48CB-BD8F-BF54431ADAC9}.Release|x64.ActiveCfg = Release|Any CPU
		{EA302F09-77B2-48CB-BD8F-BF54431ADAC9}.Release|x64.Build.0 = Release|Any CPU
		{EA302F09-77B2-48CB-BD8F-BF54431ADAC9}.Release|x86.ActiveCfg = Release|Any CPU
		{EA302F09-77B2-48CB-BD8F-BF54431ADAC9}.Release|x86.Build.0 = Release|Any CPU
		{3DF63C41-39AF-42DE-AAEB-9D62F196CF20}.Debug|Any CPU.ActiveCfg = Debug|Any CPU
		{3DF63C41-39AF-42DE-AAEB-9D62F196CF20}.Debug|Any CPU.Build.0 = Debug|Any CPU
		{3DF63C41-39AF-42DE-AAEB-9D62F196CF20}.Debug|x64.ActiveCfg = Debug|Any CPU
		{3DF63C41-39AF-42DE-AAEB-9D62F196CF20}.Debug|x64.Build.0 = Debug|Any CPU
		{3DF63C41-39AF-42DE-AAEB-9D62F196CF20}.Debug|x86.ActiveCfg = Debug|Any CPU
		{3DF63C41-39AF-42DE-AAEB-9D62F196CF20}.Debug|x86.Build.0 = Debug|Any CPU
		{3DF63C41-39AF-42DE-AAEB-9D62F196CF20}.Release|Any CPU.ActiveCfg = Release|Any CPU
		{3DF63C41-39AF-42DE-AAEB-9D62F196CF20}.Release|Any CPU.Build.0 = Release|Any CPU
		{3DF63C41-39AF-42DE-AAEB-9D62F196CF20}.Release|x64.ActiveCfg = Release|Any CPU
		{3DF63C41-39AF-42DE-AAEB-9D62F196CF20}.Release|x64.Build.0 = Release|Any CPU
		{3DF63C41-39AF-42DE-AAEB-9D62F196CF20}.Release|x86.ActiveCfg = Release|Any CPU
		{3DF63C41-39AF-42DE-AAEB-9D62F196CF20}.Release|x86.Build.0 = Release|Any CPU
		{B87E6977-028C-4F17-ADB8-6AF2D308114C}.Debug|Any CPU.ActiveCfg = Debug|Any CPU
		{B87E6977-028C-4F17-ADB8-6AF2D308114C}.Debug|Any CPU.Build.0 = Debug|Any CPU
		{B87E6977-028C-4F17-ADB8-6AF2D308114C}.Debug|x64.ActiveCfg = Debug|Any CPU
		{B87E6977-028C-4F17-ADB8-6AF2D308114C}.Debug|x64.Build.0 = Debug|Any CPU
		{B87E6977-028C-4F17-ADB8-6AF2D308114C}.Debug|x86.ActiveCfg = Debug|Any CPU
		{B87E6977-028C-4F17-ADB8-6AF2D308114C}.Debug|x86.Build.0 = Debug|Any CPU
		{B87E6977-028C-4F17-ADB8-6AF2D308114C}.Release|Any CPU.ActiveCfg = Release|Any CPU
		{B87E6977-028C-4F17-ADB8-6AF2D308114C}.Release|Any CPU.Build.0 = Release|Any CPU
		{B87E6977-028C-4F17-ADB8-6AF2D308114C}.Release|x64.ActiveCfg = Release|Any CPU
		{B87E6977-028C-4F17-ADB8-6AF2D308114C}.Release|x64.Build.0 = Release|Any CPU
		{B87E6977-028C-4F17-ADB8-6AF2D308114C}.Release|x86.ActiveCfg = Release|Any CPU
		{B87E6977-028C-4F17-ADB8-6AF2D308114C}.Release|x86.Build.0 = Release|Any CPU
		{CDC78458-BFD9-491E-979A-81D7F1080397}.Debug|Any CPU.ActiveCfg = Debug|Any CPU
		{CDC78458-BFD9-491E-979A-81D7F1080397}.Debug|Any CPU.Build.0 = Debug|Any CPU
		{CDC78458-BFD9-491E-979A-81D7F1080397}.Debug|x64.ActiveCfg = Debug|Any CPU
		{CDC78458-BFD9-491E-979A-81D7F1080397}.Debug|x64.Build.0 = Debug|Any CPU
		{CDC78458-BFD9-491E-979A-81D7F1080397}.Debug|x86.ActiveCfg = Debug|Any CPU
		{CDC78458-BFD9-491E-979A-81D7F1080397}.Debug|x86.Build.0 = Debug|Any CPU
		{CDC78458-BFD9-491E-979A-81D7F1080397}.Release|Any CPU.ActiveCfg = Release|Any CPU
		{CDC78458-BFD9-491E-979A-81D7F1080397}.Release|Any CPU.Build.0 = Release|Any CPU
		{CDC78458-BFD9-491E-979A-81D7F1080397}.Release|x64.ActiveCfg = Release|Any CPU
		{CDC78458-BFD9-491E-979A-81D7F1080397}.Release|x64.Build.0 = Release|Any CPU
		{CDC78458-BFD9-491E-979A-81D7F1080397}.Release|x86.ActiveCfg = Release|Any CPU
		{CDC78458-BFD9-491E-979A-81D7F1080397}.Release|x86.Build.0 = Release|Any CPU
		{AAD34526-3C5A-43B2-B3C6-78E3DE35D957}.Debug|Any CPU.ActiveCfg = Debug|Any CPU
		{AAD34526-3C5A-43B2-B3C6-78E3DE35D957}.Debug|Any CPU.Build.0 = Debug|Any CPU
		{AAD34526-3C5A-43B2-B3C6-78E3DE35D957}.Debug|x64.ActiveCfg = Debug|Any CPU
		{AAD34526-3C5A-43B2-B3C6-78E3DE35D957}.Debug|x64.Build.0 = Debug|Any CPU
		{AAD34526-3C5A-43B2-B3C6-78E3DE35D957}.Debug|x86.ActiveCfg = Debug|Any CPU
		{AAD34526-3C5A-43B2-B3C6-78E3DE35D957}.Debug|x86.Build.0 = Debug|Any CPU
		{AAD34526-3C5A-43B2-B3C6-78E3DE35D957}.Release|Any CPU.ActiveCfg = Release|Any CPU
		{AAD34526-3C5A-43B2-B3C6-78E3DE35D957}.Release|Any CPU.Build.0 = Release|Any CPU
		{AAD34526-3C5A-43B2-B3C6-78E3DE35D957}.Release|x64.ActiveCfg = Release|Any CPU
		{AAD34526-3C5A-43B2-B3C6-78E3DE35D957}.Release|x64.Build.0 = Release|Any CPU
		{AAD34526-3C5A-43B2-B3C6-78E3DE35D957}.Release|x86.ActiveCfg = Release|Any CPU
		{AAD34526-3C5A-43B2-B3C6-78E3DE35D957}.Release|x86.Build.0 = Release|Any CPU
		{0D5C2A68-F5F2-4BBB-B41A-796EA249C62C}.Debug|Any CPU.ActiveCfg = Debug|Any CPU
		{0D5C2A68-F5F2-4BBB-B41A-796EA249C62C}.Debug|Any CPU.Build.0 = Debug|Any CPU
		{0D5C2A68-F5F2-4BBB-B41A-796EA249C62C}.Debug|x64.ActiveCfg = Debug|Any CPU
		{0D5C2A68-F5F2-4BBB-B41A-796EA249C62C}.Debug|x64.Build.0 = Debug|Any CPU
		{0D5C2A68-F5F2-4BBB-B41A-796EA249C62C}.Debug|x86.ActiveCfg = Debug|Any CPU
		{0D5C2A68-F5F2-4BBB-B41A-796EA249C62C}.Debug|x86.Build.0 = Debug|Any CPU
		{0D5C2A68-F5F2-4BBB-B41A-796EA249C62C}.Release|Any CPU.ActiveCfg = Release|Any CPU
		{0D5C2A68-F5F2-4BBB-B41A-796EA249C62C}.Release|Any CPU.Build.0 = Release|Any CPU
		{0D5C2A68-F5F2-4BBB-B41A-796EA249C62C}.Release|x64.ActiveCfg = Release|Any CPU
		{0D5C2A68-F5F2-4BBB-B41A-796EA249C62C}.Release|x64.Build.0 = Release|Any CPU
		{0D5C2A68-F5F2-4BBB-B41A-796EA249C62C}.Release|x86.ActiveCfg = Release|Any CPU
		{0D5C2A68-F5F2-4BBB-B41A-796EA249C62C}.Release|x86.Build.0 = Release|Any CPU
		{37305559-F074-44BF-9661-EA7BE102EFB7}.Debug|Any CPU.ActiveCfg = Debug|Any CPU
		{37305559-F074-44BF-9661-EA7BE102EFB7}.Debug|Any CPU.Build.0 = Debug|Any CPU
		{37305559-F074-44BF-9661-EA7BE102EFB7}.Debug|x64.ActiveCfg = Debug|Any CPU
		{37305559-F074-44BF-9661-EA7BE102EFB7}.Debug|x64.Build.0 = Debug|Any CPU
		{37305559-F074-44BF-9661-EA7BE102EFB7}.Debug|x86.ActiveCfg = Debug|Any CPU
		{37305559-F074-44BF-9661-EA7BE102EFB7}.Debug|x86.Build.0 = Debug|Any CPU
		{37305559-F074-44BF-9661-EA7BE102EFB7}.Release|Any CPU.ActiveCfg = Release|Any CPU
		{37305559-F074-44BF-9661-EA7BE102EFB7}.Release|Any CPU.Build.0 = Release|Any CPU
		{37305559-F074-44BF-9661-EA7BE102EFB7}.Release|x64.ActiveCfg = Release|Any CPU
		{37305559-F074-44BF-9661-EA7BE102EFB7}.Release|x64.Build.0 = Release|Any CPU
		{37305559-F074-44BF-9661-EA7BE102EFB7}.Release|x86.ActiveCfg = Release|Any CPU
		{37305559-F074-44BF-9661-EA7BE102EFB7}.Release|x86.Build.0 = Release|Any CPU
		{8B356AFD-E16F-41E4-BB54-313F6FB6F9F6}.Debug|Any CPU.ActiveCfg = Debug|Any CPU
		{8B356AFD-E16F-41E4-BB54-313F6FB6F9F6}.Debug|Any CPU.Build.0 = Debug|Any CPU
		{8B356AFD-E16F-41E4-BB54-313F6FB6F9F6}.Debug|x64.ActiveCfg = Debug|Any CPU
		{8B356AFD-E16F-41E4-BB54-313F6FB6F9F6}.Debug|x64.Build.0 = Debug|Any CPU
		{8B356AFD-E16F-41E4-BB54-313F6FB6F9F6}.Debug|x86.ActiveCfg = Debug|Any CPU
		{8B356AFD-E16F-41E4-BB54-313F6FB6F9F6}.Debug|x86.Build.0 = Debug|Any CPU
		{8B356AFD-E16F-41E4-BB54-313F6FB6F9F6}.Release|Any CPU.ActiveCfg = Release|Any CPU
		{8B356AFD-E16F-41E4-BB54-313F6FB6F9F6}.Release|Any CPU.Build.0 = Release|Any CPU
		{8B356AFD-E16F-41E4-BB54-313F6FB6F9F6}.Release|x64.ActiveCfg = Release|Any CPU
		{8B356AFD-E16F-41E4-BB54-313F6FB6F9F6}.Release|x64.Build.0 = Release|Any CPU
		{8B356AFD-E16F-41E4-BB54-313F6FB6F9F6}.Release|x86.ActiveCfg = Release|Any CPU
		{8B356AFD-E16F-41E4-BB54-313F6FB6F9F6}.Release|x86.Build.0 = Release|Any CPU
		{B7248776-FA33-491C-A832-6895F2F4D8A5}.Debug|Any CPU.ActiveCfg = Debug|Any CPU
		{B7248776-FA33-491C-A832-6895F2F4D8A5}.Debug|Any CPU.Build.0 = Debug|Any CPU
		{B7248776-FA33-491C-A832-6895F2F4D8A5}.Debug|x64.ActiveCfg = Debug|Any CPU
		{B7248776-FA33-491C-A832-6895F2F4D8A5}.Debug|x64.Build.0 = Debug|Any CPU
		{B7248776-FA33-491C-A832-6895F2F4D8A5}.Debug|x86.ActiveCfg = Debug|Any CPU
		{B7248776-FA33-491C-A832-6895F2F4D8A5}.Debug|x86.Build.0 = Debug|Any CPU
		{B7248776-FA33-491C-A832-6895F2F4D8A5}.Release|Any CPU.ActiveCfg = Release|Any CPU
		{B7248776-FA33-491C-A832-6895F2F4D8A5}.Release|Any CPU.Build.0 = Release|Any CPU
		{B7248776-FA33-491C-A832-6895F2F4D8A5}.Release|x64.ActiveCfg = Release|Any CPU
		{B7248776-FA33-491C-A832-6895F2F4D8A5}.Release|x64.Build.0 = Release|Any CPU
		{B7248776-FA33-491C-A832-6895F2F4D8A5}.Release|x86.ActiveCfg = Release|Any CPU
		{B7248776-FA33-491C-A832-6895F2F4D8A5}.Release|x86.Build.0 = Release|Any CPU
		{E64C2364-1AA8-40AA-9C3B-A5D438C47D12}.Debug|Any CPU.ActiveCfg = Debug|Any CPU
		{E64C2364-1AA8-40AA-9C3B-A5D438C47D12}.Debug|Any CPU.Build.0 = Debug|Any CPU
		{E64C2364-1AA8-40AA-9C3B-A5D438C47D12}.Debug|x64.ActiveCfg = Debug|Any CPU
		{E64C2364-1AA8-40AA-9C3B-A5D438C47D12}.Debug|x64.Build.0 = Debug|Any CPU
		{E64C2364-1AA8-40AA-9C3B-A5D438C47D12}.Debug|x86.ActiveCfg = Debug|Any CPU
		{E64C2364-1AA8-40AA-9C3B-A5D438C47D12}.Debug|x86.Build.0 = Debug|Any CPU
		{E64C2364-1AA8-40AA-9C3B-A5D438C47D12}.Release|Any CPU.ActiveCfg = Release|Any CPU
		{E64C2364-1AA8-40AA-9C3B-A5D438C47D12}.Release|Any CPU.Build.0 = Release|Any CPU
		{E64C2364-1AA8-40AA-9C3B-A5D438C47D12}.Release|x64.ActiveCfg = Release|Any CPU
		{E64C2364-1AA8-40AA-9C3B-A5D438C47D12}.Release|x64.Build.0 = Release|Any CPU
		{E64C2364-1AA8-40AA-9C3B-A5D438C47D12}.Release|x86.ActiveCfg = Release|Any CPU
		{E64C2364-1AA8-40AA-9C3B-A5D438C47D12}.Release|x86.Build.0 = Release|Any CPU
		{23BC341F-FA37-4FEB-A79B-8BEF67FF7A2C}.Debug|Any CPU.ActiveCfg = Debug|Any CPU
		{23BC341F-FA37-4FEB-A79B-8BEF67FF7A2C}.Debug|Any CPU.Build.0 = Debug|Any CPU
		{23BC341F-FA37-4FEB-A79B-8BEF67FF7A2C}.Debug|x64.ActiveCfg = Debug|Any CPU
		{23BC341F-FA37-4FEB-A79B-8BEF67FF7A2C}.Debug|x64.Build.0 = Debug|Any CPU
		{23BC341F-FA37-4FEB-A79B-8BEF67FF7A2C}.Debug|x86.ActiveCfg = Debug|Any CPU
		{23BC341F-FA37-4FEB-A79B-8BEF67FF7A2C}.Debug|x86.Build.0 = Debug|Any CPU
		{23BC341F-FA37-4FEB-A79B-8BEF67FF7A2C}.Release|Any CPU.ActiveCfg = Release|Any CPU
		{23BC341F-FA37-4FEB-A79B-8BEF67FF7A2C}.Release|Any CPU.Build.0 = Release|Any CPU
		{23BC341F-FA37-4FEB-A79B-8BEF67FF7A2C}.Release|x64.ActiveCfg = Release|Any CPU
		{23BC341F-FA37-4FEB-A79B-8BEF67FF7A2C}.Release|x64.Build.0 = Release|Any CPU
		{23BC341F-FA37-4FEB-A79B-8BEF67FF7A2C}.Release|x86.ActiveCfg = Release|Any CPU
		{23BC341F-FA37-4FEB-A79B-8BEF67FF7A2C}.Release|x86.Build.0 = Release|Any CPU
		{EBC46044-3576-44E0-9CF4-6C216D68D5C5}.Debug|Any CPU.ActiveCfg = Debug|Any CPU
		{EBC46044-3576-44E0-9CF4-6C216D68D5C5}.Debug|Any CPU.Build.0 = Debug|Any CPU
		{EBC46044-3576-44E0-9CF4-6C216D68D5C5}.Debug|x64.ActiveCfg = Debug|Any CPU
		{EBC46044-3576-44E0-9CF4-6C216D68D5C5}.Debug|x64.Build.0 = Debug|Any CPU
		{EBC46044-3576-44E0-9CF4-6C216D68D5C5}.Debug|x86.ActiveCfg = Debug|Any CPU
		{EBC46044-3576-44E0-9CF4-6C216D68D5C5}.Debug|x86.Build.0 = Debug|Any CPU
		{EBC46044-3576-44E0-9CF4-6C216D68D5C5}.Release|Any CPU.ActiveCfg = Release|Any CPU
		{EBC46044-3576-44E0-9CF4-6C216D68D5C5}.Release|Any CPU.Build.0 = Release|Any CPU
		{EBC46044-3576-44E0-9CF4-6C216D68D5C5}.Release|x64.ActiveCfg = Release|Any CPU
		{EBC46044-3576-44E0-9CF4-6C216D68D5C5}.Release|x64.Build.0 = Release|Any CPU
		{EBC46044-3576-44E0-9CF4-6C216D68D5C5}.Release|x86.ActiveCfg = Release|Any CPU
		{EBC46044-3576-44E0-9CF4-6C216D68D5C5}.Release|x86.Build.0 = Release|Any CPU
	EndGlobalSection
	GlobalSection(SolutionProperties) = preSolution
		HideSolutionNode = FALSE
	EndGlobalSection
	GlobalSection(NestedProjects) = preSolution
		{2ED57860-37EF-60BE-1CFF-14491EF596EF} = {66320409-64EC-F7C5-3DEF-65E7510DAAD1}
		{2B0C597B-98DD-4006-99EF-D6D249BE73CA} = {2ED57860-37EF-60BE-1CFF-14491EF596EF}
		{9BD7DBF0-4116-4100-2C2C-3949B8A8CAA5} = {2ED57860-37EF-60BE-1CFF-14491EF596EF}
		{0437B95E-0EC1-4258-9BE8-CAE344DC89C1} = {9BD7DBF0-4116-4100-2C2C-3949B8A8CAA5}
		{68FFE7CE-A312-979B-B61A-83FC74664486} = {2ED57860-37EF-60BE-1CFF-14491EF596EF}
		{CB1A237A-923A-44D4-BBC4-B191BEA7ABF4} = {68FFE7CE-A312-979B-B61A-83FC74664486}
		{78F287B7-3BBE-DCE3-1974-BC2F85DE3D47} = {2ED57860-37EF-60BE-1CFF-14491EF596EF}
		{5923928E-DDF2-4A8E-9060-AFBC50606A36} = {78F287B7-3BBE-DCE3-1974-BC2F85DE3D47}
		{8FD4D671-6A7B-BE0D-9649-725B670EAD71} = {2ED57860-37EF-60BE-1CFF-14491EF596EF}
		{36A2D911-FDC0-4424-9C91-FA6C98F99F64} = {8FD4D671-6A7B-BE0D-9649-725B670EAD71}
		{EA4182C5-6D11-4FE6-87FD-B85EC2A24D8A} = {8FD4D671-6A7B-BE0D-9649-725B670EAD71}
		{7C349BC7-44B6-4962-B79A-4D27179EE7DF} = {8FD4D671-6A7B-BE0D-9649-725B670EAD71}
		{7470AB09-F6F4-4F66-9206-E0E31B29C7F7} = {2ED57860-37EF-60BE-1CFF-14491EF596EF}
		{884F4309-5DA3-4D33-A2EB-FFE6443EBFE0} = {7470AB09-F6F4-4F66-9206-E0E31B29C7F7}
		{C908EE12-4046-F8ED-24A2-9A451105C174} = {7470AB09-F6F4-4F66-9206-E0E31B29C7F7}
		{1772B0E4-CD0D-49BD-BE5F-E8A2A63A5DCB} = {C908EE12-4046-F8ED-24A2-9A451105C174}
		{9EE1EA77-B5BF-4896-8F1B-2DEDC1551823} = {7470AB09-F6F4-4F66-9206-E0E31B29C7F7}
		{4C920341-4F28-40BB-89A4-08B6C7DA09C3} = {7470AB09-F6F4-4F66-9206-E0E31B29C7F7}
		{CAB01B01-480E-40C1-B0DE-2728441E81FF} = {7470AB09-F6F4-4F66-9206-E0E31B29C7F7}
		{897EAD17-2F98-48C0-8493-8844BC907B0F} = {2ED57860-37EF-60BE-1CFF-14491EF596EF}
		{C538DE7E-DC96-4EC0-B419-1DC8FBF44093} = {897EAD17-2F98-48C0-8493-8844BC907B0F}
		{9AE731FF-5E89-3171-F622-02F82F2364C5} = {897EAD17-2F98-48C0-8493-8844BC907B0F}
		{BA28DB93-45C2-482F-A43E-A9783FA0D32E} = {9AE731FF-5E89-3171-F622-02F82F2364C5}
		{9C9328B2-28B6-4445-9A08-ACCDCEE056A1} = {897EAD17-2F98-48C0-8493-8844BC907B0F}
		{E7939DEA-D24E-475F-A12E-4B1EC4A6EEBE} = {897EAD17-2F98-48C0-8493-8844BC907B0F}
		{A0A763CD-7671-4157-BBFA-FDD3DD8390F7} = {897EAD17-2F98-48C0-8493-8844BC907B0F}
		{92B12803-C351-4C58-81EC-7F0734A2A154} = {2ED57860-37EF-60BE-1CFF-14491EF596EF}
		{92D38249-EA09-476F-AB2B-68125A987603} = {92B12803-C351-4C58-81EC-7F0734A2A154}
		{CBCA410A-D124-4BE2-97C4-DD1217862224} = {92B12803-C351-4C58-81EC-7F0734A2A154}
		{8C03D2B7-9F13-45AD-944E-6452F3E84DC6} = {92B12803-C351-4C58-81EC-7F0734A2A154}
		{588E32BF-C121-376E-DC28-0BA003ED3740} = {66320409-64EC-F7C5-3DEF-65E7510DAAD1}
		{E0257D16-E119-4F4C-8C96-EB399140C78C} = {588E32BF-C121-376E-DC28-0BA003ED3740}
		{0CDCB82B-7E23-4871-A4D1-33CCBD2127FE} = {588E32BF-C121-376E-DC28-0BA003ED3740}
		{DD938F77-C7A2-4CD3-B366-A7A083FF8E82} = {588E32BF-C121-376E-DC28-0BA003ED3740}
		{E7D59E6F-D191-40E1-94B5-A90AD0C2CA47} = {588E32BF-C121-376E-DC28-0BA003ED3740}
		{BCA58E82-536A-42F8-94AA-66D44ABF1B1A} = {5D20AA90-6969-D8BD-9DCD-8634F4692FDA}
		{0B3B7CD2-E259-416B-B645-F5E5B9EE8A18} = {5D20AA90-6969-D8BD-9DCD-8634F4692FDA}
		{BC5613B0-59E1-4E6B-9F26-42E2BEB33104} = {5D20AA90-6969-D8BD-9DCD-8634F4692FDA}
		{109D6D8A-BCF9-40D9-86C9-7A1398C84158} = {5D20AA90-6969-D8BD-9DCD-8634F4692FDA}
		{96996544-1968-59C2-D7C5-40497ACE7C69} = {5D20AA90-6969-D8BD-9DCD-8634F4692FDA}
		{249B4A77-49F0-58DB-E08C-7B9E1682C33E} = {96996544-1968-59C2-D7C5-40497ACE7C69}
		{93F3AE7D-688F-4290-9409-B7E5E48CD05B} = {249B4A77-49F0-58DB-E08C-7B9E1682C33E}
		{8EC806E0-1D1A-793D-4FFC-2CDF7CF6BA4E} = {96996544-1968-59C2-D7C5-40497ACE7C69}
		{DE7B117D-3543-4D0F-ABD2-84391137262A} = {8EC806E0-1D1A-793D-4FFC-2CDF7CF6BA4E}
		{3BA704CE-FE53-72C8-20FC-DEC4AE45375C} = {96996544-1968-59C2-D7C5-40497ACE7C69}
		{7F7A6CD7-5DE8-4153-80EF-DA2452C00F9F} = {3BA704CE-FE53-72C8-20FC-DEC4AE45375C}
		{901E4512-EC2D-7747-1F02-FD027C7D0E90} = {96996544-1968-59C2-D7C5-40497ACE7C69}
		{C423068B-E8C3-4F5B-8055-4C5E3ADACF5E} = {901E4512-EC2D-7747-1F02-FD027C7D0E90}
		{27D3B79B-2F69-7A88-10BD-4DC88EA2E872} = {96996544-1968-59C2-D7C5-40497ACE7C69}
		{BFC07093-77DE-438B-9C7E-6069D0179403} = {27D3B79B-2F69-7A88-10BD-4DC88EA2E872}
		{32F74F99-12F7-2DE7-47AF-272233B43EC9} = {5D20AA90-6969-D8BD-9DCD-8634F4692FDA}
		{F7B93778-62A6-9905-51D4-E261A0FC69AA} = {32F74F99-12F7-2DE7-47AF-272233B43EC9}
		{D0C12FBD-78C1-8D24-1411-0989C011FCD0} = {F7B93778-62A6-9905-51D4-E261A0FC69AA}
		{C83200C8-D4CE-4B7E-B0A9-80C781B7E4A1} = {D0C12FBD-78C1-8D24-1411-0989C011FCD0}
		{5208F66B-219F-5A29-9D1D-22DF8402ECA9} = {F7B93778-62A6-9905-51D4-E261A0FC69AA}
		{F54C50FE-BBB7-40C5-BE68-30A1221C19FA} = {5208F66B-219F-5A29-9D1D-22DF8402ECA9}
		{6B5A0510-6FF5-D8F7-B6FB-086AFCD957A0} = {32F74F99-12F7-2DE7-47AF-272233B43EC9}
		{14ABC6F0-1A81-493E-A4DE-FB39D67DF44A} = {6B5A0510-6FF5-D8F7-B6FB-086AFCD957A0}
		{70E545C5-52EB-168C-587E-754576128FDF} = {5D20AA90-6969-D8BD-9DCD-8634F4692FDA}
		{5009DC35-54F8-4924-F87E-7A453788FA01} = {70E545C5-52EB-168C-587E-754576128FDF}
		{5A0415F6-1ED8-34C9-08C2-A62ED35A40C2} = {5009DC35-54F8-4924-F87E-7A453788FA01}
		{9D046CFA-2488-40E7-8CCE-B710ED8EBCB8} = {5A0415F6-1ED8-34C9-08C2-A62ED35A40C2}
		{85ED1011-4F33-F709-130D-C159C49F4735} = {70E545C5-52EB-168C-587E-754576128FDF}
		{9044A4CD-5655-408F-8D1C-AD4F777CF539} = {85ED1011-4F33-F709-130D-C159C49F4735}
		{471BB09D-4CB1-1BF4-A0F9-57A17F862A8D} = {70E545C5-52EB-168C-587E-754576128FDF}
		{0FC22BC0-4856-4356-A577-616FC0B4472F} = {471BB09D-4CB1-1BF4-A0F9-57A17F862A8D}
		{7D200C76-E476-4772-8E17-11E0B9FBC68F} = {5D20AA90-6969-D8BD-9DCD-8634F4692FDA}
		{68A48974-5558-48A1-B893-9241EBE02EA4} = {827E0CD3-B72D-47B6-A68D-7590B98EB39B}
		{80593BD5-ECE9-4EA5-A5F6-3557586F045A} = {827E0CD3-B72D-47B6-A68D-7590B98EB39B}
		{B5A2B44D-F165-46BA-A957-12BD39D1D911} = {827E0CD3-B72D-47B6-A68D-7590B98EB39B}
		{A7CC5D3B-C508-4102-B8D0-3D8119F3699A} = {827E0CD3-B72D-47B6-A68D-7590B98EB39B}
		{7A6AB94F-A49A-443F-B9F9-73353BD37826} = {827E0CD3-B72D-47B6-A68D-7590B98EB39B}
		{A433C4C6-7551-4F1F-940F-D53E37AE36E3} = {827E0CD3-B72D-47B6-A68D-7590B98EB39B}
		{137848F1-1987-4D89-917E-6AA13DC15C29} = {827E0CD3-B72D-47B6-A68D-7590B98EB39B}
		{33012F50-3D6F-47FC-A964-9F940015C1B9} = {827E0CD3-B72D-47B6-A68D-7590B98EB39B}
		{F224D7DA-F0D5-47B9-9C85-56D774455078} = {827E0CD3-B72D-47B6-A68D-7590B98EB39B}
		{9C0549FB-69D8-499A-B1E1-B4A2E65FCB23} = {827E0CD3-B72D-47B6-A68D-7590B98EB39B}
		{82863FCB-2C9B-47D3-99A2-AA2BA57B4A14} = {827E0CD3-B72D-47B6-A68D-7590B98EB39B}
		{B46718D2-D82E-4BD2-B65E-D7EA8EC1654C} = {827E0CD3-B72D-47B6-A68D-7590B98EB39B}
		{43B51C7D-314C-40DE-83ED-220A74E2F3D3} = {827E0CD3-B72D-47B6-A68D-7590B98EB39B}
		{DDBE8889-62FB-4A86-AF25-67F6214E3F69} = {827E0CD3-B72D-47B6-A68D-7590B98EB39B}
		{9C1B055D-B512-4BC3-9DCF-8C3C3F413E58} = {827E0CD3-B72D-47B6-A68D-7590B98EB39B}
		{7B683882-AAEB-483C-9F06-7D9ABC46EAD8} = {827E0CD3-B72D-47B6-A68D-7590B98EB39B}
		{4F85270A-75F6-40DC-A491-648179566422} = {827E0CD3-B72D-47B6-A68D-7590B98EB39B}
		{1FD35FCB-2A4F-4D51-B560-A642B32C2FFB} = {827E0CD3-B72D-47B6-A68D-7590B98EB39B}
		{DF2728E9-75E4-4F67-B495-42DF10EA4A2A} = {0AB3BF05-4346-4AA6-1389-037BE0695223}
		{EA302F09-77B2-48CB-BD8F-BF54431ADAC9} = {0AB3BF05-4346-4AA6-1389-037BE0695223}
		{3DF63C41-39AF-42DE-AAEB-9D62F196CF20} = {0AB3BF05-4346-4AA6-1389-037BE0695223}
		{B87E6977-028C-4F17-ADB8-6AF2D308114C} = {0AB3BF05-4346-4AA6-1389-037BE0695223}
		{CDC78458-BFD9-491E-979A-81D7F1080397} = {0AB3BF05-4346-4AA6-1389-037BE0695223}
		{AAD34526-3C5A-43B2-B3C6-78E3DE35D957} = {0AB3BF05-4346-4AA6-1389-037BE0695223}
		{0D5C2A68-F5F2-4BBB-B41A-796EA249C62C} = {0AB3BF05-4346-4AA6-1389-037BE0695223}
		{37305559-F074-44BF-9661-EA7BE102EFB7} = {0AB3BF05-4346-4AA6-1389-037BE0695223}
		{8B356AFD-E16F-41E4-BB54-313F6FB6F9F6} = {0AB3BF05-4346-4AA6-1389-037BE0695223}
		{B7248776-FA33-491C-A832-6895F2F4D8A5} = {0AB3BF05-4346-4AA6-1389-037BE0695223}
		{E64C2364-1AA8-40AA-9C3B-A5D438C47D12} = {0AB3BF05-4346-4AA6-1389-037BE0695223}
		{23BC341F-FA37-4FEB-A79B-8BEF67FF7A2C} = {0AB3BF05-4346-4AA6-1389-037BE0695223}
		{EBC46044-3576-44E0-9CF4-6C216D68D5C5} = {0AB3BF05-4346-4AA6-1389-037BE0695223}
	EndGlobalSection
EndGlobal
